{
  "version": "5",
  "specifiers": {
    "jsr:@std/assert@1.0.19": "1.0.19",
    "jsr:@std/internal@^1.0.12": "1.0.14",
    "jsr:@systeminit/swamp-testing@0.20260604.20": "0.20260604.20",
    "npm:@aws-sdk/client-sts@3.1101.0": "3.1101.0",
    "npm:@aws-sdk/client-support@3.1101.0": "3.1101.0",
    "npm:@aws-sdk/credential-providers@3.1101.0": "3.1101.0",
    "npm:@marcbachmann/cel-js@7.6.1": "7.6.1",
    "npm:zod@4.4.3": "4.4.3",
    "npm:zod@^4.3.6": "4.4.3"
  },
  "jsr": {
    "@std/assert@1.0.19": {
      "integrity": "eaada96ee120cb980bc47e040f82814d786fe8162ecc53c91d8df60b8755991e",
      "dependencies": [
        "jsr:@std/internal"
      ]
    },
    "@std/internal@1.0.14": {
      "integrity": "291516b3d4c35024d6ffbc0a9df5bf4c64116e05b50012cf846710152d2ffdf7"
    },
    "@systeminit/swamp-testing@0.20260604.20": {
      "integrity": "643f4bbc7752a46e0188e21fea0b2907c2d333a4edfb61e4bd47ffae6286a29a",
      "dependencies": [
        "jsr:@std/assert",
        "npm:@marcbachmann/cel-js",
        "npm:zod@^4.3.6"
      ]
    }
  },
  "npm": {
    "@aws-sdk/client-sts@3.1101.0": {
      "integrity": "sha512-g/xmDwNRsObFM8WnYCvMOYipHRL2B+C18eRw5KzB3wiqF/BtDuscq8lIUVK9sU6bpCIqrDHVuHoUyKNaS9OWkg==",
      "dependencies": [
        "@aws-sdk/core",
        "@aws-sdk/credential-provider-node",
        "@aws-sdk/signature-v4-multi-region",
        "@aws-sdk/types",
        "@smithy/core",
        "@smithy/fetch-http-handler",
        "@smithy/node-http-handler",
        "@smithy/types",
        "tslib"
      ]
    },
    "@aws-sdk/client-support@3.1101.0": {
      "integrity": "sha512-hNRefEnNEY+qLnF2f0p1v9dLOqQjO0MqLk99CDizreh5S+9aF2sFfPHGntqp4SIn9c2UvE9anPnpEHE6Kau/gQ==",
      "dependencies": [
        "@aws-sdk/core",
        "@aws-sdk/credential-provider-node",
        "@aws-sdk/types",
        "@smithy/core",
        "@smithy/fetch-http-handler",
        "@smithy/node-http-handler",
        "@smithy/types",
        "tslib"
      ]
    },
    "@aws-sdk/core@3.977.4": {
      "integrity": "sha512-CEkcQlMOQJCvul60U7wdAOACjtdgFWDsfJI+6wUOGdhGNV2lGbuJpi/R50QLpFG3Tp+sQxa/RmzC3X7KHbhuTA==",
      "dependencies": [
        "@aws-sdk/types",
        "@aws-sdk/xml-builder",
        "@aws/lambda-invoke-store",
        "@smithy/core",
        "@smithy/signature-v4",
        "@smithy/types",
        "bowser",
        "tslib"
      ]
    },
    "@aws-sdk/credential-provider-cognito-identity@3.972.64": {
      "integrity": "sha512-bilBheDT6GKnFkPnovgt1HL5spmnTCntm8w+hO3bmjnlZ8qMhqfQ1RJYPRTNsPlXaCcBXWUtg+zn/NM6WQUXoA==",
      "dependencies": [
        "@aws-sdk/nested-clients",
        "@aws-sdk/types",
        "@smithy/core",
        "@smithy/types",
        "tslib"
      ]
    },
    "@aws-sdk/credential-provider-env@3.972.65": {
      "integrity": "sha512-lJT2aRw9wCV8jPHyFJjdZLD4HTydL6/22AnCSOB8e/LqOc55nEJGLHkJQeSxhn8QiqyjFwPKQFtMw0ovjRUY/g==",
      "dependencies": [
        "@aws-sdk/core",
        "@aws-sdk/types",
        "@smithy/core",
        "@smithy/types",
        "tslib"
      ]
    },
    "@aws-sdk/credential-provider-http@3.972.67": {
      "integrity": "sha512-N7fw/15hSwI/CPxe5ohOyb7O4ge9f5me1gVIn8OIkBRB0squ8OJqQyDyH/HoL+Sb1W5xdC88jVC+bHkw73iu+Q==",
      "dependencies": [
        "@aws-sdk/core",
        "@aws-sdk/types",
        "@smithy/core",
        "@smithy/fetch-http-handler",
        "@smithy/node-http-handler",
        "@smithy/types",
        "tslib"
      ]
    },
    "@aws-sdk/credential-provider-ini@3.973.10": {
      "integrity": "sha512-Zh9XRaPnDN9buO7GfWBubS22R6Nq5D6hbyYEMN05LiOnXugm/8WDjUx6y756bSPbdn3aJB2qG4zFW3bN82QhoQ==",
      "dependencies": [
        "@aws-sdk/core",
        "@aws-sdk/credential-provider-env",
        "@aws-sdk/credential-provider-http",
        "@aws-sdk/credential-provider-login",
        "@aws-sdk/credential-provider-process",
        "@aws-sdk/credential-provider-sso",
        "@aws-sdk/credential-provider-web-identity",
        "@aws-sdk/nested-clients",
        "@aws-sdk/types",
        "@smithy/core",
        "@smithy/credential-provider-imds",
        "@smithy/types",
        "tslib"
      ]
    },
    "@aws-sdk/credential-provider-login@3.972.72": {
      "integrity": "sha512-zZapIKwaHp7TdTf9hbH1I3CVUdEupmt7FXO/BoTQGC+4h6NkXKWpqF2p5WyfpjurDLHCpSyh+BzMlAg8arqWLA==",
      "dependencies": [
        "@aws-sdk/core",
        "@aws-sdk/nested-clients",
        "@aws-sdk/types",
        "@smithy/core",
        "@smithy/types",
        "tslib"
      ]
    },
    "@aws-sdk/credential-provider-node@3.972.76": {
      "integrity": "sha512-1yzLmRiYSgGC25v7ZZEwJn/auhHHTIHgFOmzL2f36hf1+7jSLcX+1QrAz4760WEzPiiQl8xmlpFhHfl2OoyVzA==",
      "dependencies": [
        "@aws-sdk/credential-provider-env",
        "@aws-sdk/credential-provider-http",
        "@aws-sdk/credential-provider-ini",
        "@aws-sdk/credential-provider-process",
        "@aws-sdk/credential-provider-sso",
        "@aws-sdk/credential-provider-web-identity",
        "@aws-sdk/types",
        "@smithy/core",
        "@smithy/credential-provider-imds",
        "@smithy/types",
        "tslib"
      ]
    },
    "@aws-sdk/credential-provider-process@3.972.65": {
      "integrity": "sha512-e5DbbNteOSalN58U83G6kFa4ECLEuGbGqNBHIXE7zYXA/m4GHblIGjFbSH7wYv6gBV8iNSDcRZBKfQZF5vF9nw==",
      "dependencies": [
        "@aws-sdk/core",
        "@aws-sdk/types",
        "@smithy/core",
        "@smithy/types",
        "tslib"
      ]
    },
    "@aws-sdk/credential-provider-sso@3.973.9": {
      "integrity": "sha512-0V0u4t+KBku9fbh5CPCaC5hUWwSzDafp8nCuDy817zWbp2gz80jO44rMQkiwnZ+k54B+tjAtzRy00DJRGTKGBg==",
      "dependencies": [
        "@aws-sdk/core",
        "@aws-sdk/nested-clients",
        "@aws-sdk/token-providers",
        "@aws-sdk/types",
        "@smithy/core",
        "@smithy/types",
        "tslib"
      ]
    },
    "@aws-sdk/credential-provider-web-identity@3.972.71": {
      "integrity": "sha512-e4dwiRltGAaQ+2yxw57Hj0l/BF3BHiG14+QpYE7bGYBlpAq/fkIri2BDhjWon8c0mhhtd2txQBAkQb9BcTStFg==",
      "dependencies": [
        "@aws-sdk/core",
        "@aws-sdk/nested-clients",
        "@aws-sdk/types",
        "@smithy/core",
        "@smithy/types",
        "tslib"
      ]
    },
    "@aws-sdk/credential-providers@3.1101.0": {
      "integrity": "sha512-w19SnW8MMP/tFghHRA6zmKQJar/BVdrFq4leh4doCCMWWIwEsP8F3mP1VnpPXCwmrtUjVoQVxm/4wV/SwhkTrw==",
      "dependencies": [
        "@aws-sdk/core",
        "@aws-sdk/credential-provider-cognito-identity",
        "@aws-sdk/credential-provider-env",
        "@aws-sdk/credential-provider-http",
        "@aws-sdk/credential-provider-ini",
        "@aws-sdk/credential-provider-login",
        "@aws-sdk/credential-provider-node",
        "@aws-sdk/credential-provider-process",
        "@aws-sdk/credential-provider-sso",
        "@aws-sdk/credential-provider-web-identity",
        "@aws-sdk/nested-clients",
        "@aws-sdk/types",
        "@smithy/core",
        "@smithy/credential-provider-imds",
        "@smithy/types",
        "tslib"
      ]
    },
    "@aws-sdk/nested-clients@3.997.39": {
      "integrity": "sha512-wU5NPnj62Sb7A8xn/Zb+xThe05P3otNtDl37iOIi5DDMeCesNeCckaG+eXWGUs12Z9R34I8CD05TaTe6SIa61g==",
      "dependencies": [
        "@aws-sdk/core",
        "@aws-sdk/signature-v4-multi-region",
        "@aws-sdk/types",
        "@smithy/core",
        "@smithy/fetch-http-handler",
        "@smithy/node-http-handler",
        "@smithy/types",
        "tslib"
      ]
    },
    "@aws-sdk/signature-v4-multi-region@3.996.43": {
      "integrity": "sha512-lKekx8bLBXSv4O+cslk9Zfnw2XKSkWBs3uWL5QGhH2ZAQfNS7FE0vcSSN2vD/AhxX54ZTywWxR4STThoeOXlBA==",
      "dependencies": [
        "@aws-sdk/types",
        "@smithy/signature-v4",
        "@smithy/types",
        "tslib"
      ]
    },
    "@aws-sdk/token-providers@3.1100.0": {
      "integrity": "sha512-THf3MkgY3fNJZ3zdgSenLqR7gSE68KccCj1RCKretlG73Ppszvues02VpCUO9NlB/tZDC483FvGCld+AiPCkvg==",
      "dependencies": [
        "@aws-sdk/core",
        "@aws-sdk/nested-clients",
        "@aws-sdk/types",
        "@smithy/core",
        "@smithy/types",
        "tslib"
      ]
    },
    "@aws-sdk/types@3.974.2": {
      "integrity": "sha512-3W6IUtSxFbH6X7Wb7DzGCV5QiFQsd0g8bOfntpmDxQlzBoKWUMBu/JPQR0DwkE+Hpnxd6db1tXbOwdeHddG6cA==",
      "dependencies": [
        "@smithy/types",
        "tslib"
      ]
    },
    "@aws-sdk/xml-builder@3.972.37": {
      "integrity": "sha512-zKq4HQum8JwDyEuyfuI4bbiAcU0KxP6qy+9PR/IsR92IyE/DaBAikzAS50tjxip4bqIIANpCcG+Yyj6CVhXupg==",
      "dependencies": [
        "@smithy/types",
        "tslib"
      ]
    },
    "@aws/lambda-invoke-store@0.3.0": {
      "integrity": "sha512-sl4Bm6yiMNYrZKkqqDFWN0UfnWhlS8ivKxrYl+6t0gCLrqr8y3B2IqZZbFRkfaVVp7C/baApyh71P+LeE1A2sQ=="
    },
    "@marcbachmann/cel-js@7.6.1": {
      "integrity": "sha512-YyY8yiDU07ByKb2rJUoNgMAkYeeDvkdrONBREV2MP9siAW7yNft0KfbIoonWTIMY0fGtv8og0EhzKx3Xsi1Nmg==",
      "bin": true
    },
    "@smithy/core@3.31.1": {
      "integrity": "sha512-CyogUINxvi7C7LDsh8Syo6hVJOT9ckz4rG8dRZfTJ8r91HkMY59PnNooaj7WcHyxEkxPfBAmbgztZU+xTo76lg==",
      "dependencies": [
        "@smithy/types",
        "tslib"
      ]
    },
    "@smithy/credential-provider-imds@4.4.16": {
      "integrity": "sha512-QfuLWAkLzptffFW980AFeHZFdqds2B64rpEd3uJ6lgs3xVn9QegGMUgUcj+4d7dRrAsya3r58ZKpku97WcFb4w==",
      "dependencies": [
        "@smithy/core",
        "@smithy/types",
        "tslib"
      ]
    },
    "@smithy/fetch-http-handler@5.6.13": {
      "integrity": "sha512-4fW86pEUOMbrD5nkbyl/tTvPHHWJFbuB2odl6ps9lWfHoXf9HWh3Q/Smh59qH1g7+c/BSZghX6bbUk4gsiMs8A==",
      "dependencies": [
        "@smithy/core",
        "@smithy/types",
        "tslib"
      ]
    },
    "@smithy/node-http-handler@4.9.13": {
      "integrity": "sha512-Nmd/Nl35zfYrd+a6OO2cDJb3GPh9bgTjIUhcM+JFfjpp8/osCgboDV5nCT1I01Pv6R13eSKDKLSoVa5ZB6Zsfw==",
      "dependencies": [
        "@smithy/core",
        "@smithy/types",
        "tslib"
      ]
    },
    "@smithy/signature-v4@5.6.12": {
      "integrity": "sha512-I6KLtq3H0qqSuV9vLglfi8puHqzygzWHOnI4z/Rdoo+q50vvo18vBRdPAvvEtcaKROz7Zn6qnPa14kRfPH6PcQ==",
      "dependencies": [
        "@smithy/core",
        "@smithy/types",
        "tslib"
      ]
    },
    "@smithy/types@4.16.1": {
      "integrity": "sha512-0JFs3V2y2M9tKW5na/qxe69Zv+uxLMO7QBbhxF/FHu/Gp2NFZAAL9tWl9PU02xxo07pb3G9FTyjNc6D5uZrJIg==",
      "dependencies": [
        "tslib"
      ]
    },
    "bowser@2.14.1": {
      "integrity": "sha512-tzPjzCxygAKWFOJP011oxFHs57HzIhOEracIgAePE4pqB3LikALKnSzUyU4MGs9/iCEUuHlAJTjTc5M+u7YEGg=="
    },
    "tslib@2.8.1": {
      "integrity": "sha512-oJFu94HQb+KVduSUQL7wnpmqnfmLsOA/nAh6b6EH0wCEoK0/mPeXU6c3wKDV83MkOuHPRHtSXKKU99IBazS/2w=="
    },
    "zod@4.4.3": {
      "integrity": "sha512-ytENFjIJFl2UwYglde2jchW2Hwm4GJFLDiSXWdTrJQBIN9Fcyp7n4DhxJEiWNAJMV1/BqWfW/kkg71UDcHJyTQ=="
    }
  },
  "workspace": {
    "dependencies": [
      "jsr:@systeminit/swamp-testing@0.20260604.20"
    ]
  }
}
