{
  "version": "5",
  "specifiers": {
    "jsr:@std/assert@1": "1.0.19",
    "jsr:@std/assert@1.0.19": "1.0.19",
    "jsr:@std/internal@^1.0.12": "1.0.12",
    "jsr:@systeminit/swamp-testing@0.20260504.10": "0.20260504.10",
    "npm:@aws-sdk/client-cloudwatch@3.1010.0": "3.1010.0",
    "npm:@aws-sdk/client-cloudwatch@3.1069.0": "3.1069.0",
    "npm:@aws-sdk/client-cloudwatch@3.1090.0": "3.1090.0",
    "npm:@aws-sdk/credential-providers@3.1010.0": "3.1010.0",
    "npm:@aws-sdk/credential-providers@3.1069.0": "3.1069.0",
    "npm:@aws-sdk/credential-providers@3.1090.0": "3.1090.0",
    "npm:zod@4.3.6": "4.3.6",
    "npm:zod@4.4.3": "4.4.3",
    "npm:zod@^4.3.6": "4.4.3"
  },
  "jsr": {
    "@std/assert@1.0.19": {
      "integrity": "eaada96ee120cb980bc47e040f82814d786fe8162ecc53c91d8df60b8755991e",
      "dependencies": [
        "jsr:@std/internal"
      ]
    },
    "@std/internal@1.0.12": {
      "integrity": "972a634fd5bc34b242024402972cd5143eac68d8dffaca5eaa4dba30ce17b027"
    },
    "@systeminit/swamp-testing@0.20260504.10": {
      "integrity": "f7047edc8089811bdd2c91bf30d7f203bb5bc4b84c4d227a79c29c7910ed655a",
      "dependencies": [
        "jsr:@std/assert@1.0.19",
        "npm:zod@^4.3.6"
      ]
    }
  },
  "npm": {
    "@aws-crypto/sha256-browser@5.2.0": {
      "integrity": "sha512-AXfN/lGotSQwu6HNcEsIASo7kWXZ5HYWvfOmSNKDsEqC4OashTp8alTmaz+F7TC2L083SFv5RdB+qU3Vs1kZqw==",
      "dependencies": [
        "@aws-crypto/sha256-js",
        "@aws-crypto/supports-web-crypto",
        "@aws-crypto/util",
        "@aws-sdk/types",
        "@aws-sdk/util-locate-window",
        "@smithy/util-utf8@2.3.0",
        "tslib"
      ]
    },
    "@aws-crypto/sha256-js@5.2.0": {
      "integrity": "sha512-FFQQyu7edu4ufvIZ+OadFpHHOt+eSTBaYaki44c+akjg7qZg9oOQeLlk77F6tSYqjDAFClrHJk9tMf0HdVyOvA==",
      "dependencies": [
        "@aws-crypto/util",
        "@aws-sdk/types",
        "tslib"
      ]
    },
    "@aws-crypto/supports-web-crypto@5.2.0": {
      "integrity": "sha512-iAvUotm021kM33eCdNfwIN//F77/IADDSs58i+MDaOqFrVjZo9bAal0NK7HurRuWLLpF1iLX7gbWrjHjeo+YFg==",
      "dependencies": [
        "tslib"
      ]
    },
    "@aws-crypto/util@5.2.0": {
      "integrity": "sha512-4RkU9EsI6ZpBve5fseQlGNUWKMa1RLPQ1dnjnQoe07ldfIzcsGb5hC5W0Dm7u423KWzawlrpbjXBrXCEv9zazQ==",
      "dependencies": [
        "@aws-sdk/types",
        "@smithy/util-utf8@2.3.0",
        "tslib"
      ]
    },
    "@aws-sdk/client-cloudwatch@3.1010.0": {
      "integrity": "sha512-bRIfpd9prV4S1vBW1eft54kZ/XEE/TmLNiBkYeJDHOdOk/O1ZMFC4zbpCMGSgJoF7UXag8wvk/cQTOi0O5Wi7w==",
      "dependencies": [
        "@aws-crypto/sha256-browser",
        "@aws-crypto/sha256-js",
        "@aws-sdk/core",
        "@aws-sdk/credential-provider-node",
        "@aws-sdk/middleware-host-header",
        "@aws-sdk/middleware-logger",
        "@aws-sdk/middleware-recursion-detection",
        "@aws-sdk/middleware-user-agent",
        "@aws-sdk/region-config-resolver",
        "@aws-sdk/types",
        "@aws-sdk/util-endpoints",
        "@aws-sdk/util-user-agent-browser",
        "@aws-sdk/util-user-agent-node",
        "@smithy/config-resolver",
        "@smithy/core",
        "@smithy/fetch-http-handler",
        "@smithy/hash-node",
        "@smithy/invalid-dependency",
        "@smithy/middleware-compression",
        "@smithy/middleware-content-length",
        "@smithy/middleware-endpoint",
        "@smithy/middleware-retry",
        "@smithy/middleware-serde",
        "@smithy/middleware-stack",
        "@smithy/node-config-provider",
        "@smithy/node-http-handler",
        "@smithy/protocol-http",
        "@smithy/smithy-client",
        "@smithy/types",
        "@smithy/url-parser",
        "@smithy/util-base64",
        "@smithy/util-body-length-browser",
        "@smithy/util-body-length-node",
        "@smithy/util-defaults-mode-browser",
        "@smithy/util-defaults-mode-node",
        "@smithy/util-endpoints",
        "@smithy/util-middleware",
        "@smithy/util-retry",
        "@smithy/util-utf8@4.3.1",
        "@smithy/util-waiter",
        "tslib"
      ]
    },
    "@aws-sdk/client-cloudwatch@3.1069.0": {
      "integrity": "sha512-pwzBuWCH0FHPcjkLuTG20CAknFGnUj1qhQ6fhhBltggTc3weVtKI465uyAwC/Ii4Tn+BLZQY8Iu1/yPz77a/2g==",
      "dependencies": [
        "@aws-crypto/sha256-browser",
        "@aws-crypto/sha256-js",
        "@aws-sdk/core",
        "@aws-sdk/credential-provider-node",
        "@aws-sdk/types",
        "@smithy/core",
        "@smithy/fetch-http-handler",
        "@smithy/middleware-compression",
        "@smithy/node-http-handler",
        "@smithy/types",
        "tslib"
      ]
    },
    "@aws-sdk/client-cloudwatch@3.1090.0": {
      "integrity": "sha512-VFVOCrpI6Wp8KfiVo6LNkL0VJhiyPL8ePr6qyvO2e+TsoqilygCTbkl7VWXK5eoDO4xBu6jetD9hFmmUyFgRug==",
      "dependencies": [
        "@aws-sdk/core",
        "@aws-sdk/credential-provider-node",
        "@aws-sdk/types",
        "@smithy/core",
        "@smithy/fetch-http-handler",
        "@smithy/middleware-compression",
        "@smithy/node-http-handler",
        "@smithy/types",
        "tslib"
      ]
    },
    "@aws-sdk/client-cognito-identity@3.1010.0": {
      "integrity": "sha512-VEh7D8MPQbb2XAc2Liq9n4t9CdTvpcx3YIWL+QL6HlD1tUnNqlITSWxyeVMr05uBJOYnA5afowyxr1pbe7V8SA==",
      "dependencies": [
        "@aws-crypto/sha256-browser",
        "@aws-crypto/sha256-js",
        "@aws-sdk/core",
        "@aws-sdk/credential-provider-node",
        "@aws-sdk/middleware-host-header",
        "@aws-sdk/middleware-logger",
        "@aws-sdk/middleware-recursion-detection",
        "@aws-sdk/middleware-user-agent",
        "@aws-sdk/region-config-resolver",
        "@aws-sdk/types",
        "@aws-sdk/util-endpoints",
        "@aws-sdk/util-user-agent-browser",
        "@aws-sdk/util-user-agent-node",
        "@smithy/config-resolver",
        "@smithy/core",
        "@smithy/fetch-http-handler",
        "@smithy/hash-node",
        "@smithy/invalid-dependency",
        "@smithy/middleware-content-length",
        "@smithy/middleware-endpoint",
        "@smithy/middleware-retry",
        "@smithy/middleware-serde",
        "@smithy/middleware-stack",
        "@smithy/node-config-provider",
        "@smithy/node-http-handler",
        "@smithy/protocol-http",
        "@smithy/smithy-client",
        "@smithy/types",
        "@smithy/url-parser",
        "@smithy/util-base64",
        "@smithy/util-body-length-browser",
        "@smithy/util-body-length-node",
        "@smithy/util-defaults-mode-browser",
        "@smithy/util-defaults-mode-node",
        "@smithy/util-endpoints",
        "@smithy/util-middleware",
        "@smithy/util-retry",
        "@smithy/util-utf8@4.3.1",
        "tslib"
      ]
    },
    "@aws-sdk/client-cognito-identity@3.1069.0": {
      "integrity": "sha512-2otjCOXhvw3ZbV8JGHn+4ztdn8J5DJ/nvP3ZIIBANPD69BU+5RhJnSbA+tPk3S7LJpEep6DJHWQ8ZJn40tCixg==",
      "dependencies": [
        "@aws-crypto/sha256-browser",
        "@aws-crypto/sha256-js",
        "@aws-sdk/core",
        "@aws-sdk/credential-provider-node",
        "@aws-sdk/types",
        "@smithy/core",
        "@smithy/fetch-http-handler",
        "@smithy/node-http-handler",
        "@smithy/types",
        "tslib"
      ]
    },
    "@aws-sdk/core@3.975.3": {
      "integrity": "sha512-7ur3kCKuvPLqlsZ2XlvnNBVQ7KkpSu6Y6dOTwSPHLrFpTEfZM8isLBJc4cgv96WB7GifeVM436mpycwxBd2vEA==",
      "dependencies": [
        "@aws-sdk/types",
        "@aws-sdk/xml-builder",
        "@aws/lambda-invoke-store@0.3.0",
        "@smithy/core",
        "@smithy/signature-v4",
        "@smithy/types",
        "bowser",
        "tslib"
      ]
    },
    "@aws-sdk/credential-provider-cognito-identity@3.972.58": {
      "integrity": "sha512-s5uoABv5eOzuH/S+XngHjHSrY8mK0UTBUFs8pm1ynBNuxXmYp176zarDyxN9lUS3Rry0wjzNvJUV09QROaO98g==",
      "dependencies": [
        "@aws-sdk/nested-clients",
        "@aws-sdk/types",
        "@smithy/core",
        "@smithy/types",
        "tslib"
      ]
    },
    "@aws-sdk/credential-provider-env@3.972.59": {
      "integrity": "sha512-Ny5e4Mfh3QPmiAc0AiUe+cbTXDlxkU3Rc+EpWOfyWeWEy6yp7Fa1KmfNeCc+1a8by9zQ9gtohmiQUkMPScF3ng==",
      "dependencies": [
        "@aws-sdk/core",
        "@aws-sdk/types",
        "@smithy/core",
        "@smithy/types",
        "tslib"
      ]
    },
    "@aws-sdk/credential-provider-http@3.972.61": {
      "integrity": "sha512-8jAjgStl5Ytq4+HF3X/9f+EmRinaRbGRRtQGktlPfBRVx73H+R1y48vIeXerQtYGFaUqkEp3fT6jP854rVO2yQ==",
      "dependencies": [
        "@aws-sdk/core",
        "@aws-sdk/types",
        "@smithy/core",
        "@smithy/fetch-http-handler",
        "@smithy/node-http-handler",
        "@smithy/types",
        "tslib"
      ]
    },
    "@aws-sdk/credential-provider-ini@3.973.4": {
      "integrity": "sha512-e6ZvVsj90aRALf1kHP+J4iqC1496ZpVgqI/+u0LJ5HL7q7ATauGy4gdDvRCP13L1pN/fMiZLah162PGIYkbUVQ==",
      "dependencies": [
        "@aws-sdk/core",
        "@aws-sdk/credential-provider-env",
        "@aws-sdk/credential-provider-http",
        "@aws-sdk/credential-provider-login",
        "@aws-sdk/credential-provider-process",
        "@aws-sdk/credential-provider-sso",
        "@aws-sdk/credential-provider-web-identity",
        "@aws-sdk/nested-clients",
        "@aws-sdk/types",
        "@smithy/core",
        "@smithy/credential-provider-imds",
        "@smithy/types",
        "tslib"
      ]
    },
    "@aws-sdk/credential-provider-login@3.972.66": {
      "integrity": "sha512-g2fsqm87r/nKthLZ0VkkDBElkGg0PvSa8d97HQ6EilMbJTZ6hxa8FxkSZyJfgPfFdZn0TTmkOffQmTSUcAHIng==",
      "dependencies": [
        "@aws-sdk/core",
        "@aws-sdk/nested-clients",
        "@aws-sdk/types",
        "@smithy/core",
        "@smithy/types",
        "tslib"
      ]
    },
    "@aws-sdk/credential-provider-node@3.972.70": {
      "integrity": "sha512-3xzvkGdykBunxqh8WudmUpSyLWvIhfI6aBQo1b5rb3mDO5mNLadK+0hiI0qBQBMVynJbfLO+Ajy9dztMwy9O8w==",
      "dependencies": [
        "@aws-sdk/credential-provider-env",
        "@aws-sdk/credential-provider-http",
        "@aws-sdk/credential-provider-ini",
        "@aws-sdk/credential-provider-process",
        "@aws-sdk/credential-provider-sso",
        "@aws-sdk/credential-provider-web-identity",
        "@aws-sdk/types",
        "@smithy/core",
        "@smithy/credential-provider-imds",
        "@smithy/types",
        "tslib"
      ]
    },
    "@aws-sdk/credential-provider-process@3.972.59": {
      "integrity": "sha512-DlZF2/MhLlatDdlrIy3CUCpfdbLrKx+3SMjVo+WyHnPpwzkc/M3vwAHw4OVJf7DMvO+4vfRqSCMc/E9I1auN0g==",
      "dependencies": [
        "@aws-sdk/core",
        "@aws-sdk/types",
        "@smithy/core",
        "@smithy/types",
        "tslib"
      ]
    },
    "@aws-sdk/credential-provider-sso@3.973.3": {
      "integrity": "sha512-hmdDHoy2G5Es2e8IgelNMYUuSQI6uCIAKZMJ2u2PdKDhxvbk1uWD/g4+R7R5c/tJfKEB1+KjjWiaoCr/S+ZTiQ==",
      "dependencies": [
        "@aws-sdk/core",
        "@aws-sdk/nested-clients",
        "@aws-sdk/token-providers",
        "@aws-sdk/types",
        "@smithy/core",
        "@smithy/types",
        "tslib"
      ]
    },
    "@aws-sdk/credential-provider-web-identity@3.972.65": {
      "integrity": "sha512-gHQb/Kt0chjk/JQDa/GJDqmAvEuVn8n7z10wK2h0LFM9TUDRkohgOO4aEF+s2sBLM0br7Cl5W6P7phgjrrJvLQ==",
      "dependencies": [
        "@aws-sdk/core",
        "@aws-sdk/nested-clients",
        "@aws-sdk/types",
        "@smithy/core",
        "@smithy/types",
        "tslib"
      ]
    },
    "@aws-sdk/credential-providers@3.1010.0": {
      "integrity": "sha512-6TTaCoOOyFSBIDHPBPG8jLYa9xr2+hirtf5yu4ERvk9/luoRfrfE+frHVlpq7Fb7uV619/COMg5xmN39LrXvaA==",
      "dependencies": [
        "@aws-sdk/client-cognito-identity@3.1010.0",
        "@aws-sdk/core",
        "@aws-sdk/credential-provider-cognito-identity",
        "@aws-sdk/credential-provider-env",
        "@aws-sdk/credential-provider-http",
        "@aws-sdk/credential-provider-ini",
        "@aws-sdk/credential-provider-login",
        "@aws-sdk/credential-provider-node",
        "@aws-sdk/credential-provider-process",
        "@aws-sdk/credential-provider-sso",
        "@aws-sdk/credential-provider-web-identity",
        "@aws-sdk/nested-clients",
        "@aws-sdk/types",
        "@smithy/config-resolver",
        "@smithy/core",
        "@smithy/credential-provider-imds",
        "@smithy/node-config-provider",
        "@smithy/property-provider",
        "@smithy/types",
        "tslib"
      ]
    },
    "@aws-sdk/credential-providers@3.1069.0": {
      "integrity": "sha512-9emJtp/7OMOhfK2aIk0MdAfCF5v/2ERU3ZriVxAmZXIsoXtq5zmkZumN45/guHk15ZJ9XleKvgI0Ug+sXPZ9GA==",
      "dependencies": [
        "@aws-sdk/client-cognito-identity@3.1069.0",
        "@aws-sdk/core",
        "@aws-sdk/credential-provider-cognito-identity",
        "@aws-sdk/credential-provider-env",
        "@aws-sdk/credential-provider-http",
        "@aws-sdk/credential-provider-ini",
        "@aws-sdk/credential-provider-login",
        "@aws-sdk/credential-provider-node",
        "@aws-sdk/credential-provider-process",
        "@aws-sdk/credential-provider-sso",
        "@aws-sdk/credential-provider-web-identity",
        "@aws-sdk/nested-clients",
        "@aws-sdk/types",
        "@smithy/core",
        "@smithy/credential-provider-imds",
        "@smithy/types",
        "tslib"
      ]
    },
    "@aws-sdk/credential-providers@3.1090.0": {
      "integrity": "sha512-HEfLv6RdiFu8+HO5CUQjjQ/KCWWAHcQCtSPenaF26lYQSjjzKjgvjwAMGBV9/VMrO8V0faIRyoFWhF548UjTOg==",
      "dependencies": [
        "@aws-sdk/core",
        "@aws-sdk/credential-provider-cognito-identity",
        "@aws-sdk/credential-provider-env",
        "@aws-sdk/credential-provider-http",
        "@aws-sdk/credential-provider-ini",
        "@aws-sdk/credential-provider-login",
        "@aws-sdk/credential-provider-node",
        "@aws-sdk/credential-provider-process",
        "@aws-sdk/credential-provider-sso",
        "@aws-sdk/credential-provider-web-identity",
        "@aws-sdk/nested-clients",
        "@aws-sdk/types",
        "@smithy/core",
        "@smithy/credential-provider-imds",
        "@smithy/types",
        "tslib"
      ]
    },
    "@aws-sdk/middleware-host-header@3.972.10": {
      "integrity": "sha512-IJSsIMeVQ8MMCPbuh1AbltkFhLBLXn7aejzfX5YKT/VLDHn++Dcz8886tXckE+wQssyPUhaXrJhdakO2VilRhg==",
      "dependencies": [
        "@aws-sdk/types",
        "@smithy/protocol-http",
        "@smithy/types",
        "tslib"
      ]
    },
    "@aws-sdk/middleware-logger@3.972.10": {
      "integrity": "sha512-OOuGvvz1Dm20SjZo5oEBePFqxt5nf8AwkNDSyUHvD9/bfNASmstcYxFAHUowy4n6Io7mWUZ04JURZwSBvyQanQ==",
      "dependencies": [
        "@aws-sdk/types",
        "@smithy/types",
        "tslib"
      ]
    },
    "@aws-sdk/middleware-recursion-detection@3.972.11": {
      "integrity": "sha512-+zz6f79Kj9V5qFK2P+D8Ehjnw4AhphAlCAsPjUqEcInA9umtSSKMrHbSagEeOIsDNuvVrH98bjRHcyQukTrhaQ==",
      "dependencies": [
        "@aws-sdk/types",
        "@aws/lambda-invoke-store@0.2.4",
        "@smithy/protocol-http",
        "@smithy/types",
        "tslib"
      ]
    },
    "@aws-sdk/middleware-user-agent@3.972.38": {
      "integrity": "sha512-iz+B29TXcAZsJpwB+AwG/TTGA5l/VnmMZ2UxtiySOZjI6gCdmviXPwdgzcmuazMy16rXoPY4mYCGe7zdNKfx5A==",
      "dependencies": [
        "@aws-sdk/core",
        "@aws-sdk/types",
        "@aws-sdk/util-endpoints",
        "@smithy/core",
        "@smithy/protocol-http",
        "@smithy/types",
        "@smithy/util-retry",
        "tslib"
      ]
    },
    "@aws-sdk/nested-clients@3.997.33": {
      "integrity": "sha512-dVZOroI/r3/ENvqNGgjMPul+jjlz9GddfVusgTXlVjfZj5isibOxecLkGQbRPp8XOuX+RAfjXLFgPkD1JS5xrw==",
      "dependencies": [
        "@aws-sdk/core",
        "@aws-sdk/signature-v4-multi-region",
        "@aws-sdk/types",
        "@smithy/core",
        "@smithy/fetch-http-handler",
        "@smithy/node-http-handler",
        "@smithy/types",
        "tslib"
      ]
    },
    "@aws-sdk/region-config-resolver@3.972.13": {
      "integrity": "sha512-CvJ2ZIjK/jVD/lbOpowBVElJyC1YxLTIJ13yM0AEo0t2v7swOzGjSA6lJGH+DwZXQhcjUjoYwc8bVYCX5MDr1A==",
      "dependencies": [
        "@aws-sdk/types",
        "@smithy/config-resolver",
        "@smithy/node-config-provider",
        "@smithy/types",
        "tslib"
      ]
    },
    "@aws-sdk/signature-v4-multi-region@3.996.41": {
      "integrity": "sha512-QMUytg+FQMGouc8gHS00KoYih3+N6cqmVI/pQGOIo7Nr7OpQaiXjSYOuL+vsPZ1tymY4LAQ8MYcHJmws5LRxng==",
      "dependencies": [
        "@aws-sdk/types",
        "@smithy/signature-v4",
        "@smithy/types",
        "tslib"
      ]
    },
    "@aws-sdk/token-providers@3.1088.0": {
      "integrity": "sha512-4ObatWt2qpJg5FBk4LOOKrTQYzaqeewAtdO3r9ZO8lH9YqLtpTzLyIdy0mJ+nVdfYOnqISkKNfmzP22bNDhwyw==",
      "dependencies": [
        "@aws-sdk/core",
        "@aws-sdk/nested-clients",
        "@aws-sdk/types",
        "@smithy/core",
        "@smithy/types",
        "tslib"
      ]
    },
    "@aws-sdk/types@3.974.2": {
      "integrity": "sha512-3W6IUtSxFbH6X7Wb7DzGCV5QiFQsd0g8bOfntpmDxQlzBoKWUMBu/JPQR0DwkE+Hpnxd6db1tXbOwdeHddG6cA==",
      "dependencies": [
        "@smithy/types",
        "tslib"
      ]
    },
    "@aws-sdk/util-endpoints@3.996.8": {
      "integrity": "sha512-oOZHcRDihk5iEe5V25NVWg45b3qEA8OpHWVdU/XQh8Zj4heVPAJqWvMphQnU7LkufmUo10EpvFPZuQMiFLJK3g==",
      "dependencies": [
        "@aws-sdk/types",
        "@smithy/types",
        "@smithy/url-parser",
        "@smithy/util-endpoints",
        "tslib"
      ]
    },
    "@aws-sdk/util-locate-window@3.965.5": {
      "integrity": "sha512-WhlJNNINQB+9qtLtZJcpQdgZw3SCDCpXdUJP7cToGwHbCWCnRckGlc6Bx/OhWwIYFNAn+FIydY8SZ0QmVu3xTQ==",
      "dependencies": [
        "tslib"
      ]
    },
    "@aws-sdk/util-user-agent-browser@3.972.10": {
      "integrity": "sha512-FAzqXvfEssGdSIz8ejatan0bOdx1qefBWKF/gWmVBXIP1HkS7v/wjjaqrAGGKvyihrXTXW00/2/1nTJtxpXz7g==",
      "dependencies": [
        "@aws-sdk/types",
        "@smithy/types",
        "bowser",
        "tslib"
      ]
    },
    "@aws-sdk/util-user-agent-node@3.973.24": {
      "integrity": "sha512-ZWwlkjcIp7cEL8ZfTpTAPNkwx25p7xol0xlKoWVVf22+nsjwmLcHYtTPjIV1cSpmB/b6DaK4cb1fSkvCXHgRdw==",
      "dependencies": [
        "@aws-sdk/middleware-user-agent",
        "@aws-sdk/types",
        "@smithy/node-config-provider",
        "@smithy/types",
        "@smithy/util-config-provider",
        "tslib"
      ]
    },
    "@aws-sdk/xml-builder@3.972.36": {
      "integrity": "sha512-RdGmS1GLrtaTOLE1ElSluMldNrpk9Emq6uYs8SS8iHlu5xTAmM9rRkM91o48+rIRryBtyO9t+uLYCoMG6jVMVA==",
      "dependencies": [
        "@smithy/types",
        "tslib"
      ]
    },
    "@aws/lambda-invoke-store@0.2.4": {
      "integrity": "sha512-iY8yvjE0y651BixKNPgmv1WrQc+GZ142sb0z4gYnChDDY2YqI4P/jsSopBWrKfAt7LOJAkOXt7rC/hms+WclQQ=="
    },
    "@aws/lambda-invoke-store@0.3.0": {
      "integrity": "sha512-sl4Bm6yiMNYrZKkqqDFWN0UfnWhlS8ivKxrYl+6t0gCLrqr8y3B2IqZZbFRkfaVVp7C/baApyh71P+LeE1A2sQ=="
    },
    "@smithy/config-resolver@4.5.1": {
      "integrity": "sha512-abXk3LhODsvRHsk0ZS9ztrg/fZatTa9Z/z4pgx65YSLR+rY6kvUG/1IgcDKEUciR8MfdnkT5oPeHJTy/HhzDIQ==",
      "dependencies": [
        "@smithy/core",
        "tslib"
      ]
    },
    "@smithy/core@3.29.5": {
      "integrity": "sha512-i0dk2t5B+CwV/dcJdUHILYkOQF5lof8f44dFCfDWToGCxjT9YQ+CgHqTAvJxzc3+zqQwm2QtVoJ5IqiNar/CnQ==",
      "dependencies": [
        "@smithy/types",
        "tslib"
      ]
    },
    "@smithy/credential-provider-imds@4.4.10": {
      "integrity": "sha512-MJenAe4OKRZUo1LdYYFDCsSHxaHvInIU/z52GsheO9vl1/VSySVCr0zkyKD6TFiGkSUaWGxvKZ/70OvgUZR5HQ==",
      "dependencies": [
        "@smithy/core",
        "@smithy/types",
        "tslib"
      ]
    },
    "@smithy/fetch-http-handler@5.6.7": {
      "integrity": "sha512-3zpg8yqqyXzoK2TsRDdkqVOj2RDBFfLXwCczOZ5c7TWB4eiaebfSCsbMjDPYB3PJ9ihV62QaeadZ+wLadZtNGA==",
      "dependencies": [
        "@smithy/core",
        "@smithy/types",
        "tslib"
      ]
    },
    "@smithy/hash-node@4.3.1": {
      "integrity": "sha512-u0/zo11mg7yNneoYgTkH4sXwSmcBpbl49o4UNCtQ7hYsXxynsN25KYHmXzqi7TPk5HQL5klGnpU5koOY0O+9hw==",
      "dependencies": [
        "@smithy/core",
        "tslib"
      ]
    },
    "@smithy/invalid-dependency@4.3.1": {
      "integrity": "sha512-cLmwtDoulyZvRepAfyV+3rx5oMvuh51dbE+6En3vGC09j3uVSRt1U4oguNu32ub3soGX0oYtBs8E7S2Q4SxTqg==",
      "dependencies": [
        "@smithy/core",
        "tslib"
      ]
    },
    "@smithy/is-array-buffer@2.2.0": {
      "integrity": "sha512-GGP3O9QFD24uGeAXYUjwSTXARoqpZykHadOmA8G5vfJPK0/DC67qa//0qvqrJzL1xc8WQWX7/yc7fwudjPHPhA==",
      "dependencies": [
        "tslib"
      ]
    },
    "@smithy/middleware-compression@4.5.10": {
      "integrity": "sha512-D9UBcDP7mSKryhh7RiMiJ2LMkFBXd+8il2M1FTvZtbZ5aTT8yT7irIevNGI1r3G1E89Yll0Vy4jsq1dnWEF21A==",
      "dependencies": [
        "@smithy/core",
        "@smithy/types",
        "fflate",
        "tslib"
      ]
    },
    "@smithy/middleware-content-length@4.3.1": {
      "integrity": "sha512-l4BUIP+wljW/Ar+0/QcGdmElI9lalrywfzNijXMBG34Z510FRzPyrDLx/blNTZOAm0C4Mvx5t/bf760CZo1ajg==",
      "dependencies": [
        "@smithy/core",
        "tslib"
      ]
    },
    "@smithy/middleware-endpoint@4.5.1": {
      "integrity": "sha512-qtqu5TS+8Y18ZDkJoiXN5AMW1G4JAg1+xytzpsUvIR5a4EUsgd5HQg12lekEHWpm2TDUmOgg+hBaHK7dvyWdkA==",
      "dependencies": [
        "@smithy/core",
        "tslib"
      ]
    },
    "@smithy/middleware-retry@4.6.1": {
      "integrity": "sha512-eTaQhxs0rfUuAkL2MSKrH8DTO7YCeAgrdN0B2/RAeuHmXQ+x52dk5qUBsi/jtcqe5LxItgq5AG5tI6Cp8c0sow==",
      "dependencies": [
        "@smithy/core",
        "tslib"
      ]
    },
    "@smithy/middleware-serde@4.3.1": {
      "integrity": "sha512-t7YtUe076zWVypVmy1rX91oKi2TFJCkpfFpfMhJFpEIRPP0iL9JxjeSyFQ+1bF45JUfDzOzslUJa150WcSrBug==",
      "dependencies": [
        "@smithy/core",
        "tslib"
      ]
    },
    "@smithy/middleware-stack@4.3.1": {
      "integrity": "sha512-1jKwiKZxCMQNqmp4uVPYA6r+MLGjEtH07gnOUdPgbnjuOIrl/0JY/ICdpQtFgeBsQ/Up01gnSv8GYEL0fb8yvg==",
      "dependencies": [
        "@smithy/core",
        "tslib"
      ]
    },
    "@smithy/node-config-provider@4.4.1": {
      "integrity": "sha512-q7tDJEJXcaSG/8TVpu2f2l9bzxTzDM9geWmltbzsY6Hfh3yiuXXTpLIO8+zwYASPPVFaTJpdKwjSSjdoDoccgw==",
      "dependencies": [
        "@smithy/core",
        "tslib"
      ]
    },
    "@smithy/node-http-handler@4.9.7": {
      "integrity": "sha512-wCU8HCLjAtAVqxxe0j2xff9LcEPw3yjBbg5IdQDIYFnxnPxbxcSLc7rgex7kqm9L/WYOnJEgaWQlfDkZleozMA==",
      "dependencies": [
        "@smithy/core",
        "@smithy/types",
        "tslib"
      ]
    },
    "@smithy/property-provider@4.3.1": {
      "integrity": "sha512-3NHoqVBhzpY2b4YBx9AqyKC4C8nnEjl5FyKuxrCjvnjinG0ODj+yg1xX360nNahT6wghYjSw1SooCt3kIdnqIA==",
      "dependencies": [
        "@smithy/core",
        "tslib"
      ]
    },
    "@smithy/protocol-http@5.4.1": {
      "integrity": "sha512-8irPNCQgYxcSFp1aGcnDNFkTwSA+xPUaFq9V/v1+JXWu8sKr5b3cFmg2kBTkjkvypDmGeNffuNu0x5iqw1NoAw==",
      "dependencies": [
        "@smithy/core",
        "tslib"
      ]
    },
    "@smithy/signature-v4@5.6.6": {
      "integrity": "sha512-efP6DN3UTFrzIsGO42/xcabv8jU7+9nwEdphFUH7yL0k010ERyAWaO41KFQIDLcFZLZ8xzIQr4wplFxNzslSGQ==",
      "dependencies": [
        "@smithy/core",
        "@smithy/types",
        "tslib"
      ]
    },
    "@smithy/smithy-client@4.13.1": {
      "integrity": "sha512-IcznNM8Qd9u1X3oflp12tkzyOB4HbT+sfYWlWiyEysgNzSHoWcHUUsTT4y1jjDjtVuuVVQbYks+g1kVd7u1eGQ==",
      "dependencies": [
        "@smithy/core",
        "@smithy/types",
        "tslib"
      ]
    },
    "@smithy/types@4.16.1": {
      "integrity": "sha512-0JFs3V2y2M9tKW5na/qxe69Zv+uxLMO7QBbhxF/FHu/Gp2NFZAAL9tWl9PU02xxo07pb3G9FTyjNc6D5uZrJIg==",
      "dependencies": [
        "tslib"
      ]
    },
    "@smithy/url-parser@4.3.1": {
      "integrity": "sha512-tuelFlF2PZR/wogFC58NIrPOv+Zna4N1+3kA161/33D1Gbwvl6Nh4WsAsW05ZyPp0O6CMGsdbb0S2b/qVjRMCw==",
      "dependencies": [
        "@smithy/core",
        "tslib"
      ]
    },
    "@smithy/util-base64@4.4.1": {
      "integrity": "sha512-fTHiwW2xbiRiWzfSk4IGAr3gNZCH4fuRYqt8+IuarsP/YON35576iVdePraZ6yJlFxlCL0eMec3/F7xYqoKzlg==",
      "dependencies": [
        "@smithy/core",
        "tslib"
      ]
    },
    "@smithy/util-body-length-browser@4.3.1": {
      "integrity": "sha512-1scg5t4nV3hV7CZs996/XHb80aDZ5YotH4NcvkW/w/rHj+cSz0aCIzwz8aUNKB4nCDPSHRCbrKoj+TvycYefmw==",
      "dependencies": [
        "@smithy/core",
        "tslib"
      ]
    },
    "@smithy/util-body-length-node@4.3.1": {
      "integrity": "sha512-VRC8MKVPKrgUYThTA7ughcKMfjW6/X92H0wXGJoda0Apw4O5xbXL0GMLz40DTWlsb5hh2iItk6+XL72uJdxYcw==",
      "dependencies": [
        "@smithy/core",
        "tslib"
      ]
    },
    "@smithy/util-buffer-from@2.2.0": {
      "integrity": "sha512-IJdWBbTcMQ6DA0gdNhh/BwrLkDR+ADW5Kr1aZmd4k3DIF6ezMV4R2NIAmT08wQJ3yUK82thHWmC/TnK/wpMMIA==",
      "dependencies": [
        "@smithy/is-array-buffer",
        "tslib"
      ]
    },
    "@smithy/util-config-provider@4.3.1": {
      "integrity": "sha512-lw6L5GF5+W19vO6o3fZwRT2cXEG+8b2LH0b9ppjDT6nIxjUgmljEQGninx5XorylwKZZ4XLVABeroJ8oaF9RmQ==",
      "dependencies": [
        "@smithy/core",
        "tslib"
      ]
    },
    "@smithy/util-defaults-mode-browser@4.4.1": {
      "integrity": "sha512-1rA7w+LjK1WJClsffC81Z/ZtjFt22QsKhBjUYEnZsGVS2nOTfOENKBzdg4SxhdwFvBCjcbpjscUfXOPwE3UHWQ==",
      "dependencies": [
        "@smithy/core",
        "tslib"
      ]
    },
    "@smithy/util-defaults-mode-node@4.3.1": {
      "integrity": "sha512-1fk1wfQHBenQD5NitVKOFgW0wsISYAFPIXGyStJWAeCtMyRhgHYvtJxBk2rwGWA0L5QX6oM6yeHSLKPFMk59ww==",
      "dependencies": [
        "@smithy/core",
        "tslib"
      ]
    },
    "@smithy/util-endpoints@3.5.1": {
      "integrity": "sha512-yORYzJD5zoGbSDkAACr0dIjDiSEA3X8h8lggDENl1dkKpCG0TQIoItPBqtvuJHzFFjRXumcoH+/09xIuixGyCw==",
      "dependencies": [
        "@smithy/core",
        "tslib"
      ]
    },
    "@smithy/util-middleware@4.3.1": {
      "integrity": "sha512-SRRMDcIgVXVhVbxviBaSZbuWuVW3jD08wv4ESV0V2oiw0Mki8TPVQ5IxwD3MvSTPg52QYsRP+JoMw5WdUdeWAg==",
      "dependencies": [
        "@smithy/core",
        "tslib"
      ]
    },
    "@smithy/util-retry@4.4.1": {
      "integrity": "sha512-qkgWgwn1xw0GoY9Ea/B6FrYSPfHA0zyOtJkokwxZuvucRf2+2lfTut6adi4e4Y7LEAaxsFG7r6i05mtDCxbHKA==",
      "dependencies": [
        "@smithy/core",
        "tslib"
      ]
    },
    "@smithy/util-utf8@2.3.0": {
      "integrity": "sha512-R8Rdn8Hy72KKcebgLiv8jQcQkXoLMOGGv5uI1/k0l+snqkOzQ1R0ChUBCxWMlBsFMekWjq0wRudIweFs7sKT5A==",
      "dependencies": [
        "@smithy/util-buffer-from",
        "tslib"
      ]
    },
    "@smithy/util-utf8@4.3.1": {
      "integrity": "sha512-FtRrSnriXtOs4+J8/y9SbQ1xmN71hrOsN/YJr5PQQj5nR1l7YNkGS/TEk4gr0WN7gyrUqw8/RFaYVjI18732ZA==",
      "dependencies": [
        "@smithy/core",
        "tslib"
      ]
    },
    "@smithy/util-waiter@4.4.1": {
      "integrity": "sha512-G/gWDykZNL0NVcd1qXkoKm45jxJECp6q53DSomM5QKMsyAMEsGksVq+HwgonqYxfFJEzzHi6ljtWKXVS1pl0/Q==",
      "dependencies": [
        "@smithy/core",
        "tslib"
      ]
    },
    "bowser@2.14.1": {
      "integrity": "sha512-tzPjzCxygAKWFOJP011oxFHs57HzIhOEracIgAePE4pqB3LikALKnSzUyU4MGs9/iCEUuHlAJTjTc5M+u7YEGg=="
    },
    "fflate@0.8.1": {
      "integrity": "sha512-/exOvEuc+/iaUm105QIiOt4LpBdMTWsXxqR0HDF35vx3fmaKzw7354gTilCh5rkzEt8WYyG//ku3h3nRmd7CHQ=="
    },
    "tslib@2.8.1": {
      "integrity": "sha512-oJFu94HQb+KVduSUQL7wnpmqnfmLsOA/nAh6b6EH0wCEoK0/mPeXU6c3wKDV83MkOuHPRHtSXKKU99IBazS/2w=="
    },
    "zod@4.3.6": {
      "integrity": "sha512-rftlrkhHZOcjDwkGlnUtZZkvaPHCsDATp4pGpuOOMDaTdDDXF91wuVDJoWoPsKX/3YPQ5fHuF3STjcYyKr+Qhg=="
    },
    "zod@4.4.3": {
      "integrity": "sha512-ytENFjIJFl2UwYglde2jchW2Hwm4GJFLDiSXWdTrJQBIN9Fcyp7n4DhxJEiWNAJMV1/BqWfW/kkg71UDcHJyTQ=="
    }
  },
  "workspace": {
    "dependencies": [
      "jsr:@systeminit/swamp-testing@0.20260504.10"
    ]
  }
}
