{
  "version": "5",
  "specifiers": {
    "npm:@opentelemetry/api@1.9.1": "1.9.1",
    "npm:zod@4.6.5": "4.6.5"
  },
  "npm": {
    "@opentelemetry/api@1.9.1": {
      "integrity": "sha512-gLyJlPHPZYdAk1JENA9LeHejZe1Ti77/pTeFm/nMXmQH/HFZlcS/O2XJB+L8fkbrNSqhdtlvjBVjxwUYanNH5Q=="
    },
    "zod@4.6.5": {
      "integrity": "sha512-v5l/aFXZQeai4awLbOpSoHecE9UiMrnfx75tEXLjNonXVARxQ5mOeipTjROUchszUNCqnE+hqAMujRsRHsut2Q=="
    }
  },
  "workspace": {
    "dependencies": [
      "jsr:@std/assert@1.0.19",
      "jsr:@systeminit/swamp-testing@0.20260604.20"
    ]
  }
}
