{
  "version": "5",
  "specifiers": {
    "jsr:@std/assert@1.0.19": "1.0.19",
    "jsr:@std/internal@^1.0.12": "1.0.14",
    "jsr:@systeminit/swamp-testing@0.20260604.20": "0.20260604.20",
    "npm:@aws-sdk/client-config-service@3.1069.0": "3.1069.0",
    "npm:@aws-sdk/client-config-service@3.1090.0": "3.1090.0",
    "npm:@aws-sdk/client-config-service@3.1091.0": "3.1091.0",
    "npm:@aws-sdk/client-config-service@3.1094.0": "3.1094.0",
    "npm:@aws-sdk/client-config-service@3.1096.0": "3.1096.0",
    "npm:@aws-sdk/client-config-service@3.1100.0": "3.1100.0",
    "npm:@aws-sdk/client-config-service@3.1101.0": "3.1101.0",
    "npm:@aws-sdk/client-config-service@3.1104.0": "3.1104.0",
    "npm:@aws-sdk/client-config-service@3.1111.0": "3.1111.0",
    "npm:@aws-sdk/client-config-service@3.1114.0": "3.1114.0",
    "npm:@aws-sdk/client-sts@3.1069.0": "3.1069.0",
    "npm:@aws-sdk/client-sts@3.1090.0": "3.1090.0",
    "npm:@aws-sdk/client-sts@3.1091.0": "3.1091.0",
    "npm:@aws-sdk/client-sts@3.1094.0": "3.1094.0",
    "npm:@aws-sdk/client-sts@3.1096.0": "3.1096.0",
    "npm:@aws-sdk/client-sts@3.1100.0": "3.1100.0",
    "npm:@aws-sdk/client-sts@3.1101.0": "3.1101.0",
    "npm:@aws-sdk/client-sts@3.1104.0": "3.1104.0",
    "npm:@aws-sdk/client-sts@3.1111.0": "3.1111.0",
    "npm:@aws-sdk/client-sts@3.1114.0": "3.1114.0",
    "npm:@aws-sdk/credential-providers@3.1096.0": "3.1096.0",
    "npm:@aws-sdk/credential-providers@3.1100.0": "3.1100.0",
    "npm:@aws-sdk/credential-providers@3.1101.0": "3.1101.0",
    "npm:@aws-sdk/credential-providers@3.1104.0": "3.1104.0",
    "npm:@aws-sdk/credential-providers@3.1111.0": "3.1111.0",
    "npm:@aws-sdk/credential-providers@3.1114.0": "3.1114.0",
    "npm:@marcbachmann/cel-js@7.6.1": "7.6.1",
    "npm:zod@4.4.3": "4.4.3",
    "npm:zod@^4.3.6": "4.4.3"
  },
  "jsr": {
    "@std/assert@1.0.19": {
      "integrity": "eaada96ee120cb980bc47e040f82814d786fe8162ecc53c91d8df60b8755991e",
      "dependencies": [
        "jsr:@std/internal"
      ]
    },
    "@std/internal@1.0.14": {
      "integrity": "291516b3d4c35024d6ffbc0a9df5bf4c64116e05b50012cf846710152d2ffdf7"
    },
    "@systeminit/swamp-testing@0.20260604.20": {
      "integrity": "643f4bbc7752a46e0188e21fea0b2907c2d333a4edfb61e4bd47ffae6286a29a",
      "dependencies": [
        "jsr:@std/assert",
        "npm:@marcbachmann/cel-js",
        "npm:zod@^4.3.6"
      ]
    }
  },
  "npm": {
    "@aws-crypto/sha256-browser@5.2.0": {
      "integrity": "sha512-AXfN/lGotSQwu6HNcEsIASo7kWXZ5HYWvfOmSNKDsEqC4OashTp8alTmaz+F7TC2L083SFv5RdB+qU3Vs1kZqw==",
      "dependencies": [
        "@aws-crypto/sha256-js",
        "@aws-crypto/supports-web-crypto",
        "@aws-crypto/util",
        "@aws-sdk/types",
        "@aws-sdk/util-locate-window",
        "@smithy/util-utf8",
        "tslib"
      ]
    },
    "@aws-crypto/sha256-js@5.2.0": {
      "integrity": "sha512-FFQQyu7edu4ufvIZ+OadFpHHOt+eSTBaYaki44c+akjg7qZg9oOQeLlk77F6tSYqjDAFClrHJk9tMf0HdVyOvA==",
      "dependencies": [
        "@aws-crypto/util",
        "@aws-sdk/types",
        "tslib"
      ]
    },
    "@aws-crypto/supports-web-crypto@5.2.0": {
      "integrity": "sha512-iAvUotm021kM33eCdNfwIN//F77/IADDSs58i+MDaOqFrVjZo9bAal0NK7HurRuWLLpF1iLX7gbWrjHjeo+YFg==",
      "dependencies": [
        "tslib"
      ]
    },
    "@aws-crypto/util@5.2.0": {
      "integrity": "sha512-4RkU9EsI6ZpBve5fseQlGNUWKMa1RLPQ1dnjnQoe07ldfIzcsGb5hC5W0Dm7u423KWzawlrpbjXBrXCEv9zazQ==",
      "dependencies": [
        "@aws-sdk/types",
        "@smithy/util-utf8",
        "tslib"
      ]
    },
    "@aws-sdk/client-config-service@3.1069.0": {
      "integrity": "sha512-UvYDDuO3d+B89VVhYOMEmVlc2zPsDxiluvpKku8LpVGYsKkDgjFNPLp9LWnbGVU8nEZdvCP1qAVVcEDE1vilnw==",
      "dependencies": [
        "@aws-crypto/sha256-browser",
        "@aws-crypto/sha256-js",
        "@aws-sdk/core",
        "@aws-sdk/credential-provider-node",
        "@aws-sdk/types",
        "@smithy/core",
        "@smithy/fetch-http-handler",
        "@smithy/node-http-handler",
        "@smithy/types",
        "tslib"
      ]
    },
    "@aws-sdk/client-config-service@3.1090.0": {
      "integrity": "sha512-yp7gJE/iit900at19fYCq8iSMW+VeJUOfVDmOBZpznPcrZF1zLkv1pAkMvgwUBVCRpsZsXbbe/YcA1aa3N4uDQ==",
      "dependencies": [
        "@aws-sdk/core",
        "@aws-sdk/credential-provider-node",
        "@aws-sdk/types",
        "@smithy/core",
        "@smithy/fetch-http-handler",
        "@smithy/node-http-handler",
        "@smithy/types",
        "tslib"
      ]
    },
    "@aws-sdk/client-config-service@3.1091.0": {
      "integrity": "sha512-mE4v7QcyXc0NmldvvvBR2yR7jRh6t6FhU8EaEKnksv6ZTxOwibo/JcduP670NIH1fOydBxpro1opqjzyhYbrSw==",
      "dependencies": [
        "@aws-sdk/core",
        "@aws-sdk/credential-provider-node",
        "@aws-sdk/types",
        "@smithy/core",
        "@smithy/fetch-http-handler",
        "@smithy/node-http-handler",
        "@smithy/types",
        "tslib"
      ]
    },
    "@aws-sdk/client-config-service@3.1094.0": {
      "integrity": "sha512-eROQr6Z9N9FK7IDXcEHHnIZmKsRyXwPpFMt075sw25Gq5zGWl0Y1XOzep2mvWliZvmKKCrHpCAK17XyHKLER2g==",
      "dependencies": [
        "@aws-sdk/core",
        "@aws-sdk/credential-provider-node",
        "@aws-sdk/types",
        "@smithy/core",
        "@smithy/fetch-http-handler",
        "@smithy/node-http-handler",
        "@smithy/types",
        "tslib"
      ]
    },
    "@aws-sdk/client-config-service@3.1096.0": {
      "integrity": "sha512-L9v5OcGZ1dvpAWOGJhzaILDTuIsWzG6TvZZRWg35wqos+/VO5fvoGwi4PoN7DLWKBrzgCVEzD5PnLzTL37XzvQ==",
      "dependencies": [
        "@aws-sdk/core",
        "@aws-sdk/credential-provider-node",
        "@aws-sdk/types",
        "@smithy/core",
        "@smithy/fetch-http-handler",
        "@smithy/node-http-handler",
        "@smithy/types",
        "tslib"
      ]
    },
    "@aws-sdk/client-config-service@3.1100.0": {
      "integrity": "sha512-s1dxtsM1b4ip7S5MShjg/9SMrDY/yWc2De8ftsRpUV+NGxEO7F7ubh2bPuwDOqoIPAzj2YHX4jd0n0VHAYRJfQ==",
      "dependencies": [
        "@aws-sdk/core",
        "@aws-sdk/credential-provider-node",
        "@aws-sdk/types",
        "@smithy/core",
        "@smithy/fetch-http-handler",
        "@smithy/node-http-handler",
        "@smithy/types",
        "tslib"
      ]
    },
    "@aws-sdk/client-config-service@3.1101.0": {
      "integrity": "sha512-FY6cu5Di5CuYXWcRUHmGcQ/lS5q5XwE2Sa5lhmBIGn6zg33QyogAjt/1bcgeJsHrxORolTc9Zu0FeFBt+mckiQ==",
      "dependencies": [
        "@aws-sdk/core",
        "@aws-sdk/credential-provider-node",
        "@aws-sdk/types",
        "@smithy/core",
        "@smithy/fetch-http-handler",
        "@smithy/node-http-handler",
        "@smithy/types",
        "tslib"
      ]
    },
    "@aws-sdk/client-config-service@3.1104.0": {
      "integrity": "sha512-kPyOQ+qOB4MUbIraqAn/PoN8MjxUjyKGVX2Z00Tzf3ralgJRI/6yd+HFDszeOUHbN+mRUDLg9pg8U2Hr4NDX+w==",
      "dependencies": [
        "@aws-sdk/core",
        "@aws-sdk/credential-provider-node",
        "@aws-sdk/types",
        "@smithy/core",
        "@smithy/fetch-http-handler",
        "@smithy/node-http-handler",
        "@smithy/types",
        "tslib"
      ]
    },
    "@aws-sdk/client-config-service@3.1111.0": {
      "integrity": "sha512-BvONNJuYkF9WoEtM2AIoh6UDdT77VDBPAk+dNpzjFXbH4bvkTsJwqZUpvFscoc/DygsDOnMmSFLph2UqNTTLMg==",
      "dependencies": [
        "@aws-sdk/core",
        "@aws-sdk/credential-provider-node",
        "@aws-sdk/types",
        "@smithy/core",
        "@smithy/fetch-http-handler",
        "@smithy/node-http-handler",
        "@smithy/types",
        "tslib"
      ]
    },
    "@aws-sdk/client-config-service@3.1114.0": {
      "integrity": "sha512-2Xs5Z5xEqrdT82yTQrSr64Qhb75Op6xWhnmbATglTFOe5NuKST+A8EZqB1avptPcVZFQK9nctw2HjapDISVb0w==",
      "dependencies": [
        "@aws-sdk/core",
        "@aws-sdk/credential-provider-node",
        "@aws-sdk/types",
        "@smithy/core",
        "@smithy/fetch-http-handler",
        "@smithy/node-http-handler",
        "@smithy/types",
        "tslib"
      ]
    },
    "@aws-sdk/client-sts@3.1069.0": {
      "integrity": "sha512-AJZ9Ujy0NL5KWb4NjP80FeHEgFDb5MvFnNDls3motxOedpyp4vXC5PtOLOlX4eh5k2PysLOQzamfBWee09dXqw==",
      "dependencies": [
        "@aws-crypto/sha256-browser",
        "@aws-crypto/sha256-js",
        "@aws-sdk/core",
        "@aws-sdk/credential-provider-node",
        "@aws-sdk/signature-v4-multi-region",
        "@aws-sdk/types",
        "@smithy/core",
        "@smithy/fetch-http-handler",
        "@smithy/node-http-handler",
        "@smithy/types",
        "tslib"
      ]
    },
    "@aws-sdk/client-sts@3.1090.0": {
      "integrity": "sha512-r3XZJpSqnFsM8Ikv1Se4nMlDnlmIxZAV3Zfw6ILQTzeoJ/pZpX4bixBXg960r2t+XAqVtfa21pJ7X2WQ2vlvDQ==",
      "dependencies": [
        "@aws-sdk/core",
        "@aws-sdk/credential-provider-node",
        "@aws-sdk/signature-v4-multi-region",
        "@aws-sdk/types",
        "@smithy/core",
        "@smithy/fetch-http-handler",
        "@smithy/node-http-handler",
        "@smithy/types",
        "tslib"
      ]
    },
    "@aws-sdk/client-sts@3.1091.0": {
      "integrity": "sha512-9eY19PwqeZHX3ktpbGSZGgNYkVXrL6dbivmwKB8NAKdg6WpOFMrdxHrPpbVTaK9L87nRstuWsD6WDTu0/KkgAw==",
      "dependencies": [
        "@aws-sdk/core",
        "@aws-sdk/credential-provider-node",
        "@aws-sdk/signature-v4-multi-region",
        "@aws-sdk/types",
        "@smithy/core",
        "@smithy/fetch-http-handler",
        "@smithy/node-http-handler",
        "@smithy/types",
        "tslib"
      ]
    },
    "@aws-sdk/client-sts@3.1094.0": {
      "integrity": "sha512-GkzAKbHBUkaJENgY/Pg3O/rTlRKXa1xEkmyXw1RlNxAOpT9p76kfKwHU68hrll6o6Y9dCi3RC/4Nu/jaO4ynkg==",
      "dependencies": [
        "@aws-sdk/core",
        "@aws-sdk/credential-provider-node",
        "@aws-sdk/signature-v4-multi-region",
        "@aws-sdk/types",
        "@smithy/core",
        "@smithy/fetch-http-handler",
        "@smithy/node-http-handler",
        "@smithy/types",
        "tslib"
      ]
    },
    "@aws-sdk/client-sts@3.1096.0": {
      "integrity": "sha512-4bwxAz+04EL4X4tlv7RZA69O4E/n8I0NKmHiWKxaTqVtN0lGiFJ1bK8s3BqInw7RejzFUEGQAcNXWpevUzcmeg==",
      "dependencies": [
        "@aws-sdk/core",
        "@aws-sdk/credential-provider-node",
        "@aws-sdk/signature-v4-multi-region",
        "@aws-sdk/types",
        "@smithy/core",
        "@smithy/fetch-http-handler",
        "@smithy/node-http-handler",
        "@smithy/types",
        "tslib"
      ]
    },
    "@aws-sdk/client-sts@3.1100.0": {
      "integrity": "sha512-83SKuGjNbVRPZ3/I180wnOc0i8fYqfLPUUJk5E5HmJvofF9sPgTZBUyB72hhzAaCXYssfT36xnVdk9V5gekA8w==",
      "dependencies": [
        "@aws-sdk/core",
        "@aws-sdk/credential-provider-node",
        "@aws-sdk/signature-v4-multi-region",
        "@aws-sdk/types",
        "@smithy/core",
        "@smithy/fetch-http-handler",
        "@smithy/node-http-handler",
        "@smithy/types",
        "tslib"
      ]
    },
    "@aws-sdk/client-sts@3.1101.0": {
      "integrity": "sha512-g/xmDwNRsObFM8WnYCvMOYipHRL2B+C18eRw5KzB3wiqF/BtDuscq8lIUVK9sU6bpCIqrDHVuHoUyKNaS9OWkg==",
      "dependencies": [
        "@aws-sdk/core",
        "@aws-sdk/credential-provider-node",
        "@aws-sdk/signature-v4-multi-region",
        "@aws-sdk/types",
        "@smithy/core",
        "@smithy/fetch-http-handler",
        "@smithy/node-http-handler",
        "@smithy/types",
        "tslib"
      ]
    },
    "@aws-sdk/client-sts@3.1104.0": {
      "integrity": "sha512-Gs7RplbYCIOqBHnE5mh7pUDQlDGfyiu2qA/6WXN3x/EefdQ7s0sbHBzNn6g6AcAoHIwXE3V/Yx8lj0nZZfgE3A==",
      "dependencies": [
        "@aws-sdk/core",
        "@aws-sdk/credential-provider-node",
        "@aws-sdk/signature-v4-multi-region",
        "@aws-sdk/types",
        "@smithy/core",
        "@smithy/fetch-http-handler",
        "@smithy/node-http-handler",
        "@smithy/types",
        "tslib"
      ]
    },
    "@aws-sdk/client-sts@3.1111.0": {
      "integrity": "sha512-b41gi3Z0tMt/e7RpiBwm2H+Fz+NvlczQ6vxy2pTsDp7WcwXLFCXeluvvl1Y/RBL4g7+4/qaRODkMUSSPBjUWcA==",
      "dependencies": [
        "@aws-sdk/core",
        "@aws-sdk/credential-provider-node",
        "@aws-sdk/signature-v4-multi-region",
        "@aws-sdk/types",
        "@smithy/core",
        "@smithy/fetch-http-handler",
        "@smithy/node-http-handler",
        "@smithy/types",
        "tslib"
      ]
    },
    "@aws-sdk/client-sts@3.1114.0": {
      "integrity": "sha512-BMhx1eNX1KuPmnhVfN3C4pFTmDamWeI9EGd1PcIh+t92V530bVVbU98g9nYblYQbXDVk5zoJC7PRyMSQybeBsQ==",
      "dependencies": [
        "@aws-sdk/core",
        "@aws-sdk/credential-provider-node",
        "@aws-sdk/signature-v4-multi-region",
        "@aws-sdk/types",
        "@smithy/core",
        "@smithy/fetch-http-handler",
        "@smithy/node-http-handler",
        "@smithy/types",
        "tslib"
      ]
    },
    "@aws-sdk/core@3.977.8": {
      "integrity": "sha512-7+Kcrkvrk9lM/m7jRhHpT4jCdvzGHsuaSRbF8TdzzkY1mRzp/Ogwf9c7H29k4gGhey0BBWhCWr16+t0J61gwmg==",
      "dependencies": [
        "@aws-sdk/types",
        "@aws-sdk/xml-builder",
        "@aws/lambda-invoke-store",
        "@smithy/core",
        "@smithy/signature-v4",
        "@smithy/types",
        "bowser",
        "tslib"
      ]
    },
    "@aws-sdk/credential-provider-cognito-identity@3.972.68": {
      "integrity": "sha512-Fo2RC5hZmEVhnVLMzNjYL6Iu78F4wDuaNtkgzRVU4DlUaFhcXxsnxWBOTH2drxZ59OHSipQ1LndfkCWPxGBJHA==",
      "dependencies": [
        "@aws-sdk/nested-clients",
        "@aws-sdk/types",
        "@smithy/core",
        "@smithy/types",
        "tslib"
      ]
    },
    "@aws-sdk/credential-provider-env@3.972.69": {
      "integrity": "sha512-AreCFzcB4kH2HF9031Ot0jSJr3KXvRg6e8uDeub20JEVdZU3Bv0sTq1plc7VsT3KiqutlzH7l0j50UcCWHUioA==",
      "dependencies": [
        "@aws-sdk/core",
        "@aws-sdk/types",
        "@smithy/core",
        "@smithy/types",
        "tslib"
      ]
    },
    "@aws-sdk/credential-provider-http@3.972.71": {
      "integrity": "sha512-A8ObcqVmDMnk4F9NozZ7JwmUu9Q4xyBJkmyq1C5U+wNM9ht9J7+EuuyabsLWXZnOoTqFaJuYBYTKf5CTipkEjA==",
      "dependencies": [
        "@aws-sdk/core",
        "@aws-sdk/types",
        "@smithy/core",
        "@smithy/fetch-http-handler",
        "@smithy/node-http-handler",
        "@smithy/types",
        "tslib"
      ]
    },
    "@aws-sdk/credential-provider-ini@3.973.14": {
      "integrity": "sha512-7c+Wti2LsERNWMfm7ySz3/6RPopFW3Nmn7s63Xpcq6R/tRuY5hpvkHA2xVgi5ukJbvok9l0IDtVEvqTtg+X7dw==",
      "dependencies": [
        "@aws-sdk/core",
        "@aws-sdk/credential-provider-env",
        "@aws-sdk/credential-provider-http",
        "@aws-sdk/credential-provider-login",
        "@aws-sdk/credential-provider-process",
        "@aws-sdk/credential-provider-sso",
        "@aws-sdk/credential-provider-web-identity",
        "@aws-sdk/nested-clients",
        "@aws-sdk/types",
        "@smithy/core",
        "@smithy/credential-provider-imds",
        "@smithy/types",
        "tslib"
      ]
    },
    "@aws-sdk/credential-provider-login@3.972.76": {
      "integrity": "sha512-LVixwOnEJfrrfKHeZjBA8pIMTZjNDq8ak8VpcoWUuCJDrSnBNU8POJksULMgvN089P0MXtQYH2Zs627/MK1K0g==",
      "dependencies": [
        "@aws-sdk/core",
        "@aws-sdk/nested-clients",
        "@aws-sdk/types",
        "@smithy/core",
        "@smithy/types",
        "tslib"
      ]
    },
    "@aws-sdk/credential-provider-node@3.972.80": {
      "integrity": "sha512-bE2qh8ww4iClO1jHsBXdOE8FUgzDbdxbyorNjSCoPSkQd51k3jODItuPZfuwcLHZqDXsH+bI4AMHhqtuyR7mSg==",
      "dependencies": [
        "@aws-sdk/credential-provider-env",
        "@aws-sdk/credential-provider-http",
        "@aws-sdk/credential-provider-ini",
        "@aws-sdk/credential-provider-process",
        "@aws-sdk/credential-provider-sso",
        "@aws-sdk/credential-provider-web-identity",
        "@aws-sdk/types",
        "@smithy/core",
        "@smithy/credential-provider-imds",
        "@smithy/types",
        "tslib"
      ]
    },
    "@aws-sdk/credential-provider-process@3.972.69": {
      "integrity": "sha512-9kpTNdZTrcqXTfhxM7fgl9Z68ek3Fu5oe3Yf+A/pJGibEqpgZxz2tSY7SinmyCIU2PJ+ygY4FPoBBnLpocMtrQ==",
      "dependencies": [
        "@aws-sdk/core",
        "@aws-sdk/types",
        "@smithy/core",
        "@smithy/types",
        "tslib"
      ]
    },
    "@aws-sdk/credential-provider-sso@3.973.13": {
      "integrity": "sha512-Oc81qauMPzUoTnAS2YKpNwY6sY/LUyQTEeaf6yP197WMxkEBQfcKLR1MFpD7+pNTubXnfkH6gwpji+Gc7iyD2Q==",
      "dependencies": [
        "@aws-sdk/core",
        "@aws-sdk/nested-clients",
        "@aws-sdk/token-providers",
        "@aws-sdk/types",
        "@smithy/core",
        "@smithy/types",
        "tslib"
      ]
    },
    "@aws-sdk/credential-provider-web-identity@3.972.75": {
      "integrity": "sha512-YPN6uoGDgjjjeVFZrcOeCJqmB6zpXoeeNgIjqe+DexJaWqdjVfCCe+VAZwli9Z2h8KhFW8oxkO39emQ1tyz/Mw==",
      "dependencies": [
        "@aws-sdk/core",
        "@aws-sdk/nested-clients",
        "@aws-sdk/types",
        "@smithy/core",
        "@smithy/types",
        "tslib"
      ]
    },
    "@aws-sdk/credential-providers@3.1096.0": {
      "integrity": "sha512-/n5dcVr37jhxbFqTDL+x9hTSlNKNcsPCTP2qeIva75Tcy3GXvGiYsPAiwnWfxIE97RWIG2AEeDpBulsS41de+A==",
      "dependencies": [
        "@aws-sdk/core",
        "@aws-sdk/credential-provider-cognito-identity",
        "@aws-sdk/credential-provider-env",
        "@aws-sdk/credential-provider-http",
        "@aws-sdk/credential-provider-ini",
        "@aws-sdk/credential-provider-login",
        "@aws-sdk/credential-provider-node",
        "@aws-sdk/credential-provider-process",
        "@aws-sdk/credential-provider-sso",
        "@aws-sdk/credential-provider-web-identity",
        "@aws-sdk/nested-clients",
        "@aws-sdk/types",
        "@smithy/core",
        "@smithy/credential-provider-imds",
        "@smithy/types",
        "tslib"
      ]
    },
    "@aws-sdk/credential-providers@3.1100.0": {
      "integrity": "sha512-DzSoStbMHuqGYFED1o58nQOeg+3TZrldvOoodTHkJ2nEb6BXiQ2PgXqQbkJuCJe+poGJK0lGDVSFWdv9KM+c2Q==",
      "dependencies": [
        "@aws-sdk/core",
        "@aws-sdk/credential-provider-cognito-identity",
        "@aws-sdk/credential-provider-env",
        "@aws-sdk/credential-provider-http",
        "@aws-sdk/credential-provider-ini",
        "@aws-sdk/credential-provider-login",
        "@aws-sdk/credential-provider-node",
        "@aws-sdk/credential-provider-process",
        "@aws-sdk/credential-provider-sso",
        "@aws-sdk/credential-provider-web-identity",
        "@aws-sdk/nested-clients",
        "@aws-sdk/types",
        "@smithy/core",
        "@smithy/credential-provider-imds",
        "@smithy/types",
        "tslib"
      ]
    },
    "@aws-sdk/credential-providers@3.1101.0": {
      "integrity": "sha512-w19SnW8MMP/tFghHRA6zmKQJar/BVdrFq4leh4doCCMWWIwEsP8F3mP1VnpPXCwmrtUjVoQVxm/4wV/SwhkTrw==",
      "dependencies": [
        "@aws-sdk/core",
        "@aws-sdk/credential-provider-cognito-identity",
        "@aws-sdk/credential-provider-env",
        "@aws-sdk/credential-provider-http",
        "@aws-sdk/credential-provider-ini",
        "@aws-sdk/credential-provider-login",
        "@aws-sdk/credential-provider-node",
        "@aws-sdk/credential-provider-process",
        "@aws-sdk/credential-provider-sso",
        "@aws-sdk/credential-provider-web-identity",
        "@aws-sdk/nested-clients",
        "@aws-sdk/types",
        "@smithy/core",
        "@smithy/credential-provider-imds",
        "@smithy/types",
        "tslib"
      ]
    },
    "@aws-sdk/credential-providers@3.1104.0": {
      "integrity": "sha512-XGWZd3Y2fnyr764RReDFrXioQBXxjsZybgrjd950drPAPJJr7krgaOtKrxAPj7bUYcmvdh8AaAelqw9WqVEePA==",
      "dependencies": [
        "@aws-sdk/core",
        "@aws-sdk/credential-provider-cognito-identity",
        "@aws-sdk/credential-provider-env",
        "@aws-sdk/credential-provider-http",
        "@aws-sdk/credential-provider-ini",
        "@aws-sdk/credential-provider-login",
        "@aws-sdk/credential-provider-node",
        "@aws-sdk/credential-provider-process",
        "@aws-sdk/credential-provider-sso",
        "@aws-sdk/credential-provider-web-identity",
        "@aws-sdk/nested-clients",
        "@aws-sdk/types",
        "@smithy/core",
        "@smithy/credential-provider-imds",
        "@smithy/types",
        "tslib"
      ]
    },
    "@aws-sdk/credential-providers@3.1111.0": {
      "integrity": "sha512-kon/lEuONhTw4F4nYo2mOlzi+2yWJyLWzyuTFK8bH0j5TG5fA/6B4y754ma6lvM9N2QNjhF9TG01kHO2eFYAcQ==",
      "dependencies": [
        "@aws-sdk/core",
        "@aws-sdk/credential-provider-cognito-identity",
        "@aws-sdk/credential-provider-env",
        "@aws-sdk/credential-provider-http",
        "@aws-sdk/credential-provider-ini",
        "@aws-sdk/credential-provider-login",
        "@aws-sdk/credential-provider-node",
        "@aws-sdk/credential-provider-process",
        "@aws-sdk/credential-provider-sso",
        "@aws-sdk/credential-provider-web-identity",
        "@aws-sdk/nested-clients",
        "@aws-sdk/types",
        "@smithy/core",
        "@smithy/credential-provider-imds",
        "@smithy/types",
        "tslib"
      ]
    },
    "@aws-sdk/credential-providers@3.1114.0": {
      "integrity": "sha512-LdWmFm6I7bKnbKPuQyoBKTO2RWMWPIETFFi6Sh7gEF8l9bPauBe8S87LKsavazyqWZFD7LO+mc85yr674sy2vA==",
      "dependencies": [
        "@aws-sdk/core",
        "@aws-sdk/credential-provider-cognito-identity",
        "@aws-sdk/credential-provider-env",
        "@aws-sdk/credential-provider-http",
        "@aws-sdk/credential-provider-ini",
        "@aws-sdk/credential-provider-login",
        "@aws-sdk/credential-provider-node",
        "@aws-sdk/credential-provider-process",
        "@aws-sdk/credential-provider-sso",
        "@aws-sdk/credential-provider-web-identity",
        "@aws-sdk/nested-clients",
        "@aws-sdk/types",
        "@smithy/core",
        "@smithy/credential-provider-imds",
        "@smithy/types",
        "tslib"
      ]
    },
    "@aws-sdk/nested-clients@3.997.43": {
      "integrity": "sha512-bit+VpqWNyi3wHxFoTsTliNXimCSL2r2OeDTm7ZrG+YsTZ2D7ofDJ6r/t9PVBn80i6/v0X2h9Tgw6QP2MAKfPw==",
      "dependencies": [
        "@aws-sdk/core",
        "@aws-sdk/signature-v4-multi-region",
        "@aws-sdk/types",
        "@smithy/core",
        "@smithy/fetch-http-handler",
        "@smithy/node-http-handler",
        "@smithy/types",
        "tslib"
      ]
    },
    "@aws-sdk/signature-v4-multi-region@3.996.45": {
      "integrity": "sha512-bBuyztukzXq6plzFGHAWiQt0QXo+HL8b8lX5cFTzkez/74PtS1c0qPFCIVuHkyoT+miH2qOjAcm1/yoro2ESPA==",
      "dependencies": [
        "@aws-sdk/types",
        "@smithy/signature-v4",
        "@smithy/types",
        "tslib"
      ]
    },
    "@aws-sdk/token-providers@3.1111.0": {
      "integrity": "sha512-JfljgoVtl+s3Qy21n9a7Z48uCQaOXcN74KJ3TEQfPoB293GrXFSt6HSQJF1sTZ8c/5QedEvd3NjJQMO4u9qa5A==",
      "dependencies": [
        "@aws-sdk/core",
        "@aws-sdk/nested-clients",
        "@aws-sdk/types",
        "@smithy/core",
        "@smithy/types",
        "tslib"
      ]
    },
    "@aws-sdk/types@3.974.4": {
      "integrity": "sha512-dSFDNG00MEz0/xl5gxL62giLd1iYyJsTxZ1I1DOj6lC+bbgLB4TRsYClJg3b62dhXT1uATzsTNXPnC+33EJV3A==",
      "dependencies": [
        "@smithy/types",
        "tslib"
      ]
    },
    "@aws-sdk/util-locate-window@3.965.8": {
      "integrity": "sha512-uUbMs1cBZPafD0ohUj6EwNf0fPZ534NvBxHox4hjX+0Rxq5paSYUem7+hi833pYrzrcnBATKIYpR02MDXT5M9g==",
      "dependencies": [
        "tslib"
      ]
    },
    "@aws-sdk/xml-builder@3.972.39": {
      "integrity": "sha512-FTti8DS5MMWXNUWiRwXAJeYS+0GHHiMy0+7XOhcwk63ILHmfS2UFy2z/HNpZCSOJJ3P3dnWY6hfYNW3DF0nXUA==",
      "dependencies": [
        "@smithy/types",
        "tslib"
      ]
    },
    "@aws/lambda-invoke-store@0.3.0": {
      "integrity": "sha512-sl4Bm6yiMNYrZKkqqDFWN0UfnWhlS8ivKxrYl+6t0gCLrqr8y3B2IqZZbFRkfaVVp7C/baApyh71P+LeE1A2sQ=="
    },
    "@marcbachmann/cel-js@7.6.1": {
      "integrity": "sha512-YyY8yiDU07ByKb2rJUoNgMAkYeeDvkdrONBREV2MP9siAW7yNft0KfbIoonWTIMY0fGtv8og0EhzKx3Xsi1Nmg==",
      "bin": true
    },
    "@smithy/core@3.31.1": {
      "integrity": "sha512-CyogUINxvi7C7LDsh8Syo6hVJOT9ckz4rG8dRZfTJ8r91HkMY59PnNooaj7WcHyxEkxPfBAmbgztZU+xTo76lg==",
      "dependencies": [
        "@smithy/types",
        "tslib"
      ]
    },
    "@smithy/credential-provider-imds@4.4.16": {
      "integrity": "sha512-QfuLWAkLzptffFW980AFeHZFdqds2B64rpEd3uJ6lgs3xVn9QegGMUgUcj+4d7dRrAsya3r58ZKpku97WcFb4w==",
      "dependencies": [
        "@smithy/core",
        "@smithy/types",
        "tslib"
      ]
    },
    "@smithy/fetch-http-handler@5.6.13": {
      "integrity": "sha512-4fW86pEUOMbrD5nkbyl/tTvPHHWJFbuB2odl6ps9lWfHoXf9HWh3Q/Smh59qH1g7+c/BSZghX6bbUk4gsiMs8A==",
      "dependencies": [
        "@smithy/core",
        "@smithy/types",
        "tslib"
      ]
    },
    "@smithy/is-array-buffer@2.2.0": {
      "integrity": "sha512-GGP3O9QFD24uGeAXYUjwSTXARoqpZykHadOmA8G5vfJPK0/DC67qa//0qvqrJzL1xc8WQWX7/yc7fwudjPHPhA==",
      "dependencies": [
        "tslib"
      ]
    },
    "@smithy/node-http-handler@4.9.13": {
      "integrity": "sha512-Nmd/Nl35zfYrd+a6OO2cDJb3GPh9bgTjIUhcM+JFfjpp8/osCgboDV5nCT1I01Pv6R13eSKDKLSoVa5ZB6Zsfw==",
      "dependencies": [
        "@smithy/core",
        "@smithy/types",
        "tslib"
      ]
    },
    "@smithy/signature-v4@5.6.12": {
      "integrity": "sha512-I6KLtq3H0qqSuV9vLglfi8puHqzygzWHOnI4z/Rdoo+q50vvo18vBRdPAvvEtcaKROz7Zn6qnPa14kRfPH6PcQ==",
      "dependencies": [
        "@smithy/core",
        "@smithy/types",
        "tslib"
      ]
    },
    "@smithy/types@4.16.1": {
      "integrity": "sha512-0JFs3V2y2M9tKW5na/qxe69Zv+uxLMO7QBbhxF/FHu/Gp2NFZAAL9tWl9PU02xxo07pb3G9FTyjNc6D5uZrJIg==",
      "dependencies": [
        "tslib"
      ]
    },
    "@smithy/util-buffer-from@2.2.0": {
      "integrity": "sha512-IJdWBbTcMQ6DA0gdNhh/BwrLkDR+ADW5Kr1aZmd4k3DIF6ezMV4R2NIAmT08wQJ3yUK82thHWmC/TnK/wpMMIA==",
      "dependencies": [
        "@smithy/is-array-buffer",
        "tslib"
      ]
    },
    "@smithy/util-utf8@2.3.0": {
      "integrity": "sha512-R8Rdn8Hy72KKcebgLiv8jQcQkXoLMOGGv5uI1/k0l+snqkOzQ1R0ChUBCxWMlBsFMekWjq0wRudIweFs7sKT5A==",
      "dependencies": [
        "@smithy/util-buffer-from",
        "tslib"
      ]
    },
    "bowser@2.14.1": {
      "integrity": "sha512-tzPjzCxygAKWFOJP011oxFHs57HzIhOEracIgAePE4pqB3LikALKnSzUyU4MGs9/iCEUuHlAJTjTc5M+u7YEGg=="
    },
    "tslib@2.8.1": {
      "integrity": "sha512-oJFu94HQb+KVduSUQL7wnpmqnfmLsOA/nAh6b6EH0wCEoK0/mPeXU6c3wKDV83MkOuHPRHtSXKKU99IBazS/2w=="
    },
    "zod@4.4.3": {
      "integrity": "sha512-ytENFjIJFl2UwYglde2jchW2Hwm4GJFLDiSXWdTrJQBIN9Fcyp7n4DhxJEiWNAJMV1/BqWfW/kkg71UDcHJyTQ=="
    }
  },
  "workspace": {
    "dependencies": [
      "jsr:@systeminit/swamp-testing@0.20260604.20"
    ]
  }
}
