{
  "version": "5",
  "specifiers": {
    "jsr:@std/assert@1": "1.0.19",
    "jsr:@std/assert@1.0.19": "1.0.19",
    "jsr:@std/internal@^1.0.12": "1.0.12",
    "jsr:@systeminit/swamp-testing@0.20260504.10": "0.20260504.10",
    "npm:@aws-sdk/client-eventbridge@3.821.0": "3.821.0",
    "npm:@aws-sdk/client-lambda@3.821.0": "3.821.0",
    "npm:@aws-sdk/client-sns@3.821.0": "3.821.0",
    "npm:@aws-sdk/client-sqs@3.821.0": "3.821.0",
    "npm:@aws-sdk/client-sts@3.821.0": "3.821.0",
    "npm:@aws-sdk/credential-providers@3.821.0": "3.821.0",
    "npm:zod@4.4.3": "4.4.3",
    "npm:zod@^4.3.6": "4.4.3"
  },
  "jsr": {
    "@std/assert@1.0.19": {
      "integrity": "eaada96ee120cb980bc47e040f82814d786fe8162ecc53c91d8df60b8755991e",
      "dependencies": [
        "jsr:@std/internal"
      ]
    },
    "@std/internal@1.0.12": {
      "integrity": "972a634fd5bc34b242024402972cd5143eac68d8dffaca5eaa4dba30ce17b027"
    },
    "@systeminit/swamp-testing@0.20260504.10": {
      "integrity": "f7047edc8089811bdd2c91bf30d7f203bb5bc4b84c4d227a79c29c7910ed655a",
      "dependencies": [
        "jsr:@std/assert@1.0.19",
        "npm:zod@^4.3.6"
      ]
    }
  },
  "npm": {
    "@aws-crypto/crc32@5.2.0": {
      "integrity": "sha512-nLbCWqQNgUiwwtFsen1AdzAtvuLRsQS8rYgMuxCrdKf9kOssamGLuPwyTY9wyYblNr9+1XM8v6zoDTPPSIeANg==",
      "dependencies": [
        "@aws-crypto/util",
        "@aws-sdk/types",
        "tslib"
      ]
    },
    "@aws-crypto/sha256-browser@5.2.0": {
      "integrity": "sha512-AXfN/lGotSQwu6HNcEsIASo7kWXZ5HYWvfOmSNKDsEqC4OashTp8alTmaz+F7TC2L083SFv5RdB+qU3Vs1kZqw==",
      "dependencies": [
        "@aws-crypto/sha256-js",
        "@aws-crypto/supports-web-crypto",
        "@aws-crypto/util",
        "@aws-sdk/types",
        "@aws-sdk/util-locate-window",
        "@smithy/util-utf8@2.3.0",
        "tslib"
      ]
    },
    "@aws-crypto/sha256-js@5.2.0": {
      "integrity": "sha512-FFQQyu7edu4ufvIZ+OadFpHHOt+eSTBaYaki44c+akjg7qZg9oOQeLlk77F6tSYqjDAFClrHJk9tMf0HdVyOvA==",
      "dependencies": [
        "@aws-crypto/util",
        "@aws-sdk/types",
        "tslib"
      ]
    },
    "@aws-crypto/supports-web-crypto@5.2.0": {
      "integrity": "sha512-iAvUotm021kM33eCdNfwIN//F77/IADDSs58i+MDaOqFrVjZo9bAal0NK7HurRuWLLpF1iLX7gbWrjHjeo+YFg==",
      "dependencies": [
        "tslib"
      ]
    },
    "@aws-crypto/util@5.2.0": {
      "integrity": "sha512-4RkU9EsI6ZpBve5fseQlGNUWKMa1RLPQ1dnjnQoe07ldfIzcsGb5hC5W0Dm7u423KWzawlrpbjXBrXCEv9zazQ==",
      "dependencies": [
        "@aws-sdk/types",
        "@smithy/util-utf8@2.3.0",
        "tslib"
      ]
    },
    "@aws-sdk/client-cognito-identity@3.821.0": {
      "integrity": "sha512-c6TpvrRAb4hVcbGMCPjTWU2IRNBzfEz2qZ1v6DGViW0i8vN4+zXY/DcVOL2P3ZA9MDXjFRiiA8RdIy1/zsi3YQ==",
      "dependencies": [
        "@aws-crypto/sha256-browser",
        "@aws-crypto/sha256-js",
        "@aws-sdk/core",
        "@aws-sdk/credential-provider-node",
        "@aws-sdk/middleware-host-header",
        "@aws-sdk/middleware-logger",
        "@aws-sdk/middleware-recursion-detection",
        "@aws-sdk/middleware-user-agent",
        "@aws-sdk/region-config-resolver",
        "@aws-sdk/types",
        "@aws-sdk/util-endpoints",
        "@aws-sdk/util-user-agent-browser",
        "@aws-sdk/util-user-agent-node",
        "@smithy/config-resolver",
        "@smithy/core",
        "@smithy/fetch-http-handler",
        "@smithy/hash-node",
        "@smithy/invalid-dependency",
        "@smithy/middleware-content-length",
        "@smithy/middleware-endpoint",
        "@smithy/middleware-retry",
        "@smithy/middleware-serde",
        "@smithy/middleware-stack",
        "@smithy/node-config-provider",
        "@smithy/node-http-handler",
        "@smithy/protocol-http",
        "@smithy/smithy-client",
        "@smithy/types",
        "@smithy/url-parser",
        "@smithy/util-base64",
        "@smithy/util-body-length-browser",
        "@smithy/util-body-length-node",
        "@smithy/util-defaults-mode-browser",
        "@smithy/util-defaults-mode-node",
        "@smithy/util-endpoints",
        "@smithy/util-middleware",
        "@smithy/util-retry",
        "@smithy/util-utf8@4.4.0",
        "tslib"
      ]
    },
    "@aws-sdk/client-eventbridge@3.821.0": {
      "integrity": "sha512-WmRFlnzcXWQPN/csGruyPDvYUFIVKrd9ITVWTbyUP0QvHfaDSOZefmbkWz3+tWPtFbkZ8ndYZI83LQuByr1qsQ==",
      "dependencies": [
        "@aws-crypto/sha256-browser",
        "@aws-crypto/sha256-js",
        "@aws-sdk/core",
        "@aws-sdk/credential-provider-node",
        "@aws-sdk/middleware-host-header",
        "@aws-sdk/middleware-logger",
        "@aws-sdk/middleware-recursion-detection",
        "@aws-sdk/middleware-user-agent",
        "@aws-sdk/region-config-resolver",
        "@aws-sdk/signature-v4-multi-region",
        "@aws-sdk/types",
        "@aws-sdk/util-endpoints",
        "@aws-sdk/util-user-agent-browser",
        "@aws-sdk/util-user-agent-node",
        "@smithy/config-resolver",
        "@smithy/core",
        "@smithy/fetch-http-handler",
        "@smithy/hash-node",
        "@smithy/invalid-dependency",
        "@smithy/middleware-content-length",
        "@smithy/middleware-endpoint",
        "@smithy/middleware-retry",
        "@smithy/middleware-serde",
        "@smithy/middleware-stack",
        "@smithy/node-config-provider",
        "@smithy/node-http-handler",
        "@smithy/protocol-http",
        "@smithy/smithy-client",
        "@smithy/types",
        "@smithy/url-parser",
        "@smithy/util-base64",
        "@smithy/util-body-length-browser",
        "@smithy/util-body-length-node",
        "@smithy/util-defaults-mode-browser",
        "@smithy/util-defaults-mode-node",
        "@smithy/util-endpoints",
        "@smithy/util-middleware",
        "@smithy/util-retry",
        "@smithy/util-utf8@4.4.0",
        "tslib"
      ]
    },
    "@aws-sdk/client-lambda@3.821.0": {
      "integrity": "sha512-251WeT6d0L5EmpIMAhi3C9ujDftG9TEuzt78A8cW4EQp6BZrVTZFG+FZi+Yef06AUQRdZWY1rUx4nE6WOl6Hkw==",
      "dependencies": [
        "@aws-crypto/sha256-browser",
        "@aws-crypto/sha256-js",
        "@aws-sdk/core",
        "@aws-sdk/credential-provider-node",
        "@aws-sdk/middleware-host-header",
        "@aws-sdk/middleware-logger",
        "@aws-sdk/middleware-recursion-detection",
        "@aws-sdk/middleware-user-agent",
        "@aws-sdk/region-config-resolver",
        "@aws-sdk/types",
        "@aws-sdk/util-endpoints",
        "@aws-sdk/util-user-agent-browser",
        "@aws-sdk/util-user-agent-node",
        "@smithy/config-resolver",
        "@smithy/core",
        "@smithy/eventstream-serde-browser",
        "@smithy/eventstream-serde-config-resolver",
        "@smithy/eventstream-serde-node",
        "@smithy/fetch-http-handler",
        "@smithy/hash-node",
        "@smithy/invalid-dependency",
        "@smithy/middleware-content-length",
        "@smithy/middleware-endpoint",
        "@smithy/middleware-retry",
        "@smithy/middleware-serde",
        "@smithy/middleware-stack",
        "@smithy/node-config-provider",
        "@smithy/node-http-handler",
        "@smithy/protocol-http",
        "@smithy/smithy-client",
        "@smithy/types",
        "@smithy/url-parser",
        "@smithy/util-base64",
        "@smithy/util-body-length-browser",
        "@smithy/util-body-length-node",
        "@smithy/util-defaults-mode-browser",
        "@smithy/util-defaults-mode-node",
        "@smithy/util-endpoints",
        "@smithy/util-middleware",
        "@smithy/util-retry",
        "@smithy/util-stream",
        "@smithy/util-utf8@4.4.0",
        "@smithy/util-waiter",
        "tslib"
      ]
    },
    "@aws-sdk/client-sns@3.821.0": {
      "integrity": "sha512-I7TLsuAzfD/Cu643i2m5F/c798vNfc3skmDQ96aRei1cM4t1x6JJl/F4IIj6pgDBn4CqfWJ1AaPgmX49opuGuw==",
      "dependencies": [
        "@aws-crypto/sha256-browser",
        "@aws-crypto/sha256-js",
        "@aws-sdk/core",
        "@aws-sdk/credential-provider-node",
        "@aws-sdk/middleware-host-header",
        "@aws-sdk/middleware-logger",
        "@aws-sdk/middleware-recursion-detection",
        "@aws-sdk/middleware-user-agent",
        "@aws-sdk/region-config-resolver",
        "@aws-sdk/types",
        "@aws-sdk/util-endpoints",
        "@aws-sdk/util-user-agent-browser",
        "@aws-sdk/util-user-agent-node",
        "@smithy/config-resolver",
        "@smithy/core",
        "@smithy/fetch-http-handler",
        "@smithy/hash-node",
        "@smithy/invalid-dependency",
        "@smithy/middleware-content-length",
        "@smithy/middleware-endpoint",
        "@smithy/middleware-retry",
        "@smithy/middleware-serde",
        "@smithy/middleware-stack",
        "@smithy/node-config-provider",
        "@smithy/node-http-handler",
        "@smithy/protocol-http",
        "@smithy/smithy-client",
        "@smithy/types",
        "@smithy/url-parser",
        "@smithy/util-base64",
        "@smithy/util-body-length-browser",
        "@smithy/util-body-length-node",
        "@smithy/util-defaults-mode-browser",
        "@smithy/util-defaults-mode-node",
        "@smithy/util-endpoints",
        "@smithy/util-middleware",
        "@smithy/util-retry",
        "@smithy/util-utf8@4.4.0",
        "tslib"
      ]
    },
    "@aws-sdk/client-sqs@3.821.0": {
      "integrity": "sha512-ZFGZBjEKw9flecZAIWP0rA536FLjv06VhNDVHBh+KM4gT0lYrX3T5MLxy2ofvNJjyS7WSjz22czoyXUnibFh8w==",
      "dependencies": [
        "@aws-crypto/sha256-browser",
        "@aws-crypto/sha256-js",
        "@aws-sdk/core",
        "@aws-sdk/credential-provider-node",
        "@aws-sdk/middleware-host-header",
        "@aws-sdk/middleware-logger",
        "@aws-sdk/middleware-recursion-detection",
        "@aws-sdk/middleware-sdk-sqs",
        "@aws-sdk/middleware-user-agent",
        "@aws-sdk/region-config-resolver",
        "@aws-sdk/types",
        "@aws-sdk/util-endpoints",
        "@aws-sdk/util-user-agent-browser",
        "@aws-sdk/util-user-agent-node",
        "@smithy/config-resolver",
        "@smithy/core",
        "@smithy/fetch-http-handler",
        "@smithy/hash-node",
        "@smithy/invalid-dependency",
        "@smithy/md5-js",
        "@smithy/middleware-content-length",
        "@smithy/middleware-endpoint",
        "@smithy/middleware-retry",
        "@smithy/middleware-serde",
        "@smithy/middleware-stack",
        "@smithy/node-config-provider",
        "@smithy/node-http-handler",
        "@smithy/protocol-http",
        "@smithy/smithy-client",
        "@smithy/types",
        "@smithy/url-parser",
        "@smithy/util-base64",
        "@smithy/util-body-length-browser",
        "@smithy/util-body-length-node",
        "@smithy/util-defaults-mode-browser",
        "@smithy/util-defaults-mode-node",
        "@smithy/util-endpoints",
        "@smithy/util-middleware",
        "@smithy/util-retry",
        "@smithy/util-utf8@4.4.0",
        "tslib"
      ]
    },
    "@aws-sdk/client-sso@3.821.0": {
      "integrity": "sha512-aDEBZUKUd/+Tvudi0d9KQlqt2OW2P27LATZX0jkNC8yVk4145bAPS04EYoqdKLuyUn/U33DibEOgKUpxZB12jQ==",
      "dependencies": [
        "@aws-crypto/sha256-browser",
        "@aws-crypto/sha256-js",
        "@aws-sdk/core",
        "@aws-sdk/middleware-host-header",
        "@aws-sdk/middleware-logger",
        "@aws-sdk/middleware-recursion-detection",
        "@aws-sdk/middleware-user-agent",
        "@aws-sdk/region-config-resolver",
        "@aws-sdk/types",
        "@aws-sdk/util-endpoints",
        "@aws-sdk/util-user-agent-browser",
        "@aws-sdk/util-user-agent-node",
        "@smithy/config-resolver",
        "@smithy/core",
        "@smithy/fetch-http-handler",
        "@smithy/hash-node",
        "@smithy/invalid-dependency",
        "@smithy/middleware-content-length",
        "@smithy/middleware-endpoint",
        "@smithy/middleware-retry",
        "@smithy/middleware-serde",
        "@smithy/middleware-stack",
        "@smithy/node-config-provider",
        "@smithy/node-http-handler",
        "@smithy/protocol-http",
        "@smithy/smithy-client",
        "@smithy/types",
        "@smithy/url-parser",
        "@smithy/util-base64",
        "@smithy/util-body-length-browser",
        "@smithy/util-body-length-node",
        "@smithy/util-defaults-mode-browser",
        "@smithy/util-defaults-mode-node",
        "@smithy/util-endpoints",
        "@smithy/util-middleware",
        "@smithy/util-retry",
        "@smithy/util-utf8@4.4.0",
        "tslib"
      ]
    },
    "@aws-sdk/client-sts@3.821.0": {
      "integrity": "sha512-11R+OFIU7R53DqA+WmblP6IPoCRNwC31rFKjSlrrGEvBHHMf6fdEn0nYiGtB/VbQ65I5EbrSDnlG+StCIXqOIA==",
      "dependencies": [
        "@aws-crypto/sha256-browser",
        "@aws-crypto/sha256-js",
        "@aws-sdk/core",
        "@aws-sdk/credential-provider-node",
        "@aws-sdk/middleware-host-header",
        "@aws-sdk/middleware-logger",
        "@aws-sdk/middleware-recursion-detection",
        "@aws-sdk/middleware-user-agent",
        "@aws-sdk/region-config-resolver",
        "@aws-sdk/types",
        "@aws-sdk/util-endpoints",
        "@aws-sdk/util-user-agent-browser",
        "@aws-sdk/util-user-agent-node",
        "@smithy/config-resolver",
        "@smithy/core",
        "@smithy/fetch-http-handler",
        "@smithy/hash-node",
        "@smithy/invalid-dependency",
        "@smithy/middleware-content-length",
        "@smithy/middleware-endpoint",
        "@smithy/middleware-retry",
        "@smithy/middleware-serde",
        "@smithy/middleware-stack",
        "@smithy/node-config-provider",
        "@smithy/node-http-handler",
        "@smithy/protocol-http",
        "@smithy/smithy-client",
        "@smithy/types",
        "@smithy/url-parser",
        "@smithy/util-base64",
        "@smithy/util-body-length-browser",
        "@smithy/util-body-length-node",
        "@smithy/util-defaults-mode-browser",
        "@smithy/util-defaults-mode-node",
        "@smithy/util-endpoints",
        "@smithy/util-middleware",
        "@smithy/util-retry",
        "@smithy/util-utf8@4.4.0",
        "tslib"
      ]
    },
    "@aws-sdk/core@3.821.0": {
      "integrity": "sha512-8eB3wKbmfciQFmxFq7hAjy7mXdUs7vBOR5SwT0ZtQBg0Txc18Lc9tMViqqdO6/KU7OukA6ib2IAVSjIJJEN7FQ==",
      "dependencies": [
        "@aws-sdk/types",
        "@smithy/core",
        "@smithy/node-config-provider",
        "@smithy/property-provider",
        "@smithy/protocol-http",
        "@smithy/signature-v4",
        "@smithy/smithy-client",
        "@smithy/types",
        "@smithy/util-middleware",
        "fast-xml-parser",
        "tslib"
      ]
    },
    "@aws-sdk/credential-provider-cognito-identity@3.821.0": {
      "integrity": "sha512-8ZdFwmSxvQv8QindA0DJ3YUT9FD8T9sA5hQWp3B9+Znkze29IiIadnsXY0Heo2/FOFygxh8jRXiCWEie7/YpzA==",
      "dependencies": [
        "@aws-sdk/client-cognito-identity",
        "@aws-sdk/types",
        "@smithy/property-provider",
        "@smithy/types",
        "tslib"
      ]
    },
    "@aws-sdk/credential-provider-env@3.821.0": {
      "integrity": "sha512-C+s/A72pd7CXwEsJj9+Uq9T726iIfIF18hGRY8o82xcIEfOyakiPnlisku8zZOaAu+jm0CihbbYN4NyYNQ+HZQ==",
      "dependencies": [
        "@aws-sdk/core",
        "@aws-sdk/types",
        "@smithy/property-provider",
        "@smithy/types",
        "tslib"
      ]
    },
    "@aws-sdk/credential-provider-http@3.821.0": {
      "integrity": "sha512-gIRzTLnAsRfRSNarCag7G7rhcHagz4x5nNTWRihQs5cwTOghEExDy7Tj5m4TEkv3dcTAsNn+l4tnR4nZXo6R+Q==",
      "dependencies": [
        "@aws-sdk/core",
        "@aws-sdk/types",
        "@smithy/fetch-http-handler",
        "@smithy/node-http-handler",
        "@smithy/property-provider",
        "@smithy/protocol-http",
        "@smithy/smithy-client",
        "@smithy/types",
        "@smithy/util-stream",
        "tslib"
      ]
    },
    "@aws-sdk/credential-provider-ini@3.821.0": {
      "integrity": "sha512-VRTrmsca8kBHtY1tTek1ce+XkK/H0fzodBKcilM/qXjTyumMHPAzVAxKZfSvGC+28/pXyQzhOEyxZfw7giCiWA==",
      "dependencies": [
        "@aws-sdk/core",
        "@aws-sdk/credential-provider-env",
        "@aws-sdk/credential-provider-http",
        "@aws-sdk/credential-provider-process",
        "@aws-sdk/credential-provider-sso",
        "@aws-sdk/credential-provider-web-identity",
        "@aws-sdk/nested-clients",
        "@aws-sdk/types",
        "@smithy/credential-provider-imds",
        "@smithy/property-provider",
        "@smithy/shared-ini-file-loader",
        "@smithy/types",
        "tslib"
      ]
    },
    "@aws-sdk/credential-provider-node@3.821.0": {
      "integrity": "sha512-oBgbcgOXWMgknAfhIdTeHSSVIv+k2LXN9oTbxu1r++o4WWBWrEQ8mHU0Zo9dfr7Uaoqi3pezYZznsBkXnMLEOg==",
      "dependencies": [
        "@aws-sdk/credential-provider-env",
        "@aws-sdk/credential-provider-http",
        "@aws-sdk/credential-provider-ini",
        "@aws-sdk/credential-provider-process",
        "@aws-sdk/credential-provider-sso",
        "@aws-sdk/credential-provider-web-identity",
        "@aws-sdk/types",
        "@smithy/credential-provider-imds",
        "@smithy/property-provider",
        "@smithy/shared-ini-file-loader",
        "@smithy/types",
        "tslib"
      ]
    },
    "@aws-sdk/credential-provider-process@3.821.0": {
      "integrity": "sha512-e18ucfqKB3ICNj5RP/FEdvUfhVK6E9MALOsl8pKP13mwegug46p/1BsZWACD5n+Zf9ViiiHxIO7td03zQixfwA==",
      "dependencies": [
        "@aws-sdk/core",
        "@aws-sdk/types",
        "@smithy/property-provider",
        "@smithy/shared-ini-file-loader",
        "@smithy/types",
        "tslib"
      ]
    },
    "@aws-sdk/credential-provider-sso@3.821.0": {
      "integrity": "sha512-Dt+pheBLom4O/egO4L75/72k9C1qtUOLl0F0h6lmqZe4Mvhz+wDtjoO/MdGC/P1q0kcIX/bBKr0NQ3cIvAH8pA==",
      "dependencies": [
        "@aws-sdk/client-sso",
        "@aws-sdk/core",
        "@aws-sdk/token-providers",
        "@aws-sdk/types",
        "@smithy/property-provider",
        "@smithy/shared-ini-file-loader",
        "@smithy/types",
        "tslib"
      ]
    },
    "@aws-sdk/credential-provider-web-identity@3.821.0": {
      "integrity": "sha512-FF5wnRJkxSQaCVVvWNv53K1MhTMgH8d+O+MHTbkv51gVIgVATrtfFQMKBLcEAxzXrgAliIO3LiNv+1TqqBZ+BA==",
      "dependencies": [
        "@aws-sdk/core",
        "@aws-sdk/nested-clients",
        "@aws-sdk/types",
        "@smithy/property-provider",
        "@smithy/types",
        "tslib"
      ]
    },
    "@aws-sdk/credential-providers@3.821.0": {
      "integrity": "sha512-ZkV7KlKD+rSW/AP5zjSgMi+0xJ5TL5J6XVaP3IG5qyqBYTREJ8DbB/9YVUpYt2qtzpWUh/K43nmDEyfLd2YJog==",
      "dependencies": [
        "@aws-sdk/client-cognito-identity",
        "@aws-sdk/core",
        "@aws-sdk/credential-provider-cognito-identity",
        "@aws-sdk/credential-provider-env",
        "@aws-sdk/credential-provider-http",
        "@aws-sdk/credential-provider-ini",
        "@aws-sdk/credential-provider-node",
        "@aws-sdk/credential-provider-process",
        "@aws-sdk/credential-provider-sso",
        "@aws-sdk/credential-provider-web-identity",
        "@aws-sdk/nested-clients",
        "@aws-sdk/types",
        "@smithy/config-resolver",
        "@smithy/core",
        "@smithy/credential-provider-imds",
        "@smithy/node-config-provider",
        "@smithy/property-provider",
        "@smithy/types",
        "tslib"
      ]
    },
    "@aws-sdk/middleware-host-header@3.821.0": {
      "integrity": "sha512-xSMR+sopSeWGx5/4pAGhhfMvGBHioVBbqGvDs6pG64xfNwM5vq5s5v6D04e2i+uSTj4qGa71dLUs5I0UzAK3sw==",
      "dependencies": [
        "@aws-sdk/types",
        "@smithy/protocol-http",
        "@smithy/types",
        "tslib"
      ]
    },
    "@aws-sdk/middleware-logger@3.821.0": {
      "integrity": "sha512-0cvI0ipf2tGx7fXYEEN5fBeZDz2RnHyb9xftSgUsEq7NBxjV0yTZfLJw6Za5rjE6snC80dRN8+bTNR1tuG89zA==",
      "dependencies": [
        "@aws-sdk/types",
        "@smithy/types",
        "tslib"
      ]
    },
    "@aws-sdk/middleware-recursion-detection@3.821.0": {
      "integrity": "sha512-efmaifbhBoqKG3bAoEfDdcM8hn1psF+4qa7ykWuYmfmah59JBeqHLfz5W9m9JoTwoKPkFcVLWZxnyZzAnVBOIg==",
      "dependencies": [
        "@aws-sdk/types",
        "@smithy/protocol-http",
        "@smithy/types",
        "tslib"
      ]
    },
    "@aws-sdk/middleware-sdk-s3@3.821.0": {
      "integrity": "sha512-D469De1d4NtcCTVHzUL2Q0tGvPFr7mk2j4+oCYpVyd5awSSOyl8Adkxse8qayZj9ROmuMlsoU5VhBvcc9Hoo2w==",
      "dependencies": [
        "@aws-sdk/core",
        "@aws-sdk/types",
        "@aws-sdk/util-arn-parser",
        "@smithy/core",
        "@smithy/node-config-provider",
        "@smithy/protocol-http",
        "@smithy/signature-v4",
        "@smithy/smithy-client",
        "@smithy/types",
        "@smithy/util-config-provider",
        "@smithy/util-middleware",
        "@smithy/util-stream",
        "@smithy/util-utf8@4.4.0",
        "tslib"
      ]
    },
    "@aws-sdk/middleware-sdk-sqs@3.821.0": {
      "integrity": "sha512-7mjR6e0simwTy6YBeTBfenQZRW2JhmzLijV24sPj+k/6Z+Zj1EIxYFYjKQdQcsgYdbirEtNt2Yig5ximGnPwTg==",
      "dependencies": [
        "@aws-sdk/types",
        "@smithy/smithy-client",
        "@smithy/types",
        "@smithy/util-hex-encoding",
        "@smithy/util-utf8@4.4.0",
        "tslib"
      ]
    },
    "@aws-sdk/middleware-user-agent@3.821.0": {
      "integrity": "sha512-rw8q3TxygMg3VrofN04QyWVCCyGwz3bVthYmBZZseENPWG3Krz1OCKcyqjkTcAxMQlEywOske+GIiOasGKnJ3w==",
      "dependencies": [
        "@aws-sdk/core",
        "@aws-sdk/types",
        "@aws-sdk/util-endpoints",
        "@smithy/core",
        "@smithy/protocol-http",
        "@smithy/types",
        "tslib"
      ]
    },
    "@aws-sdk/nested-clients@3.821.0": {
      "integrity": "sha512-2IuHcUsWw44ftSEDYU4dvktTEqgyDvkOcfpoGC/UmT4Qo6TVCP3U5tWEGpNK9nN+7nLvekruxxG/jaMt5/oWVw==",
      "dependencies": [
        "@aws-crypto/sha256-browser",
        "@aws-crypto/sha256-js",
        "@aws-sdk/core",
        "@aws-sdk/middleware-host-header",
        "@aws-sdk/middleware-logger",
        "@aws-sdk/middleware-recursion-detection",
        "@aws-sdk/middleware-user-agent",
        "@aws-sdk/region-config-resolver",
        "@aws-sdk/types",
        "@aws-sdk/util-endpoints",
        "@aws-sdk/util-user-agent-browser",
        "@aws-sdk/util-user-agent-node",
        "@smithy/config-resolver",
        "@smithy/core",
        "@smithy/fetch-http-handler",
        "@smithy/hash-node",
        "@smithy/invalid-dependency",
        "@smithy/middleware-content-length",
        "@smithy/middleware-endpoint",
        "@smithy/middleware-retry",
        "@smithy/middleware-serde",
        "@smithy/middleware-stack",
        "@smithy/node-config-provider",
        "@smithy/node-http-handler",
        "@smithy/protocol-http",
        "@smithy/smithy-client",
        "@smithy/types",
        "@smithy/url-parser",
        "@smithy/util-base64",
        "@smithy/util-body-length-browser",
        "@smithy/util-body-length-node",
        "@smithy/util-defaults-mode-browser",
        "@smithy/util-defaults-mode-node",
        "@smithy/util-endpoints",
        "@smithy/util-middleware",
        "@smithy/util-retry",
        "@smithy/util-utf8@4.4.0",
        "tslib"
      ]
    },
    "@aws-sdk/region-config-resolver@3.821.0": {
      "integrity": "sha512-t8og+lRCIIy5nlId0bScNpCkif8sc0LhmtaKsbm0ZPm3sCa/WhCbSZibjbZ28FNjVCV+p0D9RYZx0VDDbtWyjw==",
      "dependencies": [
        "@aws-sdk/types",
        "@smithy/node-config-provider",
        "@smithy/types",
        "@smithy/util-config-provider",
        "@smithy/util-middleware",
        "tslib"
      ]
    },
    "@aws-sdk/signature-v4-multi-region@3.821.0": {
      "integrity": "sha512-UjfyVR/PB/TP9qe1x6tv7qLlD8/0eiSLDkkBUgBmddkkX0l17oy9c2SJINuV3jy1fbx6KORZ6gyvRZ2nb8dtMw==",
      "dependencies": [
        "@aws-sdk/middleware-sdk-s3",
        "@aws-sdk/types",
        "@smithy/protocol-http",
        "@smithy/signature-v4",
        "@smithy/types",
        "tslib"
      ]
    },
    "@aws-sdk/token-providers@3.821.0": {
      "integrity": "sha512-qJ7wgKhdxGbPg718zWXbCYKDuSWZNU3TSw64hPRW6FtbZrIyZxObpiTKC6DKwfsVoZZhHEoP/imGykN1OdOTJA==",
      "dependencies": [
        "@aws-sdk/core",
        "@aws-sdk/nested-clients",
        "@aws-sdk/types",
        "@smithy/property-provider",
        "@smithy/shared-ini-file-loader",
        "@smithy/types",
        "tslib"
      ]
    },
    "@aws-sdk/types@3.821.0": {
      "integrity": "sha512-Znroqdai1a90TlxGaJ+FK1lwC0fHpo97Xjsp5UKGR5JODYm7f9+/fF17ebO1KdoBr/Rm0UIFiF5VmI8ts9F1eA==",
      "dependencies": [
        "@smithy/types",
        "tslib"
      ]
    },
    "@aws-sdk/util-arn-parser@3.804.0": {
      "integrity": "sha512-wmBJqn1DRXnZu3b4EkE6CWnoWMo1ZMvlfkqU5zPz67xx1GMaXlDCchFvKAXMjk4jn/L1O3tKnoFDNsoLV1kgNQ==",
      "dependencies": [
        "tslib"
      ]
    },
    "@aws-sdk/util-endpoints@3.821.0": {
      "integrity": "sha512-Uknt/zUZnLE76zaAAPEayOeF5/4IZ2puTFXvcSCWHsi9m3tqbb9UozlnlVqvCZLCRWfQryZQoG2W4XSS3qgk5A==",
      "dependencies": [
        "@aws-sdk/types",
        "@smithy/types",
        "@smithy/util-endpoints",
        "tslib"
      ]
    },
    "@aws-sdk/util-locate-window@3.965.8": {
      "integrity": "sha512-uUbMs1cBZPafD0ohUj6EwNf0fPZ534NvBxHox4hjX+0Rxq5paSYUem7+hi833pYrzrcnBATKIYpR02MDXT5M9g==",
      "dependencies": [
        "tslib"
      ]
    },
    "@aws-sdk/util-user-agent-browser@3.821.0": {
      "integrity": "sha512-irWZHyM0Jr1xhC+38OuZ7JB6OXMLPZlj48thElpsO1ZSLRkLZx5+I7VV6k3sp2yZ7BYbKz/G2ojSv4wdm7XTLw==",
      "dependencies": [
        "@aws-sdk/types",
        "@smithy/types",
        "bowser",
        "tslib"
      ]
    },
    "@aws-sdk/util-user-agent-node@3.821.0": {
      "integrity": "sha512-YwMXc9EvuzJgnLBTyiQly2juPujXwDgcMHB0iSN92tHe7Dd1jJ1feBmTgdClaaqCeHFUaFpw+3JU/ZUJ6LjR+A==",
      "dependencies": [
        "@aws-sdk/middleware-user-agent",
        "@aws-sdk/types",
        "@smithy/node-config-provider",
        "@smithy/types",
        "tslib"
      ]
    },
    "@smithy/config-resolver@4.6.0": {
      "integrity": "sha512-NJF/Xc69G68BzZMKMEpWkCY9HjZJzTWztTW4VxBC2SodX+H60xw+NGckNhkgg4uMRHrpDkhWeBeigM3YJmv1FQ==",
      "dependencies": [
        "@smithy/core",
        "tslib"
      ]
    },
    "@smithy/core@3.25.0": {
      "integrity": "sha512-TTD6el7tvKyafkXBf7XO3jLOE+qVxOTrLjp/fEGiV3BMfUHK/LfdYlQO9YgZvzxC7kqA3H/IhJXNqQgnbgjb7A==",
      "dependencies": [
        "@aws-crypto/crc32",
        "@smithy/types",
        "tslib"
      ]
    },
    "@smithy/credential-provider-imds@4.4.0": {
      "integrity": "sha512-pPQmNdEvMJttv9z2kdYxoui83p/nr32zjMf0aMfmzmGmFEgKXUfy0vXiNg0fx4R5XLQzmJBLM9Wg0guEq2/q8A==",
      "dependencies": [
        "@smithy/core",
        "@smithy/types",
        "tslib"
      ]
    },
    "@smithy/eventstream-serde-browser@4.4.0": {
      "integrity": "sha512-VIViKuJIgQ5eb66Su0LshXQNf3oJ0QXQ3gDg/rXJ47mFN6wmoolUT7OwczRdjpHGIH4T99aPSLURb9YYoLZqmQ==",
      "dependencies": [
        "@smithy/core",
        "tslib"
      ]
    },
    "@smithy/eventstream-serde-config-resolver@4.5.0": {
      "integrity": "sha512-JtUvQ4EP4+KtNkwSLFRIzHdFftfZ+CQ8g95xT6uBzCFCu23Lt4sr6neQXmNHLM9RJ9Vw20LdcTBXtw3h4J1qeA==",
      "dependencies": [
        "@smithy/core",
        "tslib"
      ]
    },
    "@smithy/eventstream-serde-node@4.4.0": {
      "integrity": "sha512-N8TeITQmnPZNKgjVaoHm4pOUPAeIPWAqTZVhEltxEbWsYciC6NezCw/TjUudgoiU8ljpvpzxQiZ3TLWMvadNMg==",
      "dependencies": [
        "@smithy/core",
        "tslib"
      ]
    },
    "@smithy/fetch-http-handler@5.5.0": {
      "integrity": "sha512-OG8kBYAgX7lf32+xLzgirvuLffn1KNoszaSiButt45i2cRa5irk8LQXLYQ5Smij1SBTN4KMNcBsRwRrLPfIGyA==",
      "dependencies": [
        "@smithy/core",
        "@smithy/types",
        "tslib"
      ]
    },
    "@smithy/hash-node@4.4.0": {
      "integrity": "sha512-MkyiJfdnDlBdmq26Cxskw2dtX6V/EgTjCriPc7Gq0084hncjIFVJ26IwHpauXJT2w79B4umF0erKi4epBR/WDA==",
      "dependencies": [
        "@smithy/core",
        "tslib"
      ]
    },
    "@smithy/invalid-dependency@4.4.0": {
      "integrity": "sha512-KWyzbLxpEcr4iU8A/Bu4zZN9w9LdXT6SO2jfbwP21xdNr2JyW8XBowOKViG/dHp912ekAmtJ7SDfPapj7yS7JQ==",
      "dependencies": [
        "@smithy/core",
        "tslib"
      ]
    },
    "@smithy/is-array-buffer@2.2.0": {
      "integrity": "sha512-GGP3O9QFD24uGeAXYUjwSTXARoqpZykHadOmA8G5vfJPK0/DC67qa//0qvqrJzL1xc8WQWX7/yc7fwudjPHPhA==",
      "dependencies": [
        "tslib"
      ]
    },
    "@smithy/md5-js@4.4.0": {
      "integrity": "sha512-/TkyVulxTrirvSUs8hvyYH1V/sKxaO2RTmAW7oh6D6wyNPh8TPUxpk1RYSY5wd8bMZpKfh8FSEMIkLSTnN/Pjw==",
      "dependencies": [
        "@smithy/core",
        "tslib"
      ]
    },
    "@smithy/middleware-content-length@4.4.0": {
      "integrity": "sha512-hLdaOvB2JIZhOa6REhHJHXQavMQC5EvewIiWM/mk9AWGlwoo6QyAXlYsp621AexTqY44558s3e3vzLHwyPhlsA==",
      "dependencies": [
        "@smithy/core",
        "tslib"
      ]
    },
    "@smithy/middleware-endpoint@4.6.0": {
      "integrity": "sha512-yPaTGexBoXq70QMw/dIq/E4pLQMgBtSmAV23XyZm9UcMoGMS7efa2HMy+LvhlnDgyqCeXn8mQ7k+e4uD6rbjew==",
      "dependencies": [
        "@smithy/core",
        "tslib"
      ]
    },
    "@smithy/middleware-retry@4.7.0": {
      "integrity": "sha512-Br+n69+Hc6HwZZmRfhrEB7q7C6MZBghxlCugZHnvnPJN/bsMYG3d4hzhXjJr4EyBkxhe5hcvtZpgUDJhdmV22g==",
      "dependencies": [
        "@smithy/core",
        "tslib"
      ]
    },
    "@smithy/middleware-serde@4.4.0": {
      "integrity": "sha512-bDnLiVuVciCC4d2n/PCcGJrKwgQupNIeuMNZvkStsGGeeVJ9WDjTpDwEYZTiXSIFszvzt7FVX3l5rsB3puNDbA==",
      "dependencies": [
        "@smithy/core",
        "tslib"
      ]
    },
    "@smithy/middleware-stack@4.4.0": {
      "integrity": "sha512-tZUD0fE+/aLzLS4b75SDyQXBybPCI9UqwEAhDRmME8ObjEtnMnA6Hrt0FCNMN+JPoCtcrbUS0cHPXFTQMDtgoA==",
      "dependencies": [
        "@smithy/core",
        "tslib"
      ]
    },
    "@smithy/node-config-provider@4.5.0": {
      "integrity": "sha512-hwea2f5OKcsZMKGgMYzWyclQKoMMbXzFVuv4033sc23dEjGOscqQ0hGHLDQcSneSsIZ8WcwxCV9y+ou34xoizA==",
      "dependencies": [
        "@smithy/core",
        "tslib"
      ]
    },
    "@smithy/node-http-handler@4.8.0": {
      "integrity": "sha512-Mq7TNt/VhlEWiYRLQGpzUWeUxh899UGpjKh7Ru0WVIDIjnE+cTRAn0NYlFQ6bWfsQnKnpCbWJj86HzmcG0qEdg==",
      "dependencies": [
        "@smithy/core",
        "@smithy/types",
        "tslib"
      ]
    },
    "@smithy/property-provider@4.4.0": {
      "integrity": "sha512-btjt5ZSO1JOrFJM8Wzzuqlzu3pc+iGb3InhyRbHX/LzK4gn4/SnfjCEdNAf912tcgcjfi5b2kiaNGz9vlT1Eog==",
      "dependencies": [
        "@smithy/core",
        "tslib"
      ]
    },
    "@smithy/protocol-http@5.5.0": {
      "integrity": "sha512-gqvRWWZIcqmj7iS68p+hrxiOg1fGQcfzNPUlSGJ69hzLHyCyIRApasCpAp/xMGRgb6QqVH/YQhztOYgs+ZI3kA==",
      "dependencies": [
        "@smithy/core",
        "tslib"
      ]
    },
    "@smithy/shared-ini-file-loader@4.6.0": {
      "integrity": "sha512-O/cWx1tDsuyi5I1EkfsrJMnVNfcSvpKmAqp/dKtVfFSIm9Wa/IgVYV7x98OAK7T38eLfRU5/xpVgolC84Ul2UQ==",
      "dependencies": [
        "@smithy/core",
        "tslib"
      ]
    },
    "@smithy/signature-v4@5.5.0": {
      "integrity": "sha512-vW6UdK7e7gV2wU/tXRsPq4pMQMusb8VymdVOyIFNA1FtyRmEClRFkYDtYI8UcO/HM0wK3qqjvvQs3HOlbgMbdg==",
      "dependencies": [
        "@smithy/core",
        "@smithy/types",
        "tslib"
      ]
    },
    "@smithy/smithy-client@4.14.0": {
      "integrity": "sha512-pBJs2oWyl/drgw1lQOdwjXEwEeL36PN/CeRt33lwBu1OZTmoKqQjp93vcjM9fjv5ETsgEzB7WLSX6rYKKP0Eqw==",
      "dependencies": [
        "@smithy/core",
        "@smithy/types",
        "tslib"
      ]
    },
    "@smithy/types@4.15.0": {
      "integrity": "sha512-Z5TAOxygoFvybJV3igo5SloFflSokHx2hu1eFA+DxDTcn+FtKxUSui+rbTRG1pAafMA888Z3MVvCWUuvCrTXjg==",
      "dependencies": [
        "tslib"
      ]
    },
    "@smithy/url-parser@4.4.0": {
      "integrity": "sha512-E73GGqNThq6SLLOgQKU5re/iDc1oPk21zPr0t4KUD/sj6qlB06vQX/5xu3H8lTnCqWh9oLr1tXsv2Cpu74TTLg==",
      "dependencies": [
        "@smithy/core",
        "tslib"
      ]
    },
    "@smithy/util-base64@4.5.0": {
      "integrity": "sha512-SF3V9ZZ9KotchuyxHdOvi1Y8OO7ZS+mDzoasCIrni9HEDf/BsBqCA9BAKHG+waerz4nutHPGDMRQw8B6VtVCsg==",
      "dependencies": [
        "@smithy/core",
        "tslib"
      ]
    },
    "@smithy/util-body-length-browser@4.4.0": {
      "integrity": "sha512-JU3CDQScfAA9inuNyIQVNbHJ54fhtwXQqwBkR0xQN9lyGkFgFKnzHFgNQonfu67O5kdcnv1bOxhqsfrwmg2i1A==",
      "dependencies": [
        "@smithy/core",
        "tslib"
      ]
    },
    "@smithy/util-body-length-node@4.4.0": {
      "integrity": "sha512-Hu7UCgEGGxjT8pUsaYq4K7tfhShBXYnRU68GRia3H7dzjtU4AX9/jdVS4qhNn4lSdxA+d76iRESNu0jduT1Pjg==",
      "dependencies": [
        "@smithy/core",
        "tslib"
      ]
    },
    "@smithy/util-buffer-from@2.2.0": {
      "integrity": "sha512-IJdWBbTcMQ6DA0gdNhh/BwrLkDR+ADW5Kr1aZmd4k3DIF6ezMV4R2NIAmT08wQJ3yUK82thHWmC/TnK/wpMMIA==",
      "dependencies": [
        "@smithy/is-array-buffer",
        "tslib"
      ]
    },
    "@smithy/util-config-provider@4.4.0": {
      "integrity": "sha512-8CFmtq72pxt9r1a4opNuTgI+P6WfiN1ZCI2bREmKtxYmYakSwAWBn4UieEf/q5YOdM2+jJ+A7GqBtsXbkI7bwQ==",
      "dependencies": [
        "@smithy/core",
        "tslib"
      ]
    },
    "@smithy/util-defaults-mode-browser@4.5.0": {
      "integrity": "sha512-T4/V3fCSnhNg5xLlxxo5H8YsBblVtCnvrSb+XLhUjngUzu8W53uAxdUOKXQTN3HWVBlBOa5sD+BJb6FOqNtkYg==",
      "dependencies": [
        "@smithy/core",
        "tslib"
      ]
    },
    "@smithy/util-defaults-mode-node@4.4.0": {
      "integrity": "sha512-4ZjhBmU8Dt1OFBY8GfKHalfPy0BF4/IrSGMuhiPRc81bbRbLP/rPH65LrLgokm3rd/wzRpTwSEKNeKSAnYHSdg==",
      "dependencies": [
        "@smithy/core",
        "tslib"
      ]
    },
    "@smithy/util-endpoints@3.6.0": {
      "integrity": "sha512-g8tR/yXtx08j1NMdaFsMy0caBFeTl6l4fbQWvyjKQJ5rUMf5oqV69iyrqwfl7tuD9N9cJo23yqpzrGmbYp8r3g==",
      "dependencies": [
        "@smithy/core",
        "tslib"
      ]
    },
    "@smithy/util-hex-encoding@4.4.0": {
      "integrity": "sha512-z5K3tcNFs35yemHVwA2GEzlqY9aVuFKwkR8N9gtj23Ex3eXCK199NNDHKsBpWvpUFlRFbBet812WhGkKPPwkaw==",
      "dependencies": [
        "@smithy/core",
        "tslib"
      ]
    },
    "@smithy/util-middleware@4.4.0": {
      "integrity": "sha512-XMhUiohsBJVwzJeS+w8y6E43I4rz/5ZpreSQAa6/gtNiXVBFhSw0inCKod5sJxuEETY2tTtK132lKcHVZAFgEQ==",
      "dependencies": [
        "@smithy/core",
        "tslib"
      ]
    },
    "@smithy/util-retry@4.5.0": {
      "integrity": "sha512-l8i4lcA4AzvOc+aiMz8UyU7lSEgOmXd1Xktrhp7h1sO55j1VygpVUr/dAIfX9liY5HbDvDhTFZCgVHsYGlAoWw==",
      "dependencies": [
        "@smithy/core",
        "tslib"
      ]
    },
    "@smithy/util-stream@4.7.0": {
      "integrity": "sha512-lZfQFdsC48pRqCSv8R1jrjaAOJadldqH6ZbnaWgv9mKy77yYrMsqFam131hoa1obeydN2Qz52uUu+k9Og4W9sQ==",
      "dependencies": [
        "@smithy/core",
        "tslib"
      ]
    },
    "@smithy/util-utf8@2.3.0": {
      "integrity": "sha512-R8Rdn8Hy72KKcebgLiv8jQcQkXoLMOGGv5uI1/k0l+snqkOzQ1R0ChUBCxWMlBsFMekWjq0wRudIweFs7sKT5A==",
      "dependencies": [
        "@smithy/util-buffer-from",
        "tslib"
      ]
    },
    "@smithy/util-utf8@4.4.0": {
      "integrity": "sha512-dMvQY14daYwEfKR+/ACROrUwJ5onUue7d9o4KJo4gaecn5eVzxlCbSeU9GSh0ojFpIiI1bpnJJxO1wY2VXDEtQ==",
      "dependencies": [
        "@smithy/core",
        "tslib"
      ]
    },
    "@smithy/util-waiter@4.5.0": {
      "integrity": "sha512-BbTtz3ULP1na8PvteT1buTof7rUxcQd127FEjCT6jO99G2H3BR/OAlBRjWPZKJ9QvJPdYupR9/ai+rrnA8xneg==",
      "dependencies": [
        "@smithy/core",
        "tslib"
      ]
    },
    "bowser@2.14.1": {
      "integrity": "sha512-tzPjzCxygAKWFOJP011oxFHs57HzIhOEracIgAePE4pqB3LikALKnSzUyU4MGs9/iCEUuHlAJTjTc5M+u7YEGg=="
    },
    "fast-xml-parser@4.4.1": {
      "integrity": "sha512-xkjOecfnKGkSsOwtZ5Pz7Us/T6mrbPQrq0nh+aCO5V9nk5NLWmasAHumTKjiPJPWANe+kAZ84Jc8ooJkzZ88Sw==",
      "dependencies": [
        "strnum"
      ],
      "bin": true
    },
    "strnum@1.1.2": {
      "integrity": "sha512-vrN+B7DBIoTTZjnPNewwhx6cBA/H+IS7rfW68n7XxC1y7uoiGQBxaKzqucGUgavX15dJgiGztLJ8vxuEzwqBdA=="
    },
    "tslib@2.8.1": {
      "integrity": "sha512-oJFu94HQb+KVduSUQL7wnpmqnfmLsOA/nAh6b6EH0wCEoK0/mPeXU6c3wKDV83MkOuHPRHtSXKKU99IBazS/2w=="
    },
    "zod@4.4.3": {
      "integrity": "sha512-ytENFjIJFl2UwYglde2jchW2Hwm4GJFLDiSXWdTrJQBIN9Fcyp7n4DhxJEiWNAJMV1/BqWfW/kkg71UDcHJyTQ=="
    }
  },
  "workspace": {
    "dependencies": [
      "jsr:@systeminit/swamp-testing@0.20260504.10"
    ]
  }
}
