{
  "version": "5",
  "specifiers": {
    "jsr:@std/assert@1": "1.0.19",
    "jsr:@std/assert@1.0.19": "1.0.19",
    "jsr:@std/internal@^1.0.12": "1.0.12",
    "jsr:@systeminit/swamp-testing@0.20260331.5": "0.20260331.5",
    "npm:@aws-sdk/client-pricing@3.1010.0": "3.1010.0",
    "npm:zod@4.3.6": "4.3.6"
  },
  "jsr": {
    "@std/assert@1.0.19": {
      "integrity": "eaada96ee120cb980bc47e040f82814d786fe8162ecc53c91d8df60b8755991e",
      "dependencies": [
        "jsr:@std/internal"
      ]
    },
    "@std/internal@1.0.12": {
      "integrity": "972a634fd5bc34b242024402972cd5143eac68d8dffaca5eaa4dba30ce17b027"
    },
    "@systeminit/swamp-testing@0.20260331.5": {
      "integrity": "7f336df3a10433f2218c998b1b9757cba134585f44d53776ed82420b12b04df7",
      "dependencies": [
        "jsr:@std/assert@1.0.19"
      ]
    }
  },
  "npm": {
    "@aws-crypto/sha256-browser@5.2.0": {
      "integrity": "sha512-AXfN/lGotSQwu6HNcEsIASo7kWXZ5HYWvfOmSNKDsEqC4OashTp8alTmaz+F7TC2L083SFv5RdB+qU3Vs1kZqw==",
      "dependencies": [
        "@aws-crypto/sha256-js",
        "@aws-crypto/supports-web-crypto",
        "@aws-crypto/util",
        "@aws-sdk/types",
        "@aws-sdk/util-locate-window",
        "@smithy/util-utf8@2.3.0",
        "tslib"
      ]
    },
    "@aws-crypto/sha256-js@5.2.0": {
      "integrity": "sha512-FFQQyu7edu4ufvIZ+OadFpHHOt+eSTBaYaki44c+akjg7qZg9oOQeLlk77F6tSYqjDAFClrHJk9tMf0HdVyOvA==",
      "dependencies": [
        "@aws-crypto/util",
        "@aws-sdk/types",
        "tslib"
      ]
    },
    "@aws-crypto/supports-web-crypto@5.2.0": {
      "integrity": "sha512-iAvUotm021kM33eCdNfwIN//F77/IADDSs58i+MDaOqFrVjZo9bAal0NK7HurRuWLLpF1iLX7gbWrjHjeo+YFg==",
      "dependencies": [
        "tslib"
      ]
    },
    "@aws-crypto/util@5.2.0": {
      "integrity": "sha512-4RkU9EsI6ZpBve5fseQlGNUWKMa1RLPQ1dnjnQoe07ldfIzcsGb5hC5W0Dm7u423KWzawlrpbjXBrXCEv9zazQ==",
      "dependencies": [
        "@aws-sdk/types",
        "@smithy/util-utf8@2.3.0",
        "tslib"
      ]
    },
    "@aws-sdk/client-pricing@3.1010.0": {
      "integrity": "sha512-2u4P9Px5UJq5+18WFIdGqL/xFQSLAp8uBI274OGdz9L3gOiK5TXIw9i4pXpE/g7btvsn2KvkhNPlLDPs0ep8Bw==",
      "dependencies": [
        "@aws-crypto/sha256-browser",
        "@aws-crypto/sha256-js",
        "@aws-sdk/core",
        "@aws-sdk/credential-provider-node",
        "@aws-sdk/middleware-host-header",
        "@aws-sdk/middleware-logger",
        "@aws-sdk/middleware-recursion-detection",
        "@aws-sdk/middleware-user-agent",
        "@aws-sdk/region-config-resolver",
        "@aws-sdk/types",
        "@aws-sdk/util-endpoints",
        "@aws-sdk/util-user-agent-browser",
        "@aws-sdk/util-user-agent-node",
        "@smithy/config-resolver",
        "@smithy/core",
        "@smithy/fetch-http-handler",
        "@smithy/hash-node",
        "@smithy/invalid-dependency",
        "@smithy/middleware-content-length",
        "@smithy/middleware-endpoint",
        "@smithy/middleware-retry",
        "@smithy/middleware-serde",
        "@smithy/middleware-stack",
        "@smithy/node-config-provider",
        "@smithy/node-http-handler",
        "@smithy/protocol-http",
        "@smithy/smithy-client",
        "@smithy/types",
        "@smithy/url-parser",
        "@smithy/util-base64",
        "@smithy/util-body-length-browser",
        "@smithy/util-body-length-node",
        "@smithy/util-defaults-mode-browser",
        "@smithy/util-defaults-mode-node",
        "@smithy/util-endpoints",
        "@smithy/util-middleware",
        "@smithy/util-retry",
        "@smithy/util-utf8@4.2.2",
        "tslib"
      ]
    },
    "@aws-sdk/core@3.973.25": {
      "integrity": "sha512-TNrx7eq6nKNOO62HWPqoBqPLXEkW6nLZQGwjL6lq1jZtigWYbK1NbCnT7mKDzbLMHZfuOECUt3n6CzxjUW9HWQ==",
      "dependencies": [
        "@aws-sdk/types",
        "@aws-sdk/xml-builder",
        "@smithy/core",
        "@smithy/node-config-provider",
        "@smithy/property-provider",
        "@smithy/protocol-http",
        "@smithy/signature-v4",
        "@smithy/smithy-client",
        "@smithy/types",
        "@smithy/util-base64",
        "@smithy/util-middleware",
        "@smithy/util-utf8@4.2.2",
        "tslib"
      ]
    },
    "@aws-sdk/credential-provider-env@3.972.23": {
      "integrity": "sha512-EamaclJcCEaPHp6wiVknNMM2RlsPMjAHSsYSFLNENBM8Wz92QPc6cOn3dif6vPDQt0Oo4IEghDy3NMDCzY/IvA==",
      "dependencies": [
        "@aws-sdk/core",
        "@aws-sdk/types",
        "@smithy/property-provider",
        "@smithy/types",
        "tslib"
      ]
    },
    "@aws-sdk/credential-provider-http@3.972.25": {
      "integrity": "sha512-qPymamdPcLp6ugoVocG1y5r69ScNiRzb0hogX25/ij+Wz7c7WnsgjLTaz7+eB5BfRxeyUwuw5hgULMuwOGOpcw==",
      "dependencies": [
        "@aws-sdk/core",
        "@aws-sdk/types",
        "@smithy/fetch-http-handler",
        "@smithy/node-http-handler",
        "@smithy/property-provider",
        "@smithy/protocol-http",
        "@smithy/smithy-client",
        "@smithy/types",
        "@smithy/util-stream",
        "tslib"
      ]
    },
    "@aws-sdk/credential-provider-ini@3.972.26": {
      "integrity": "sha512-xKxEAMuP6GYx2y5GET+d3aGEroax3AgGfwBE65EQAUe090lzyJ/RzxPX9s8v7Z6qAk0XwfQl+LrmH05X7YvTeg==",
      "dependencies": [
        "@aws-sdk/core",
        "@aws-sdk/credential-provider-env",
        "@aws-sdk/credential-provider-http",
        "@aws-sdk/credential-provider-login",
        "@aws-sdk/credential-provider-process",
        "@aws-sdk/credential-provider-sso",
        "@aws-sdk/credential-provider-web-identity",
        "@aws-sdk/nested-clients",
        "@aws-sdk/types",
        "@smithy/credential-provider-imds",
        "@smithy/property-provider",
        "@smithy/shared-ini-file-loader",
        "@smithy/types",
        "tslib"
      ]
    },
    "@aws-sdk/credential-provider-login@3.972.26": {
      "integrity": "sha512-EFcM8RM3TUxnZOfMJo++3PnyxFu1fL/huzmn3Vh+8IWRgqZawUD3cRwwOr+/4bE9DpyHaLOWFAjY0lfK5X9ZkQ==",
      "dependencies": [
        "@aws-sdk/core",
        "@aws-sdk/nested-clients",
        "@aws-sdk/types",
        "@smithy/property-provider",
        "@smithy/protocol-http",
        "@smithy/shared-ini-file-loader",
        "@smithy/types",
        "tslib"
      ]
    },
    "@aws-sdk/credential-provider-node@3.972.27": {
      "integrity": "sha512-jXpxSolfFnPVj6GCTtx3xIdWNoDR7hYC/0SbetGZxOC9UnNmipHeX1k6spVstf7eWJrMhXNQEgXC0pD1r5tXIg==",
      "dependencies": [
        "@aws-sdk/credential-provider-env",
        "@aws-sdk/credential-provider-http",
        "@aws-sdk/credential-provider-ini",
        "@aws-sdk/credential-provider-process",
        "@aws-sdk/credential-provider-sso",
        "@aws-sdk/credential-provider-web-identity",
        "@aws-sdk/types",
        "@smithy/credential-provider-imds",
        "@smithy/property-provider",
        "@smithy/shared-ini-file-loader",
        "@smithy/types",
        "tslib"
      ]
    },
    "@aws-sdk/credential-provider-process@3.972.23": {
      "integrity": "sha512-IL/TFW59++b7MpHserjUblGrdP5UXy5Ekqqx1XQkERXBFJcZr74I7VaSrQT5dxdRMU16xGK4L0RQ5fQG1pMgnA==",
      "dependencies": [
        "@aws-sdk/core",
        "@aws-sdk/types",
        "@smithy/property-provider",
        "@smithy/shared-ini-file-loader",
        "@smithy/types",
        "tslib"
      ]
    },
    "@aws-sdk/credential-provider-sso@3.972.26": {
      "integrity": "sha512-c6ghvRb6gTlMznWhGxn/bpVCcp0HRaz4DobGVD9kI4vwHq186nU2xN/S7QGkm0lo0H2jQU8+dgpUFLxfTcwCOg==",
      "dependencies": [
        "@aws-sdk/core",
        "@aws-sdk/nested-clients",
        "@aws-sdk/token-providers",
        "@aws-sdk/types",
        "@smithy/property-provider",
        "@smithy/shared-ini-file-loader",
        "@smithy/types",
        "tslib"
      ]
    },
    "@aws-sdk/credential-provider-web-identity@3.972.26": {
      "integrity": "sha512-cXcS3+XD3iwhoXkM44AmxjmbcKueoLCINr1e+IceMmCySda5ysNIfiGBGe9qn5EMiQ9Jd7pP0AGFtcd6OV3Lvg==",
      "dependencies": [
        "@aws-sdk/core",
        "@aws-sdk/nested-clients",
        "@aws-sdk/types",
        "@smithy/property-provider",
        "@smithy/shared-ini-file-loader",
        "@smithy/types",
        "tslib"
      ]
    },
    "@aws-sdk/middleware-host-header@3.972.8": {
      "integrity": "sha512-wAr2REfKsqoKQ+OkNqvOShnBoh+nkPurDKW7uAeVSu6kUECnWlSJiPvnoqxGlfousEY/v9LfS9sNc46hjSYDIQ==",
      "dependencies": [
        "@aws-sdk/types",
        "@smithy/protocol-http",
        "@smithy/types",
        "tslib"
      ]
    },
    "@aws-sdk/middleware-logger@3.972.8": {
      "integrity": "sha512-CWl5UCM57WUFaFi5kB7IBY1UmOeLvNZAZ2/OZ5l20ldiJ3TiIz1pC65gYj8X0BCPWkeR1E32mpsCk1L1I4n+lA==",
      "dependencies": [
        "@aws-sdk/types",
        "@smithy/types",
        "tslib"
      ]
    },
    "@aws-sdk/middleware-recursion-detection@3.972.9": {
      "integrity": "sha512-/Wt5+CT8dpTFQxEJ9iGy/UGrXr7p2wlIOEHvIr/YcHYByzoLjrqkYqXdJjd9UIgWjv7eqV2HnFJen93UTuwfTQ==",
      "dependencies": [
        "@aws-sdk/types",
        "@aws/lambda-invoke-store",
        "@smithy/protocol-http",
        "@smithy/types",
        "tslib"
      ]
    },
    "@aws-sdk/middleware-user-agent@3.972.26": {
      "integrity": "sha512-AilFIh4rI/2hKyyGN6XrB0yN96W2o7e7wyrPWCM6QjZM1mcC/pVkW3IWWRvuBWMpVP8Fg+rMpbzeLQ6dTM4gig==",
      "dependencies": [
        "@aws-sdk/core",
        "@aws-sdk/types",
        "@aws-sdk/util-endpoints",
        "@smithy/core",
        "@smithy/protocol-http",
        "@smithy/types",
        "@smithy/util-retry",
        "tslib"
      ]
    },
    "@aws-sdk/nested-clients@3.996.16": {
      "integrity": "sha512-L7Qzoj/qQU1cL5GnYLQP5LbI+wlLCLoINvcykR3htKcQ4tzrPf2DOs72x933BM7oArYj1SKrkb2lGlsJHIic3g==",
      "dependencies": [
        "@aws-crypto/sha256-browser",
        "@aws-crypto/sha256-js",
        "@aws-sdk/core",
        "@aws-sdk/middleware-host-header",
        "@aws-sdk/middleware-logger",
        "@aws-sdk/middleware-recursion-detection",
        "@aws-sdk/middleware-user-agent",
        "@aws-sdk/region-config-resolver",
        "@aws-sdk/types",
        "@aws-sdk/util-endpoints",
        "@aws-sdk/util-user-agent-browser",
        "@aws-sdk/util-user-agent-node",
        "@smithy/config-resolver",
        "@smithy/core",
        "@smithy/fetch-http-handler",
        "@smithy/hash-node",
        "@smithy/invalid-dependency",
        "@smithy/middleware-content-length",
        "@smithy/middleware-endpoint",
        "@smithy/middleware-retry",
        "@smithy/middleware-serde",
        "@smithy/middleware-stack",
        "@smithy/node-config-provider",
        "@smithy/node-http-handler",
        "@smithy/protocol-http",
        "@smithy/smithy-client",
        "@smithy/types",
        "@smithy/url-parser",
        "@smithy/util-base64",
        "@smithy/util-body-length-browser",
        "@smithy/util-body-length-node",
        "@smithy/util-defaults-mode-browser",
        "@smithy/util-defaults-mode-node",
        "@smithy/util-endpoints",
        "@smithy/util-middleware",
        "@smithy/util-retry",
        "@smithy/util-utf8@4.2.2",
        "tslib"
      ]
    },
    "@aws-sdk/region-config-resolver@3.972.10": {
      "integrity": "sha512-1dq9ToC6e070QvnVhhbAs3bb5r6cQ10gTVc6cyRV5uvQe7P138TV2uG2i6+Yok4bAkVAcx5AqkTEBUvWEtBlsQ==",
      "dependencies": [
        "@aws-sdk/types",
        "@smithy/config-resolver",
        "@smithy/node-config-provider",
        "@smithy/types",
        "tslib"
      ]
    },
    "@aws-sdk/token-providers@3.1019.0": {
      "integrity": "sha512-OF+2RfRmUKyjzrRWlDcyju3RBsuqcrYDQ8TwrJg8efcOotMzuZN4U9mpVTIdATpmEc4lWNZBMSjPzrGm6JPnAQ==",
      "dependencies": [
        "@aws-sdk/core",
        "@aws-sdk/nested-clients",
        "@aws-sdk/types",
        "@smithy/property-provider",
        "@smithy/shared-ini-file-loader",
        "@smithy/types",
        "tslib"
      ]
    },
    "@aws-sdk/types@3.973.6": {
      "integrity": "sha512-Atfcy4E++beKtwJHiDln2Nby8W/mam64opFPTiHEqgsthqeydFS1pY+OUlN1ouNOmf8ArPU/6cDS65anOP3KQw==",
      "dependencies": [
        "@smithy/types",
        "tslib"
      ]
    },
    "@aws-sdk/util-endpoints@3.996.5": {
      "integrity": "sha512-Uh93L5sXFNbyR5sEPMzUU8tJ++Ku97EY4udmC01nB8Zu+xfBPwpIwJ6F7snqQeq8h2pf+8SGN5/NoytfKgYPIw==",
      "dependencies": [
        "@aws-sdk/types",
        "@smithy/types",
        "@smithy/url-parser",
        "@smithy/util-endpoints",
        "tslib"
      ]
    },
    "@aws-sdk/util-locate-window@3.965.5": {
      "integrity": "sha512-WhlJNNINQB+9qtLtZJcpQdgZw3SCDCpXdUJP7cToGwHbCWCnRckGlc6Bx/OhWwIYFNAn+FIydY8SZ0QmVu3xTQ==",
      "dependencies": [
        "tslib"
      ]
    },
    "@aws-sdk/util-user-agent-browser@3.972.8": {
      "integrity": "sha512-B3KGXJviV2u6Cdw2SDY2aDhoJkVfY/Q/Trwk2CMSkikE1Oi6gRzxhvhIfiRpHfmIsAhV4EA54TVEX8K6CbHbkA==",
      "dependencies": [
        "@aws-sdk/types",
        "@smithy/types",
        "bowser",
        "tslib"
      ]
    },
    "@aws-sdk/util-user-agent-node@3.973.12": {
      "integrity": "sha512-8phW0TS8ntENJgDcFewYT/Q8dOmarpvSxEjATu2GUBAutiHr++oEGCiBUwxslCMNvwW2cAPZNT53S/ym8zm/gg==",
      "dependencies": [
        "@aws-sdk/middleware-user-agent",
        "@aws-sdk/types",
        "@smithy/node-config-provider",
        "@smithy/types",
        "@smithy/util-config-provider",
        "tslib"
      ]
    },
    "@aws-sdk/xml-builder@3.972.16": {
      "integrity": "sha512-iu2pyvaqmeatIJLURLqx9D+4jKAdTH20ntzB6BFwjyN7V960r4jK32mx0Zf7YbtOYAbmbtQfDNuL60ONinyw7A==",
      "dependencies": [
        "@smithy/types",
        "fast-xml-parser",
        "tslib"
      ]
    },
    "@aws/lambda-invoke-store@0.2.4": {
      "integrity": "sha512-iY8yvjE0y651BixKNPgmv1WrQc+GZ142sb0z4gYnChDDY2YqI4P/jsSopBWrKfAt7LOJAkOXt7rC/hms+WclQQ=="
    },
    "@smithy/config-resolver@4.4.13": {
      "integrity": "sha512-iIzMC5NmOUP6WL6o8iPBjFhUhBZ9pPjpUpQYWMUFQqKyXXzOftbfK8zcQCz/jFV1Psmf05BK5ypx4K2r4Tnwdg==",
      "dependencies": [
        "@smithy/node-config-provider",
        "@smithy/types",
        "@smithy/util-config-provider",
        "@smithy/util-endpoints",
        "@smithy/util-middleware",
        "tslib"
      ]
    },
    "@smithy/core@3.23.13": {
      "integrity": "sha512-J+2TT9D6oGsUVXVEMvz8h2EmdVnkBiy2auCie4aSJMvKlzUtO5hqjEzXhoCUkIMo7gAYjbQcN0g/MMSXEhDs1Q==",
      "dependencies": [
        "@smithy/protocol-http",
        "@smithy/types",
        "@smithy/url-parser",
        "@smithy/util-base64",
        "@smithy/util-body-length-browser",
        "@smithy/util-middleware",
        "@smithy/util-stream",
        "@smithy/util-utf8@4.2.2",
        "@smithy/uuid",
        "tslib"
      ]
    },
    "@smithy/credential-provider-imds@4.2.12": {
      "integrity": "sha512-cr2lR792vNZcYMriSIj+Um3x9KWrjcu98kn234xA6reOAFMmbRpQMOv8KPgEmLLtx3eldU6c5wALKFqNOhugmg==",
      "dependencies": [
        "@smithy/node-config-provider",
        "@smithy/property-provider",
        "@smithy/types",
        "@smithy/url-parser",
        "tslib"
      ]
    },
    "@smithy/fetch-http-handler@5.3.15": {
      "integrity": "sha512-T4jFU5N/yiIfrtrsb9uOQn7RdELdM/7HbyLNr6uO/mpkj1ctiVs7CihVr51w4LyQlXWDpXFn4BElf1WmQvZu/A==",
      "dependencies": [
        "@smithy/protocol-http",
        "@smithy/querystring-builder",
        "@smithy/types",
        "@smithy/util-base64",
        "tslib"
      ]
    },
    "@smithy/hash-node@4.2.12": {
      "integrity": "sha512-QhBYbGrbxTkZ43QoTPrK72DoYviDeg6YKDrHTMJbbC+A0sml3kSjzFtXP7BtbyJnXojLfTQldGdUR0RGD8dA3w==",
      "dependencies": [
        "@smithy/types",
        "@smithy/util-buffer-from@4.2.2",
        "@smithy/util-utf8@4.2.2",
        "tslib"
      ]
    },
    "@smithy/invalid-dependency@4.2.12": {
      "integrity": "sha512-/4F1zb7Z8LOu1PalTdESFHR0RbPwHd3FcaG1sI3UEIriQTWakysgJr65lc1jj6QY5ye7aFsisajotH6UhWfm/g==",
      "dependencies": [
        "@smithy/types",
        "tslib"
      ]
    },
    "@smithy/is-array-buffer@2.2.0": {
      "integrity": "sha512-GGP3O9QFD24uGeAXYUjwSTXARoqpZykHadOmA8G5vfJPK0/DC67qa//0qvqrJzL1xc8WQWX7/yc7fwudjPHPhA==",
      "dependencies": [
        "tslib"
      ]
    },
    "@smithy/is-array-buffer@4.2.2": {
      "integrity": "sha512-n6rQ4N8Jj4YTQO3YFrlgZuwKodf4zUFs7EJIWH86pSCWBaAtAGBFfCM7Wx6D2bBJ2xqFNxGBSrUWswT3M0VJow==",
      "dependencies": [
        "tslib"
      ]
    },
    "@smithy/middleware-content-length@4.2.12": {
      "integrity": "sha512-YE58Yz+cvFInWI/wOTrB+DbvUVz/pLn5mC5MvOV4fdRUc6qGwygyngcucRQjAhiCEbmfLOXX0gntSIcgMvAjmA==",
      "dependencies": [
        "@smithy/protocol-http",
        "@smithy/types",
        "tslib"
      ]
    },
    "@smithy/middleware-endpoint@4.4.28": {
      "integrity": "sha512-p1gfYpi91CHcs5cBq982UlGlDrxoYUX6XdHSo91cQ2KFuz6QloHosO7Jc60pJiVmkWrKOV8kFYlGFFbQ2WUKKQ==",
      "dependencies": [
        "@smithy/core",
        "@smithy/middleware-serde",
        "@smithy/node-config-provider",
        "@smithy/shared-ini-file-loader",
        "@smithy/types",
        "@smithy/url-parser",
        "@smithy/util-middleware",
        "tslib"
      ]
    },
    "@smithy/middleware-retry@4.4.45": {
      "integrity": "sha512-td1PxpwDIaw5/oP/xIRxBGxJKoF1L4DBAwbZ8wjMuXBYOP/r2ZE/Ocou+mBHx/yk9knFEtDBwhSrYVn+Mz4pHw==",
      "dependencies": [
        "@smithy/node-config-provider",
        "@smithy/protocol-http",
        "@smithy/service-error-classification",
        "@smithy/smithy-client",
        "@smithy/types",
        "@smithy/util-middleware",
        "@smithy/util-retry",
        "@smithy/uuid",
        "tslib"
      ]
    },
    "@smithy/middleware-serde@4.2.16": {
      "integrity": "sha512-beqfV+RZ9RSv+sQqor3xroUUYgRFCGRw6niGstPG8zO9LgTl0B0MCucxjmrH/2WwksQN7UUgI7KNANoZv+KALA==",
      "dependencies": [
        "@smithy/core",
        "@smithy/protocol-http",
        "@smithy/types",
        "tslib"
      ]
    },
    "@smithy/middleware-stack@4.2.12": {
      "integrity": "sha512-kruC5gRHwsCOuyCd4ouQxYjgRAym2uDlCvQ5acuMtRrcdfg7mFBg6blaxcJ09STpt3ziEkis6bhg1uwrWU7txw==",
      "dependencies": [
        "@smithy/types",
        "tslib"
      ]
    },
    "@smithy/node-config-provider@4.3.12": {
      "integrity": "sha512-tr2oKX2xMcO+rBOjobSwVAkV05SIfUKz8iI53rzxEmgW3GOOPOv0UioSDk+J8OpRQnpnhsO3Af6IEBabQBVmiw==",
      "dependencies": [
        "@smithy/property-provider",
        "@smithy/shared-ini-file-loader",
        "@smithy/types",
        "tslib"
      ]
    },
    "@smithy/node-http-handler@4.5.1": {
      "integrity": "sha512-ejjxdAXjkPIs9lyYyVutOGNOraqUE9v/NjGMKwwFrfOM354wfSD8lmlj8hVwUzQmlLLF4+udhfCX9Exnbmvfzw==",
      "dependencies": [
        "@smithy/protocol-http",
        "@smithy/querystring-builder",
        "@smithy/types",
        "tslib"
      ]
    },
    "@smithy/property-provider@4.2.12": {
      "integrity": "sha512-jqve46eYU1v7pZ5BM+fmkbq3DerkSluPr5EhvOcHxygxzD05ByDRppRwRPPpFrsFo5yDtCYLKu+kreHKVrvc7A==",
      "dependencies": [
        "@smithy/types",
        "tslib"
      ]
    },
    "@smithy/protocol-http@5.3.12": {
      "integrity": "sha512-fit0GZK9I1xoRlR4jXmbLhoN0OdEpa96ul8M65XdmXnxXkuMxM0Y8HDT0Fh0Xb4I85MBvBClOzgSrV1X2s1Hxw==",
      "dependencies": [
        "@smithy/types",
        "tslib"
      ]
    },
    "@smithy/querystring-builder@4.2.12": {
      "integrity": "sha512-6wTZjGABQufekycfDGMEB84BgtdOE/rCVTov+EDXQ8NHKTUNIp/j27IliwP7tjIU9LR+sSzyGBOXjeEtVgzCHg==",
      "dependencies": [
        "@smithy/types",
        "@smithy/util-uri-escape",
        "tslib"
      ]
    },
    "@smithy/querystring-parser@4.2.12": {
      "integrity": "sha512-P2OdvrgiAKpkPNKlKUtWbNZKB1XjPxM086NeVhK+W+wI46pIKdWBe5QyXvhUm3MEcyS/rkLvY8rZzyUdmyDZBw==",
      "dependencies": [
        "@smithy/types",
        "tslib"
      ]
    },
    "@smithy/service-error-classification@4.2.12": {
      "integrity": "sha512-LlP29oSQN0Tw0b6D0Xo6BIikBswuIiGYbRACy5ujw/JgWSzTdYj46U83ssf6Ux0GyNJVivs2uReU8pt7Eu9okQ==",
      "dependencies": [
        "@smithy/types"
      ]
    },
    "@smithy/shared-ini-file-loader@4.4.7": {
      "integrity": "sha512-HrOKWsUb+otTeo1HxVWeEb99t5ER1XrBi/xka2Wv6NVmTbuCUC1dvlrksdvxFtODLBjsC+PHK+fuy2x/7Ynyiw==",
      "dependencies": [
        "@smithy/types",
        "tslib"
      ]
    },
    "@smithy/signature-v4@5.3.12": {
      "integrity": "sha512-B/FBwO3MVOL00DaRSXfXfa/TRXRheagt/q5A2NM13u7q+sHS59EOVGQNfG7DkmVtdQm5m3vOosoKAXSqn/OEgw==",
      "dependencies": [
        "@smithy/is-array-buffer@4.2.2",
        "@smithy/protocol-http",
        "@smithy/types",
        "@smithy/util-hex-encoding",
        "@smithy/util-middleware",
        "@smithy/util-uri-escape",
        "@smithy/util-utf8@4.2.2",
        "tslib"
      ]
    },
    "@smithy/smithy-client@4.12.8": {
      "integrity": "sha512-aJaAX7vHe5i66smoSSID7t4rKY08PbD8EBU7DOloixvhOozfYWdcSYE4l6/tjkZ0vBZhGjheWzB2mh31sLgCMA==",
      "dependencies": [
        "@smithy/core",
        "@smithy/middleware-endpoint",
        "@smithy/middleware-stack",
        "@smithy/protocol-http",
        "@smithy/types",
        "@smithy/util-stream",
        "tslib"
      ]
    },
    "@smithy/types@4.13.1": {
      "integrity": "sha512-787F3yzE2UiJIQ+wYW1CVg2odHjmaWLGksnKQHUrK/lYZSEcy1msuLVvxaR/sI2/aDe9U+TBuLsXnr3vod1g0g==",
      "dependencies": [
        "tslib"
      ]
    },
    "@smithy/url-parser@4.2.12": {
      "integrity": "sha512-wOPKPEpso+doCZGIlr+e1lVI6+9VAKfL4kZWFgzVgGWY2hZxshNKod4l2LXS3PRC9otH/JRSjtEHqQ/7eLciRA==",
      "dependencies": [
        "@smithy/querystring-parser",
        "@smithy/types",
        "tslib"
      ]
    },
    "@smithy/util-base64@4.3.2": {
      "integrity": "sha512-XRH6b0H/5A3SgblmMa5ErXQ2XKhfbQB+Fm/oyLZ2O2kCUrwgg55bU0RekmzAhuwOjA9qdN5VU2BprOvGGUkOOQ==",
      "dependencies": [
        "@smithy/util-buffer-from@4.2.2",
        "@smithy/util-utf8@4.2.2",
        "tslib"
      ]
    },
    "@smithy/util-body-length-browser@4.2.2": {
      "integrity": "sha512-JKCrLNOup3OOgmzeaKQwi4ZCTWlYR5H4Gm1r2uTMVBXoemo1UEghk5vtMi1xSu2ymgKVGW631e2fp9/R610ZjQ==",
      "dependencies": [
        "tslib"
      ]
    },
    "@smithy/util-body-length-node@4.2.3": {
      "integrity": "sha512-ZkJGvqBzMHVHE7r/hcuCxlTY8pQr1kMtdsVPs7ex4mMU+EAbcXppfo5NmyxMYi2XU49eqaz56j2gsk4dHHPG/g==",
      "dependencies": [
        "tslib"
      ]
    },
    "@smithy/util-buffer-from@2.2.0": {
      "integrity": "sha512-IJdWBbTcMQ6DA0gdNhh/BwrLkDR+ADW5Kr1aZmd4k3DIF6ezMV4R2NIAmT08wQJ3yUK82thHWmC/TnK/wpMMIA==",
      "dependencies": [
        "@smithy/is-array-buffer@2.2.0",
        "tslib"
      ]
    },
    "@smithy/util-buffer-from@4.2.2": {
      "integrity": "sha512-FDXD7cvUoFWwN6vtQfEta540Y/YBe5JneK3SoZg9bThSoOAC/eGeYEua6RkBgKjGa/sz6Y+DuBZj3+YEY21y4Q==",
      "dependencies": [
        "@smithy/is-array-buffer@4.2.2",
        "tslib"
      ]
    },
    "@smithy/util-config-provider@4.2.2": {
      "integrity": "sha512-dWU03V3XUprJwaUIFVv4iOnS1FC9HnMHDfUrlNDSh4315v0cWyaIErP8KiqGVbf5z+JupoVpNM7ZB3jFiTejvQ==",
      "dependencies": [
        "tslib"
      ]
    },
    "@smithy/util-defaults-mode-browser@4.3.44": {
      "integrity": "sha512-eZg6XzaCbVr2S5cAErU5eGBDaOVTuTo1I65i4tQcHENRcZ8rMWhQy1DaIYUSLyZjsfXvmCqZrstSMYyGFocvHA==",
      "dependencies": [
        "@smithy/property-provider",
        "@smithy/smithy-client",
        "@smithy/types",
        "tslib"
      ]
    },
    "@smithy/util-defaults-mode-node@4.2.48": {
      "integrity": "sha512-FqOKTlqSaoV3nzO55pMs5NBnZX8EhoI0DGmn9kbYeXWppgHD6dchyuj2HLqp4INJDJbSrj6OFYJkAh/WhSzZPg==",
      "dependencies": [
        "@smithy/config-resolver",
        "@smithy/credential-provider-imds",
        "@smithy/node-config-provider",
        "@smithy/property-provider",
        "@smithy/smithy-client",
        "@smithy/types",
        "tslib"
      ]
    },
    "@smithy/util-endpoints@3.3.3": {
      "integrity": "sha512-VACQVe50j0HZPjpwWcjyT51KUQ4AnsvEaQ2lKHOSL4mNLD0G9BjEniQ+yCt1qqfKfiAHRAts26ud7hBjamrwig==",
      "dependencies": [
        "@smithy/node-config-provider",
        "@smithy/types",
        "tslib"
      ]
    },
    "@smithy/util-hex-encoding@4.2.2": {
      "integrity": "sha512-Qcz3W5vuHK4sLQdyT93k/rfrUwdJ8/HZ+nMUOyGdpeGA1Wxt65zYwi3oEl9kOM+RswvYq90fzkNDahPS8K0OIg==",
      "dependencies": [
        "tslib"
      ]
    },
    "@smithy/util-middleware@4.2.12": {
      "integrity": "sha512-Er805uFUOvgc0l8nv0e0su0VFISoxhJ/AwOn3gL2NWNY2LUEldP5WtVcRYSQBcjg0y9NfG8JYrCJaYDpupBHJQ==",
      "dependencies": [
        "@smithy/types",
        "tslib"
      ]
    },
    "@smithy/util-retry@4.2.12": {
      "integrity": "sha512-1zopLDUEOwumjcHdJ1mwBHddubYF8GMQvstVCLC54Y46rqoHwlIU+8ZzUeaBcD+WCJHyDGSeZ2ml9YSe9aqcoQ==",
      "dependencies": [
        "@smithy/service-error-classification",
        "@smithy/types",
        "tslib"
      ]
    },
    "@smithy/util-stream@4.5.21": {
      "integrity": "sha512-KzSg+7KKywLnkoKejRtIBXDmwBfjGvg1U1i/etkC7XSWUyFCoLno1IohV2c74IzQqdhX5y3uE44r/8/wuK+A7Q==",
      "dependencies": [
        "@smithy/fetch-http-handler",
        "@smithy/node-http-handler",
        "@smithy/types",
        "@smithy/util-base64",
        "@smithy/util-buffer-from@4.2.2",
        "@smithy/util-hex-encoding",
        "@smithy/util-utf8@4.2.2",
        "tslib"
      ]
    },
    "@smithy/util-uri-escape@4.2.2": {
      "integrity": "sha512-2kAStBlvq+lTXHyAZYfJRb/DfS3rsinLiwb+69SstC9Vb0s9vNWkRwpnj918Pfi85mzi42sOqdV72OLxWAISnw==",
      "dependencies": [
        "tslib"
      ]
    },
    "@smithy/util-utf8@2.3.0": {
      "integrity": "sha512-R8Rdn8Hy72KKcebgLiv8jQcQkXoLMOGGv5uI1/k0l+snqkOzQ1R0ChUBCxWMlBsFMekWjq0wRudIweFs7sKT5A==",
      "dependencies": [
        "@smithy/util-buffer-from@2.2.0",
        "tslib"
      ]
    },
    "@smithy/util-utf8@4.2.2": {
      "integrity": "sha512-75MeYpjdWRe8M5E3AW0O4Cx3UadweS+cwdXjwYGBW5h/gxxnbeZ877sLPX/ZJA9GVTlL/qG0dXP29JWFCD1Ayw==",
      "dependencies": [
        "@smithy/util-buffer-from@4.2.2",
        "tslib"
      ]
    },
    "@smithy/uuid@1.1.2": {
      "integrity": "sha512-O/IEdcCUKkubz60tFbGA7ceITTAJsty+lBjNoorP4Z6XRqaFb/OjQjZODophEcuq68nKm6/0r+6/lLQ+XVpk8g==",
      "dependencies": [
        "tslib"
      ]
    },
    "bowser@2.14.1": {
      "integrity": "sha512-tzPjzCxygAKWFOJP011oxFHs57HzIhOEracIgAePE4pqB3LikALKnSzUyU4MGs9/iCEUuHlAJTjTc5M+u7YEGg=="
    },
    "fast-xml-builder@1.1.4": {
      "integrity": "sha512-f2jhpN4Eccy0/Uz9csxh3Nu6q4ErKxf0XIsasomfOihuSUa3/xw6w8dnOtCDgEItQFJG8KyXPzQXzcODDrrbOg==",
      "dependencies": [
        "path-expression-matcher"
      ]
    },
    "fast-xml-parser@5.5.8": {
      "integrity": "sha512-Z7Fh2nVQSb2d+poDViM063ix2ZGt9jmY1nWhPfHBOK2Hgnb/OW3P4Et3P/81SEej0J7QbWtJqxO05h8QYfK7LQ==",
      "dependencies": [
        "fast-xml-builder",
        "path-expression-matcher",
        "strnum"
      ],
      "bin": true
    },
    "path-expression-matcher@1.2.0": {
      "integrity": "sha512-DwmPWeFn+tq7TiyJ2CxezCAirXjFxvaiD03npak3cRjlP9+OjTmSy1EpIrEbh+l6JgUundniloMLDQ/6VTdhLQ=="
    },
    "strnum@2.2.2": {
      "integrity": "sha512-DnR90I+jtXNSTXWdwrEy9FakW7UX+qUZg28gj5fk2vxxl7uS/3bpI4fjFYVmdK9etptYBPNkpahuQnEwhwECqA=="
    },
    "tslib@2.8.1": {
      "integrity": "sha512-oJFu94HQb+KVduSUQL7wnpmqnfmLsOA/nAh6b6EH0wCEoK0/mPeXU6c3wKDV83MkOuHPRHtSXKKU99IBazS/2w=="
    },
    "zod@4.3.6": {
      "integrity": "sha512-rftlrkhHZOcjDwkGlnUtZZkvaPHCsDATp4pGpuOOMDaTdDDXF91wuVDJoWoPsKX/3YPQ5fHuF3STjcYyKr+Qhg=="
    }
  },
  "workspace": {
    "dependencies": [
      "jsr:@systeminit/swamp-testing@0.20260331.5"
    ]
  }
}
