{
  "version": "5",
  "specifiers": {
    "jsr:@std/assert@1.0.19": "1.0.19",
    "jsr:@std/internal@^1.0.12": "1.0.14",
    "npm:@aws-sdk/client-bedrock-agentcore@3.1069.0": "3.1069.0",
    "npm:@aws-sdk/client-bedrock-agentcore@3.1091.0": "3.1091.0",
    "npm:@aws-sdk/client-bedrock-agentcore@3.1094.0": "3.1094.0",
    "npm:@aws-sdk/client-s3@3.1069.0": "3.1069.0",
    "npm:@aws-sdk/client-s3@3.1091.0": "3.1091.0",
    "npm:@aws-sdk/client-s3@3.1094.0": "3.1094.0",
    "npm:@aws-sdk/credential-providers@3.1066.0": "3.1066.0",
    "npm:@aws-sdk/credential-providers@3.1069.0": "3.1069.0",
    "npm:@aws-sdk/credential-providers@3.1091.0": "3.1091.0",
    "npm:@aws-sdk/credential-providers@3.1094.0": "3.1094.0"
  },
  "jsr": {
    "@std/assert@1.0.19": {
      "integrity": "eaada96ee120cb980bc47e040f82814d786fe8162ecc53c91d8df60b8755991e",
      "dependencies": [
        "jsr:@std/internal"
      ]
    },
    "@std/internal@1.0.14": {
      "integrity": "291516b3d4c35024d6ffbc0a9df5bf4c64116e05b50012cf846710152d2ffdf7"
    }
  },
  "npm": {
    "@aws-crypto/sha1-browser@5.2.0": {
      "integrity": "sha512-OH6lveCFfcDjX4dbAvCFSYUjJZjDr/3XJ3xHtjn3Oj5b9RjojQo8npoLeA/bNwkOkrSQ0wgrHzXk4tDRxGKJeg==",
      "dependencies": [
        "@aws-crypto/supports-web-crypto",
        "@aws-crypto/util",
        "@aws-sdk/types",
        "@aws-sdk/util-locate-window",
        "@smithy/util-utf8",
        "tslib"
      ]
    },
    "@aws-crypto/sha256-browser@5.2.0": {
      "integrity": "sha512-AXfN/lGotSQwu6HNcEsIASo7kWXZ5HYWvfOmSNKDsEqC4OashTp8alTmaz+F7TC2L083SFv5RdB+qU3Vs1kZqw==",
      "dependencies": [
        "@aws-crypto/sha256-js",
        "@aws-crypto/supports-web-crypto",
        "@aws-crypto/util",
        "@aws-sdk/types",
        "@aws-sdk/util-locate-window",
        "@smithy/util-utf8",
        "tslib"
      ]
    },
    "@aws-crypto/sha256-js@5.2.0": {
      "integrity": "sha512-FFQQyu7edu4ufvIZ+OadFpHHOt+eSTBaYaki44c+akjg7qZg9oOQeLlk77F6tSYqjDAFClrHJk9tMf0HdVyOvA==",
      "dependencies": [
        "@aws-crypto/util",
        "@aws-sdk/types",
        "tslib"
      ]
    },
    "@aws-crypto/supports-web-crypto@5.2.0": {
      "integrity": "sha512-iAvUotm021kM33eCdNfwIN//F77/IADDSs58i+MDaOqFrVjZo9bAal0NK7HurRuWLLpF1iLX7gbWrjHjeo+YFg==",
      "dependencies": [
        "tslib"
      ]
    },
    "@aws-crypto/util@5.2.0": {
      "integrity": "sha512-4RkU9EsI6ZpBve5fseQlGNUWKMa1RLPQ1dnjnQoe07ldfIzcsGb5hC5W0Dm7u423KWzawlrpbjXBrXCEv9zazQ==",
      "dependencies": [
        "@aws-sdk/types",
        "@smithy/util-utf8",
        "tslib"
      ]
    },
    "@aws-sdk/checksums@3.1000.19": {
      "integrity": "sha512-Hc4N100RdkuWshKBnhPzmpdftfi9mCLz+OHFELHM1QIgMH4QRUUWyWgfiebta/YX2Bd62wTcm3EqAP8TeXv0gA==",
      "dependencies": [
        "@aws-sdk/core",
        "@aws-sdk/types",
        "@smithy/core",
        "@smithy/types",
        "tslib"
      ]
    },
    "@aws-sdk/client-bedrock-agentcore@3.1069.0": {
      "integrity": "sha512-/KiRGJVQiY1IzCJzJCcFWIAzJnZXDkrG0NQSd4gTK7sThnPHKZufUXgWaYlHvR/ynT3RFzsQP0KHfQc+gnZheg==",
      "dependencies": [
        "@aws-crypto/sha256-browser",
        "@aws-crypto/sha256-js",
        "@aws-sdk/core",
        "@aws-sdk/credential-provider-node",
        "@aws-sdk/types",
        "@smithy/core",
        "@smithy/fetch-http-handler",
        "@smithy/node-http-handler",
        "@smithy/types",
        "tslib"
      ]
    },
    "@aws-sdk/client-bedrock-agentcore@3.1091.0": {
      "integrity": "sha512-yen46opMFlQbv78obYoUuH4R1uGsj51eTTd0Yn19WIFZIWYAdmunuzufcyraXz2lzAcev+0VJQnHDtSDsp8JLg==",
      "dependencies": [
        "@aws-sdk/core",
        "@aws-sdk/credential-provider-node",
        "@aws-sdk/types",
        "@smithy/core",
        "@smithy/fetch-http-handler",
        "@smithy/node-http-handler",
        "@smithy/types",
        "tslib"
      ]
    },
    "@aws-sdk/client-bedrock-agentcore@3.1094.0": {
      "integrity": "sha512-K8+YaYFyaVJvidwVSnmXlHjpOel/qz4ii2TZY2shXbkMoQxftjHuiXlplKeb5pWhzdS092q6YqPR5CZrMH90Ug==",
      "dependencies": [
        "@aws-sdk/core",
        "@aws-sdk/credential-provider-node",
        "@aws-sdk/types",
        "@smithy/core",
        "@smithy/fetch-http-handler",
        "@smithy/node-http-handler",
        "@smithy/types",
        "tslib"
      ]
    },
    "@aws-sdk/client-cognito-identity@3.1066.0": {
      "integrity": "sha512-mTlm1+wHWlZl91jRUUii4hN+ZFcEkNyMDkVM2/qJBZLAzRvXnSrLEykqxowTC3aeK7YzXenwGgEyoBE21zdxQw==",
      "dependencies": [
        "@aws-crypto/sha256-browser",
        "@aws-crypto/sha256-js",
        "@aws-sdk/core",
        "@aws-sdk/credential-provider-node",
        "@aws-sdk/types",
        "@smithy/core",
        "@smithy/fetch-http-handler",
        "@smithy/node-http-handler",
        "@smithy/types",
        "tslib"
      ]
    },
    "@aws-sdk/client-cognito-identity@3.1069.0": {
      "integrity": "sha512-2otjCOXhvw3ZbV8JGHn+4ztdn8J5DJ/nvP3ZIIBANPD69BU+5RhJnSbA+tPk3S7LJpEep6DJHWQ8ZJn40tCixg==",
      "dependencies": [
        "@aws-crypto/sha256-browser",
        "@aws-crypto/sha256-js",
        "@aws-sdk/core",
        "@aws-sdk/credential-provider-node",
        "@aws-sdk/types",
        "@smithy/core",
        "@smithy/fetch-http-handler",
        "@smithy/node-http-handler",
        "@smithy/types",
        "tslib"
      ]
    },
    "@aws-sdk/client-s3@3.1069.0": {
      "integrity": "sha512-zkwCW4D88foQ0YHyjVyFhDOIWG+IWiTGXYg8+kUgH6M19son3OsZLvioZGyZdNtlRgLNYfQGBjfArSJOYYt2QQ==",
      "dependencies": [
        "@aws-crypto/sha1-browser",
        "@aws-crypto/sha256-browser",
        "@aws-crypto/sha256-js",
        "@aws-sdk/core",
        "@aws-sdk/credential-provider-node",
        "@aws-sdk/middleware-flexible-checksums",
        "@aws-sdk/middleware-sdk-s3",
        "@aws-sdk/signature-v4-multi-region",
        "@aws-sdk/types",
        "@smithy/core",
        "@smithy/fetch-http-handler",
        "@smithy/node-http-handler",
        "@smithy/types",
        "tslib"
      ]
    },
    "@aws-sdk/client-s3@3.1091.0": {
      "integrity": "sha512-jvXBCWZdPEXACF7TEbLdwLgmrcWvAqSnIJeRbnnFTxLuPRAZtEbujVUU48i7PGnrOoO6Jc6HCw9hRqBECoKSww==",
      "dependencies": [
        "@aws-sdk/checksums",
        "@aws-sdk/core",
        "@aws-sdk/credential-provider-node",
        "@aws-sdk/middleware-sdk-s3",
        "@aws-sdk/signature-v4-multi-region",
        "@aws-sdk/types",
        "@smithy/core",
        "@smithy/fetch-http-handler",
        "@smithy/node-http-handler",
        "@smithy/types",
        "tslib"
      ]
    },
    "@aws-sdk/client-s3@3.1094.0": {
      "integrity": "sha512-Qkz3HXW9bBajTO1Pgvbxkj2THliDnYPFBaJwIF1mDmnPe1E7reV9V/QJxBz14slIvdcU0tiyB+z37Qns0EY9Zg==",
      "dependencies": [
        "@aws-sdk/checksums",
        "@aws-sdk/core",
        "@aws-sdk/credential-provider-node",
        "@aws-sdk/middleware-sdk-s3",
        "@aws-sdk/signature-v4-multi-region",
        "@aws-sdk/types",
        "@smithy/core",
        "@smithy/fetch-http-handler",
        "@smithy/node-http-handler",
        "@smithy/types",
        "tslib"
      ]
    },
    "@aws-sdk/core@3.976.0": {
      "integrity": "sha512-0cjRaEdlVoOrsNb9pP5q1Syyc8pXw5xSj2Np2ryReRTr9FppIIRVSdZK4lbnfmc2Hvgux/xBOUU6baB7z8//uA==",
      "dependencies": [
        "@aws-sdk/types",
        "@aws-sdk/xml-builder",
        "@aws/lambda-invoke-store",
        "@smithy/core",
        "@smithy/signature-v4",
        "@smithy/types",
        "bowser",
        "tslib"
      ]
    },
    "@aws-sdk/credential-provider-cognito-identity@3.972.59": {
      "integrity": "sha512-iWPfye2ZOCmAHKmN1EwAyeHZdZxZymctAnEOD+7jzwqc5gZlK1lwG1lzGVtpH0+d/NnyrK670ycqBNKD4zUGZA==",
      "dependencies": [
        "@aws-sdk/nested-clients",
        "@aws-sdk/types",
        "@smithy/core",
        "@smithy/types",
        "tslib"
      ]
    },
    "@aws-sdk/credential-provider-env@3.972.60": {
      "integrity": "sha512-BAkxdoe7tpDDqCghGpuOeHQRbm/2znVvOQm0AvpQbA2tbfMN46doN4zx65fv85ImP3KADwc2zQPmbrlI9MPfMg==",
      "dependencies": [
        "@aws-sdk/core",
        "@aws-sdk/types",
        "@smithy/core",
        "@smithy/types",
        "tslib"
      ]
    },
    "@aws-sdk/credential-provider-http@3.972.62": {
      "integrity": "sha512-g/0fGqKTb9xpKdd9AtpmV5Eo3DFKbnkpA2+w0peISSlu7NfAoWOuYBFxsu+yWBtxU89ka55ezoZBCbFaS8pjYQ==",
      "dependencies": [
        "@aws-sdk/core",
        "@aws-sdk/types",
        "@smithy/core",
        "@smithy/fetch-http-handler",
        "@smithy/node-http-handler",
        "@smithy/types",
        "tslib"
      ]
    },
    "@aws-sdk/credential-provider-ini@3.973.5": {
      "integrity": "sha512-ylubazcRfq2TVus/qXucSXeC42Qdjp5HQxTu68K/BsdMiZlcSLD1zkpoCgApXZX1Y6YJhtGGs7ZHhO/GuIgBlw==",
      "dependencies": [
        "@aws-sdk/core",
        "@aws-sdk/credential-provider-env",
        "@aws-sdk/credential-provider-http",
        "@aws-sdk/credential-provider-login",
        "@aws-sdk/credential-provider-process",
        "@aws-sdk/credential-provider-sso",
        "@aws-sdk/credential-provider-web-identity",
        "@aws-sdk/nested-clients",
        "@aws-sdk/types",
        "@smithy/core",
        "@smithy/credential-provider-imds",
        "@smithy/types",
        "tslib"
      ]
    },
    "@aws-sdk/credential-provider-login@3.972.67": {
      "integrity": "sha512-CCygIKJ9YbI3n84OClSaSppkgKKHVj2TGT33c6FRORZrYNZQ1POmD+ip0FLYokiJAK7sSdc3YVkOsBm90oxWMQ==",
      "dependencies": [
        "@aws-sdk/core",
        "@aws-sdk/nested-clients",
        "@aws-sdk/types",
        "@smithy/core",
        "@smithy/types",
        "tslib"
      ]
    },
    "@aws-sdk/credential-provider-node@3.972.71": {
      "integrity": "sha512-HIg7Q2osBzajQwL+1Vkyh2E7Gim3eTNb9RHIsOxDGjW0eZg4oEKtRs5sioCnc73ilhaOm4gX2lHVF8J7+nt2rg==",
      "dependencies": [
        "@aws-sdk/credential-provider-env",
        "@aws-sdk/credential-provider-http",
        "@aws-sdk/credential-provider-ini",
        "@aws-sdk/credential-provider-process",
        "@aws-sdk/credential-provider-sso",
        "@aws-sdk/credential-provider-web-identity",
        "@aws-sdk/types",
        "@smithy/core",
        "@smithy/credential-provider-imds",
        "@smithy/types",
        "tslib"
      ]
    },
    "@aws-sdk/credential-provider-process@3.972.60": {
      "integrity": "sha512-YIo3f99hM43QdYG8hDzwGemnR/pU95b0kramqSJUTleCqaB7+HwKf7YZFHqvOgTqZTPx/mRmNIqoDRr3U0Z3Tw==",
      "dependencies": [
        "@aws-sdk/core",
        "@aws-sdk/types",
        "@smithy/core",
        "@smithy/types",
        "tslib"
      ]
    },
    "@aws-sdk/credential-provider-sso@3.973.4": {
      "integrity": "sha512-BPdmL8sSBOCv4ngZ+3LHxyc3CNqDCEK37CHioCk7zGrTMY5sUtkH8q+o6qA80nn6w3/fyBPGNE7OIRlmoOxRQA==",
      "dependencies": [
        "@aws-sdk/core",
        "@aws-sdk/nested-clients",
        "@aws-sdk/token-providers",
        "@aws-sdk/types",
        "@smithy/core",
        "@smithy/types",
        "tslib"
      ]
    },
    "@aws-sdk/credential-provider-web-identity@3.972.66": {
      "integrity": "sha512-kSAziJboOmZmsR9/MTbiNjowl2BPes1bQuJpne4qAZ62ubi8fjfr/aupJSQje6udBoYxXTQbsL0e0kby2la3ng==",
      "dependencies": [
        "@aws-sdk/core",
        "@aws-sdk/nested-clients",
        "@aws-sdk/types",
        "@smithy/core",
        "@smithy/types",
        "tslib"
      ]
    },
    "@aws-sdk/credential-providers@3.1066.0": {
      "integrity": "sha512-ZL1MNFg/swKj9d0lzYS023GWZ2KiulsRNgRFVNBgzUlmuXfFkNj2+purJN+oEPrre0Ybf8vv7pD9ZjOPhfz11A==",
      "dependencies": [
        "@aws-sdk/client-cognito-identity@3.1066.0",
        "@aws-sdk/core",
        "@aws-sdk/credential-provider-cognito-identity",
        "@aws-sdk/credential-provider-env",
        "@aws-sdk/credential-provider-http",
        "@aws-sdk/credential-provider-ini",
        "@aws-sdk/credential-provider-login",
        "@aws-sdk/credential-provider-node",
        "@aws-sdk/credential-provider-process",
        "@aws-sdk/credential-provider-sso",
        "@aws-sdk/credential-provider-web-identity",
        "@aws-sdk/nested-clients",
        "@aws-sdk/types",
        "@smithy/core",
        "@smithy/credential-provider-imds",
        "@smithy/types",
        "tslib"
      ]
    },
    "@aws-sdk/credential-providers@3.1069.0": {
      "integrity": "sha512-9emJtp/7OMOhfK2aIk0MdAfCF5v/2ERU3ZriVxAmZXIsoXtq5zmkZumN45/guHk15ZJ9XleKvgI0Ug+sXPZ9GA==",
      "dependencies": [
        "@aws-sdk/client-cognito-identity@3.1069.0",
        "@aws-sdk/core",
        "@aws-sdk/credential-provider-cognito-identity",
        "@aws-sdk/credential-provider-env",
        "@aws-sdk/credential-provider-http",
        "@aws-sdk/credential-provider-ini",
        "@aws-sdk/credential-provider-login",
        "@aws-sdk/credential-provider-node",
        "@aws-sdk/credential-provider-process",
        "@aws-sdk/credential-provider-sso",
        "@aws-sdk/credential-provider-web-identity",
        "@aws-sdk/nested-clients",
        "@aws-sdk/types",
        "@smithy/core",
        "@smithy/credential-provider-imds",
        "@smithy/types",
        "tslib"
      ]
    },
    "@aws-sdk/credential-providers@3.1091.0": {
      "integrity": "sha512-lPX4DF7wJ5Zjlgwk7MIJys36Dum3vsqAweVRVQjWtfbL7+fD0fwNxrRivYlNddD/PPCNJnOzMHlcEEhc1CVNRg==",
      "dependencies": [
        "@aws-sdk/core",
        "@aws-sdk/credential-provider-cognito-identity",
        "@aws-sdk/credential-provider-env",
        "@aws-sdk/credential-provider-http",
        "@aws-sdk/credential-provider-ini",
        "@aws-sdk/credential-provider-login",
        "@aws-sdk/credential-provider-node",
        "@aws-sdk/credential-provider-process",
        "@aws-sdk/credential-provider-sso",
        "@aws-sdk/credential-provider-web-identity",
        "@aws-sdk/nested-clients",
        "@aws-sdk/types",
        "@smithy/core",
        "@smithy/credential-provider-imds",
        "@smithy/types",
        "tslib"
      ]
    },
    "@aws-sdk/credential-providers@3.1094.0": {
      "integrity": "sha512-FRqTIDsiKFl2GRv9gwjcmWbak5VVuuU6ZiZK1hjLje2PemTnSt/EQuXyG6TgqvYyaDNERRfosj5Kqdb2qjCyOw==",
      "dependencies": [
        "@aws-sdk/core",
        "@aws-sdk/credential-provider-cognito-identity",
        "@aws-sdk/credential-provider-env",
        "@aws-sdk/credential-provider-http",
        "@aws-sdk/credential-provider-ini",
        "@aws-sdk/credential-provider-login",
        "@aws-sdk/credential-provider-node",
        "@aws-sdk/credential-provider-process",
        "@aws-sdk/credential-provider-sso",
        "@aws-sdk/credential-provider-web-identity",
        "@aws-sdk/nested-clients",
        "@aws-sdk/types",
        "@smithy/core",
        "@smithy/credential-provider-imds",
        "@smithy/types",
        "tslib"
      ]
    },
    "@aws-sdk/middleware-flexible-checksums@3.974.31": {
      "integrity": "sha512-Yzj6NRYVZdBaCp7o1BwHGyeDBfixdeToLIAMprshIITEdl9wKVSiidVOfeaiH8FyeC1hBmBfDZFvs/aH1Y3xpw==",
      "dependencies": [
        "@aws-sdk/checksums",
        "tslib"
      ]
    },
    "@aws-sdk/middleware-sdk-s3@3.972.65": {
      "integrity": "sha512-udwNhRfDTfCB98mAHjjgsnKQlxygB4e0X+Obne/XjJpvVsF0YCQC8ZErd/8Z6IPoLQjtiKHzwqEDbZiLrJEnOg==",
      "dependencies": [
        "@aws-sdk/core",
        "@aws-sdk/signature-v4-multi-region",
        "@aws-sdk/types",
        "@smithy/core",
        "@smithy/types",
        "tslib"
      ]
    },
    "@aws-sdk/nested-clients@3.997.34": {
      "integrity": "sha512-Y9REVrSwmLM+Qy6sZJ7ofMC2S3Hr3tPP/4CzL5U1olPP7OGoF+6+Px0E49cVQBtSxJtyeLJMf0UaBErfeSahAA==",
      "dependencies": [
        "@aws-sdk/core",
        "@aws-sdk/signature-v4-multi-region",
        "@aws-sdk/types",
        "@smithy/core",
        "@smithy/fetch-http-handler",
        "@smithy/node-http-handler",
        "@smithy/types",
        "tslib"
      ]
    },
    "@aws-sdk/signature-v4-multi-region@3.996.41": {
      "integrity": "sha512-QMUytg+FQMGouc8gHS00KoYih3+N6cqmVI/pQGOIo7Nr7OpQaiXjSYOuL+vsPZ1tymY4LAQ8MYcHJmws5LRxng==",
      "dependencies": [
        "@aws-sdk/types",
        "@smithy/signature-v4",
        "@smithy/types",
        "tslib"
      ]
    },
    "@aws-sdk/token-providers@3.1092.0": {
      "integrity": "sha512-hBYUAr6iBLNFcsiWTgtBb0stdSw39VOUq4Sp4A5caCNf66BAZplWN4FleKrVpJx5li2YgdnK2DqoFSMWC642FQ==",
      "dependencies": [
        "@aws-sdk/core",
        "@aws-sdk/nested-clients",
        "@aws-sdk/types",
        "@smithy/core",
        "@smithy/types",
        "tslib"
      ]
    },
    "@aws-sdk/types@3.974.2": {
      "integrity": "sha512-3W6IUtSxFbH6X7Wb7DzGCV5QiFQsd0g8bOfntpmDxQlzBoKWUMBu/JPQR0DwkE+Hpnxd6db1tXbOwdeHddG6cA==",
      "dependencies": [
        "@smithy/types",
        "tslib"
      ]
    },
    "@aws-sdk/util-locate-window@3.965.7": {
      "integrity": "sha512-M0D6oIpohdNHjc7udzTHEQyot0+0iuA36jc2I9Hps+f/GtKi2HO/pyijQnCnNcwZqLB5+rtn81z3eZK/GyjAmA==",
      "dependencies": [
        "tslib"
      ]
    },
    "@aws-sdk/xml-builder@3.972.36": {
      "integrity": "sha512-RdGmS1GLrtaTOLE1ElSluMldNrpk9Emq6uYs8SS8iHlu5xTAmM9rRkM91o48+rIRryBtyO9t+uLYCoMG6jVMVA==",
      "dependencies": [
        "@smithy/types",
        "tslib"
      ]
    },
    "@aws/lambda-invoke-store@0.3.0": {
      "integrity": "sha512-sl4Bm6yiMNYrZKkqqDFWN0UfnWhlS8ivKxrYl+6t0gCLrqr8y3B2IqZZbFRkfaVVp7C/baApyh71P+LeE1A2sQ=="
    },
    "@smithy/core@3.29.6": {
      "integrity": "sha512-TO3w25cdGWBeYqKNDaqH3v4O3jjMPpKwf39YlG5X5xhqWfpOWJbi5gQi1lrllukuwohdhY0TPB8jBEv6UC50Vg==",
      "dependencies": [
        "@smithy/types",
        "tslib"
      ]
    },
    "@smithy/credential-provider-imds@4.4.11": {
      "integrity": "sha512-6CUvZwS0tCcVCrcvh2TpwTXxmAkuY6JGNPeKODYRLjHtUUhFLGS3dNkNdRvT/ttJyqimqnhFMTS2nqp4pDZ7oQ==",
      "dependencies": [
        "@smithy/core",
        "@smithy/types",
        "tslib"
      ]
    },
    "@smithy/fetch-http-handler@5.6.8": {
      "integrity": "sha512-AFuLou893FesRZeQcKMh87P9x4PF2/ksPOYLLI1ctW7WJxm55SWInFSHAhaNRBPBmbgZyUcCCDKepBX+1jZBBw==",
      "dependencies": [
        "@smithy/core",
        "@smithy/types",
        "tslib"
      ]
    },
    "@smithy/is-array-buffer@2.2.0": {
      "integrity": "sha512-GGP3O9QFD24uGeAXYUjwSTXARoqpZykHadOmA8G5vfJPK0/DC67qa//0qvqrJzL1xc8WQWX7/yc7fwudjPHPhA==",
      "dependencies": [
        "tslib"
      ]
    },
    "@smithy/node-http-handler@4.9.8": {
      "integrity": "sha512-ArSSIN4t1wLutcIkHzaL6N11J7xpZK7W3T0pFz9cep9zIpEr9x5+lhJRcVUgObGI3OIMbnROq7w8bwzx+Nkf8A==",
      "dependencies": [
        "@smithy/core",
        "@smithy/types",
        "tslib"
      ]
    },
    "@smithy/signature-v4@5.6.7": {
      "integrity": "sha512-32PmEsuZV9lz7SZk3gJcm+EfIAoIVu83AJyEzgALpwmSqLvuacdAu0fvCVNMbDbegyk1S0lHUDrMWIfR47Micw==",
      "dependencies": [
        "@smithy/core",
        "@smithy/types",
        "tslib"
      ]
    },
    "@smithy/types@4.16.1": {
      "integrity": "sha512-0JFs3V2y2M9tKW5na/qxe69Zv+uxLMO7QBbhxF/FHu/Gp2NFZAAL9tWl9PU02xxo07pb3G9FTyjNc6D5uZrJIg==",
      "dependencies": [
        "tslib"
      ]
    },
    "@smithy/util-buffer-from@2.2.0": {
      "integrity": "sha512-IJdWBbTcMQ6DA0gdNhh/BwrLkDR+ADW5Kr1aZmd4k3DIF6ezMV4R2NIAmT08wQJ3yUK82thHWmC/TnK/wpMMIA==",
      "dependencies": [
        "@smithy/is-array-buffer",
        "tslib"
      ]
    },
    "@smithy/util-utf8@2.3.0": {
      "integrity": "sha512-R8Rdn8Hy72KKcebgLiv8jQcQkXoLMOGGv5uI1/k0l+snqkOzQ1R0ChUBCxWMlBsFMekWjq0wRudIweFs7sKT5A==",
      "dependencies": [
        "@smithy/util-buffer-from",
        "tslib"
      ]
    },
    "bowser@2.14.1": {
      "integrity": "sha512-tzPjzCxygAKWFOJP011oxFHs57HzIhOEracIgAePE4pqB3LikALKnSzUyU4MGs9/iCEUuHlAJTjTc5M+u7YEGg=="
    },
    "tslib@2.8.1": {
      "integrity": "sha512-oJFu94HQb+KVduSUQL7wnpmqnfmLsOA/nAh6b6EH0wCEoK0/mPeXU6c3wKDV83MkOuHPRHtSXKKU99IBazS/2w=="
    }
  },
  "workspace": {
    "dependencies": [
      "jsr:@std/assert@1.0.19",
      "jsr:@systeminit/swamp-testing@0.20260504.10",
      "npm:@aws-sdk/client-bedrock-agentcore@3.1091.0",
      "npm:@aws-sdk/client-s3@3.1091.0"
    ]
  }
}
